
Microsoft Visual Studio Solution File, Format Version 12.00
# Visual Studio Version 17
VisualStudioVersion = 17.0.32014.148
MinimumVisualStudioVersion = 10.0.40219.1
Project("{9A19103F-16F7-4668-BE54-9A1E7A4F7556}") = "Lem_CncCoreService", "Lem_CncCoreService.csproj", "{34F99E4B-03F0-4F37-A705-0AB380F9CABA}"
EndProject
Project("{2150E333-8FDC-42A3-9474-1A3956D46DE8}") = "Libraries", "Libraries", "{AE1576BC-6A7E-4C9D-A7A8-A02D41ADB41D}"
EndProject
Project("{2150E333-8FDC-42A3-9474-1A3956D46DE8}") = "Cnc Libraries", "Cnc Libraries", "{01BB5C64-082A-47AF-B005-56CD3E608C03}"
EndProject
Project("{9A19103F-16F7-4668-BE54-9A1E7A4F7556}") = "Lemoine.Cnc.CncAlarm", "..\..\Libraries\Lemoine.Cnc.CncAlarm\Lemoine.Cnc.CncAlarm.csproj", "{062F7E01-49F3-4A7C-886D-786E19BAFF4E}"
EndProject
Project("{9A19103F-16F7-4668-BE54-9A1E7A4F7556}") = "Lemoine.Cnc.Data", "..\..\Libraries\Lemoine.Cnc.Data\Lemoine.Cnc.Data.csproj", "{94633207-3267-4B6E-8670-50C1B25C40E8}"
EndProject
Project("{9A19103F-16F7-4668-BE54-9A1E7A4F7556}") = "Lemoine.Cnc.DataRepository", "..\..\Libraries\Lemoine.Cnc.DataRepository\Lemoine.Cnc.DataRepository.csproj", "{DA4101A8-0248-4124-B409-0880D15BFDB2}"
EndProject
Project("{9A19103F-16F7-4668-BE54-9A1E7A4F7556}") = "Lemoine.Cnc.Engine", "..\..\Lemoine.Cnc.Engine\Lemoine.Cnc.Engine.csproj", "{7029D38A-D940-4895-AF50-D82B0529752B}"
EndProject
Project("{2150E333-8FDC-42A3-9474-1A3956D46DE8}") = "Extensions", "Extensions", "{BAC199CB-B665-447A-BA76-380110C2353F}"
EndProject
Project("{9A19103F-16F7-4668-BE54-9A1E7A4F7556}") = "Lemoine.Extensions.Cnc", "..\..\Lemoine.Extensions.Cnc\Lemoine.Extensions.Cnc.csproj", "{37DFBBEC-36D7-4EB9-9637-6DFB4918B0FA}"
EndProject
Project("{9A19103F-16F7-4668-BE54-9A1E7A4F7556}") = "Lemoine.Business", "..\..\..\Libraries\Lemoine.Business\Lemoine.Business.csproj", "{94355DBD-9173-4169-9F54-608357DE105F}"
EndProject
Project("{9A19103F-16F7-4668-BE54-9A1E7A4F7556}") = "Lemoine.Core", "..\..\..\Libraries\Lemoine.Core\Lemoine.Core.csproj", "{43C2EE7C-B428-44A4-9923-9F8F2FA166EF}"
EndProject
Project("{9A19103F-16F7-4668-BE54-9A1E7A4F7556}") = "Lemoine.Core.TargetSpecific", "..\..\..\Libraries\Lemoine.Core.TargetSpecific\Lemoine.Core.TargetSpecific.csproj", "{B0D5FACE-6787-4ADF-B461-D8BCBFCDCB3B}"
EndProject
Project("{9A19103F-16F7-4668-BE54-9A1E7A4F7556}") = "Lemoine.ModelDAO", "..\..\..\Libraries\Lemoine.ModelDAO\Lemoine.ModelDAO.csproj", "{0BABB8E7-54B5-4B78-97D6-3FB8FA9D3273}"
EndProject
Project("{9A19103F-16F7-4668-BE54-9A1E7A4F7556}") = "Lemoine.Database", "..\..\..\Libraries\Lemoine.Database\Lemoine.Database.csproj", "{1CA835AB-B16E-42D0-8A3D-3D3C2D676EE3}"
EndProject
Project("{9A19103F-16F7-4668-BE54-9A1E7A4F7556}") = "Lemoine.DataRepository", "..\..\..\Libraries\Lemoine.DataRepository\Lemoine.DataRepository.csproj", "{8C31D83F-0186-4B52-B8B2-DA1EF6D224A8}"
EndProject
Project("{9A19103F-16F7-4668-BE54-9A1E7A4F7556}") = "Lemoine.Extensions", "..\..\..\Libraries\Lemoine.Extensions\Lemoine.Extensions.csproj", "{C4ABE22C-A04C-4B60-82F4-F6151A3E7859}"
EndProject
Project("{9A19103F-16F7-4668-BE54-9A1E7A4F7556}") = "Lemoine.NHibernate", "..\..\..\Libraries\Lemoine.NHibernate\Lemoine.NHibernate.csproj", "{A0398C5D-5102-479D-BD1E-20CC49EE5D54}"
EndProject
Project("{9A19103F-16F7-4668-BE54-9A1E7A4F7556}") = "Lemoine.Extensions.Business", "..\..\..\Libraries\Lemoine.Extensions.Business\Lemoine.Extensions.Business.csproj", "{E26878EF-69FB-4107-8F27-0E3C908B1B81}"
EndProject
Project("{9A19103F-16F7-4668-BE54-9A1E7A4F7556}") = "Lemoine.Extensions.Database", "..\..\..\Libraries\Lemoine.Extensions.Database\Lemoine.Extensions.Database.csproj", "{A9E0F33A-F47F-43B9-A09A-EE2B141B2FE5}"
EndProject
Project("{9A19103F-16F7-4668-BE54-9A1E7A4F7556}") = "Lemoine.Cnc.ICncModule", "..\..\Lemoine.Cnc.ICncModule\Lemoine.Cnc.ICncModule.csproj", "{DC5C4972-49BB-44D0-8D63-2EE39F05C9BB}"
EndProject
Project("{9A19103F-16F7-4668-BE54-9A1E7A4F7556}") = "Lemoine.Core.Extensions", "..\..\..\Libraries\Lemoine.Core.Extensions\Lemoine.Core.Extensions.csproj", "{EACB82AD-5CC0-40C2-9C37-8CBAB5D22550}"
EndProject
Project("{9A19103F-16F7-4668-BE54-9A1E7A4F7556}") = "Lemoine.ServiceCore", "..\..\..\Libraries\Lemoine.ServiceCore\Lemoine.ServiceCore.csproj", "{184D8146-6405-4575-8CFC-E3537DBF4A8C}"
EndProject
Project("{2150E333-8FDC-42A3-9474-1A3956D46DE8}") = "UnitTests", "UnitTests", "{B5D74DE9-8874-4E90-9528-6B9038425D26}"
EndProject
Project("{6EC3EE1D-3C4E-46DD-8F32-0CC8E7565705}") = "Lemoine.FSharp", "..\..\..\Libraries\Lemoine.FSharp\Lemoine.FSharp.fsproj", "{76B3F816-9737-4BD4-959D-5C6A9BC2B09C}"
EndProject
Project("{9A19103F-16F7-4668-BE54-9A1E7A4F7556}") = "Lemoine.Extensions.AutoReason", "..\..\..\AutoReason\Lemoine.Extensions.AutoReason\Lemoine.Extensions.AutoReason.csproj", "{49D4FF9F-EF12-43E8-95FA-10A4362B32EA}"
EndProject
Project("{9A19103F-16F7-4668-BE54-9A1E7A4F7556}") = "Lemoine.Extensions.Analysis", "..\..\..\Analysis\Lemoine.Extensions.Analysis\Lemoine.Extensions.Analysis.csproj", "{EF5CC268-E963-4503-B835-113D97315F11}"
EndProject
Project("{9A19103F-16F7-4668-BE54-9A1E7A4F7556}") = "Lemoine.Extensions.Web", "..\..\..\Web\Lemoine.Extensions.Web\Lemoine.Extensions.Web.csproj", "{8AD5A833-F6A3-4CE3-8D68-42B941C9977A}"
EndProject
Project("{9A19103F-16F7-4668-BE54-9A1E7A4F7556}") = "Lemoine.Extensions.Alert", "..\..\..\Alert\Lemoine.Extensions.Alert\Lemoine.Extensions.Alert.csproj", "{BC329317-6E44-4844-AB65-BBA561915511}"
EndProject
Project("{9A19103F-16F7-4668-BE54-9A1E7A4F7556}") = "Lemoine.Conversion.UnitTests", "..\..\..\UnitTests\Lemoine.Conversion.UnitTests\Lemoine.Conversion.UnitTests.csproj", "{6C4234F1-F011-41E4-968F-0F2DC162077C}"
EndProject
Project("{9A19103F-16F7-4668-BE54-9A1E7A4F7556}") = "Pulse.Database", "..\..\..\Libraries\Pulse.Database\Pulse.Database.csproj", "{B5F21BC4-E12F-498D-87B3-BD382A01F458}"
EndProject
Project("{9A19103F-16F7-4668-BE54-9A1E7A4F7556}") = "Pulse.Extensions", "..\..\..\Libraries\Pulse.Extensions\Pulse.Extensions.csproj", "{B64AC87A-6256-492C-BA28-8C4595D49F9D}"
EndProject
Project("{9A19103F-16F7-4668-BE54-9A1E7A4F7556}") = "Pulse.Hosting", "..\..\..\Libraries\Pulse.Hosting\Pulse.Hosting.csproj", "{2DA3AA0C-A59B-4C20-B828-89B364F44736}"
EndProject
Project("{9A19103F-16F7-4668-BE54-9A1E7A4F7556}") = "Pulse.Extensions.Business", "..\..\..\Libraries\Pulse.Extensions.Business\Pulse.Extensions.Business.csproj", "{CBEE1293-2B05-4C49-B553-7FD31A8ECAFF}"
EndProject
Project("{9A19103F-16F7-4668-BE54-9A1E7A4F7556}") = "Pulse.Extensions.Database", "..\..\..\Libraries\Pulse.Extensions.Database\Pulse.Extensions.Database.csproj", "{921E41E2-0534-4F4C-98D6-0A1CC482ECD2}"
EndProject
Project("{9A19103F-16F7-4668-BE54-9A1E7A4F7556}") = "Lemoine.Hosting", "..\..\..\Libraries\Lemoine.Hosting\Lemoine.Hosting.csproj", "{2FDC5F78-E5AA-4B90-AC76-24FE5F7606B2}"
EndProject
Project("{9A19103F-16F7-4668-BE54-9A1E7A4F7556}") = "Lemoine.Cnc.SQLiteQueue", "..\..\Libraries\Lemoine.Cnc.SQLiteQueue\Lemoine.Cnc.SQLiteQueue.csproj", "{1B3536E7-69DE-4A40-A948-843F44E41792}"
EndProject
Global
	GlobalSection(SolutionConfigurationPlatforms) = preSolution
		Debug|Any CPU = Debug|Any CPU
		Debug|x64 = Debug|x64
		Debug|x86 = Debug|x86
		Release|Any CPU = Release|Any CPU
		Release|x64 = Release|x64
		Release|x86 = Release|x86
		VS|Any CPU = VS|Any CPU
		VS|x64 = VS|x64
		VS|x86 = VS|x86
	EndGlobalSection
	GlobalSection(ProjectConfigurationPlatforms) = postSolution
		{34F99E4B-03F0-4F37-A705-0AB380F9CABA}.Debug|Any CPU.ActiveCfg = Debug|x86
		{34F99E4B-03F0-4F37-A705-0AB380F9CABA}.Debug|Any CPU.Build.0 = Debug|x86
		{34F99E4B-03F0-4F37-A705-0AB380F9CABA}.Debug|x64.ActiveCfg = Debug|x64
		{34F99E4B-03F0-4F37-A705-0AB380F9CABA}.Debug|x64.Build.0 = Debug|x64
		{34F99E4B-03F0-4F37-A705-0AB380F9CABA}.Debug|x86.ActiveCfg = Debug|x86
		{34F99E4B-03F0-4F37-A705-0AB380F9CABA}.Debug|x86.Build.0 = Debug|x86
		{34F99E4B-03F0-4F37-A705-0AB380F9CABA}.Release|Any CPU.ActiveCfg = Release|x86
		{34F99E4B-03F0-4F37-A705-0AB380F9CABA}.Release|x64.ActiveCfg = Release|x64
		{34F99E4B-03F0-4F37-A705-0AB380F9CABA}.Release|x64.Build.0 = Release|x64
		{34F99E4B-03F0-4F37-A705-0AB380F9CABA}.Release|x86.ActiveCfg = Release|x86
		{34F99E4B-03F0-4F37-A705-0AB380F9CABA}.Release|x86.Build.0 = Release|x86
		{34F99E4B-03F0-4F37-A705-0AB380F9CABA}.VS|Any CPU.ActiveCfg = VS|x86
		{34F99E4B-03F0-4F37-A705-0AB380F9CABA}.VS|Any CPU.Build.0 = VS|x86
		{34F99E4B-03F0-4F37-A705-0AB380F9CABA}.VS|x64.ActiveCfg = VS|x64
		{34F99E4B-03F0-4F37-A705-0AB380F9CABA}.VS|x64.Build.0 = VS|x64
		{34F99E4B-03F0-4F37-A705-0AB380F9CABA}.VS|x86.ActiveCfg = VS|x86
		{34F99E4B-03F0-4F37-A705-0AB380F9CABA}.VS|x86.Build.0 = VS|x86
		{062F7E01-49F3-4A7C-886D-786E19BAFF4E}.Debug|Any CPU.ActiveCfg = Debug|Any CPU
		{062F7E01-49F3-4A7C-886D-786E19BAFF4E}.Debug|Any CPU.Build.0 = Debug|Any CPU
		{062F7E01-49F3-4A7C-886D-786E19BAFF4E}.Debug|x64.ActiveCfg = Debug|Any CPU
		{062F7E01-49F3-4A7C-886D-786E19BAFF4E}.Debug|x64.Build.0 = Debug|Any CPU
		{062F7E01-49F3-4A7C-886D-786E19BAFF4E}.Debug|x86.ActiveCfg = Debug|Any CPU
		{062F7E01-49F3-4A7C-886D-786E19BAFF4E}.Debug|x86.Build.0 = Debug|Any CPU
		{062F7E01-49F3-4A7C-886D-786E19BAFF4E}.Release|Any CPU.ActiveCfg = Release|Any CPU
		{062F7E01-49F3-4A7C-886D-786E19BAFF4E}.Release|Any CPU.Build.0 = Release|Any CPU
		{062F7E01-49F3-4A7C-886D-786E19BAFF4E}.Release|x64.ActiveCfg = Release|Any CPU
		{062F7E01-49F3-4A7C-886D-786E19BAFF4E}.Release|x64.Build.0 = Release|Any CPU
		{062F7E01-49F3-4A7C-886D-786E19BAFF4E}.Release|x86.ActiveCfg = Release|Any CPU
		{062F7E01-49F3-4A7C-886D-786E19BAFF4E}.Release|x86.Build.0 = Release|Any CPU
		{062F7E01-49F3-4A7C-886D-786E19BAFF4E}.VS|Any CPU.ActiveCfg = VS|Any CPU
		{062F7E01-49F3-4A7C-886D-786E19BAFF4E}.VS|Any CPU.Build.0 = VS|Any CPU
		{062F7E01-49F3-4A7C-886D-786E19BAFF4E}.VS|x64.ActiveCfg = VS|Any CPU
		{062F7E01-49F3-4A7C-886D-786E19BAFF4E}.VS|x64.Build.0 = VS|Any CPU
		{062F7E01-49F3-4A7C-886D-786E19BAFF4E}.VS|x86.ActiveCfg = VS|Any CPU
		{062F7E01-49F3-4A7C-886D-786E19BAFF4E}.VS|x86.Build.0 = VS|Any CPU
		{94633207-3267-4B6E-8670-50C1B25C40E8}.Debug|Any CPU.ActiveCfg = Debug|Any CPU
		{94633207-3267-4B6E-8670-50C1B25C40E8}.Debug|Any CPU.Build.0 = Debug|Any CPU
		{94633207-3267-4B6E-8670-50C1B25C40E8}.Debug|x64.ActiveCfg = Debug|Any CPU
		{94633207-3267-4B6E-8670-50C1B25C40E8}.Debug|x64.Build.0 = Debug|Any CPU
		{94633207-3267-4B6E-8670-50C1B25C40E8}.Debug|x86.ActiveCfg = Debug|Any CPU
		{94633207-3267-4B6E-8670-50C1B25C40E8}.Debug|x86.Build.0 = Debug|Any CPU
		{94633207-3267-4B6E-8670-50C1B25C40E8}.Release|Any CPU.ActiveCfg = Release|Any CPU
		{94633207-3267-4B6E-8670-50C1B25C40E8}.Release|Any CPU.Build.0 = Release|Any CPU
		{94633207-3267-4B6E-8670-50C1B25C40E8}.Release|x64.ActiveCfg = Release|Any CPU
		{94633207-3267-4B6E-8670-50C1B25C40E8}.Release|x64.Build.0 = Release|Any CPU
		{94633207-3267-4B6E-8670-50C1B25C40E8}.Release|x86.ActiveCfg = Release|Any CPU
		{94633207-3267-4B6E-8670-50C1B25C40E8}.Release|x86.Build.0 = Release|Any CPU
		{94633207-3267-4B6E-8670-50C1B25C40E8}.VS|Any CPU.ActiveCfg = VS|Any CPU
		{94633207-3267-4B6E-8670-50C1B25C40E8}.VS|Any CPU.Build.0 = VS|Any CPU
		{94633207-3267-4B6E-8670-50C1B25C40E8}.VS|x64.ActiveCfg = VS|Any CPU
		{94633207-3267-4B6E-8670-50C1B25C40E8}.VS|x64.Build.0 = VS|Any CPU
		{94633207-3267-4B6E-8670-50C1B25C40E8}.VS|x86.ActiveCfg = VS|Any CPU
		{94633207-3267-4B6E-8670-50C1B25C40E8}.VS|x86.Build.0 = VS|Any CPU
		{DA4101A8-0248-4124-B409-0880D15BFDB2}.Debug|Any CPU.ActiveCfg = Debug|Any CPU
		{DA4101A8-0248-4124-B409-0880D15BFDB2}.Debug|Any CPU.Build.0 = Debug|Any CPU
		{DA4101A8-0248-4124-B409-0880D15BFDB2}.Debug|x64.ActiveCfg = Debug|Any CPU
		{DA4101A8-0248-4124-B409-0880D15BFDB2}.Debug|x64.Build.0 = Debug|Any CPU
		{DA4101A8-0248-4124-B409-0880D15BFDB2}.Debug|x86.ActiveCfg = Debug|Any CPU
		{DA4101A8-0248-4124-B409-0880D15BFDB2}.Debug|x86.Build.0 = Debug|Any CPU
		{DA4101A8-0248-4124-B409-0880D15BFDB2}.Release|Any CPU.ActiveCfg = Release|Any CPU
		{DA4101A8-0248-4124-B409-0880D15BFDB2}.Release|Any CPU.Build.0 = Release|Any CPU
		{DA4101A8-0248-4124-B409-0880D15BFDB2}.Release|x64.ActiveCfg = Release|Any CPU
		{DA4101A8-0248-4124-B409-0880D15BFDB2}.Release|x64.Build.0 = Release|Any CPU
		{DA4101A8-0248-4124-B409-0880D15BFDB2}.Release|x86.ActiveCfg = Release|Any CPU
		{DA4101A8-0248-4124-B409-0880D15BFDB2}.Release|x86.Build.0 = Release|Any CPU
		{DA4101A8-0248-4124-B409-0880D15BFDB2}.VS|Any CPU.ActiveCfg = VS|Any CPU
		{DA4101A8-0248-4124-B409-0880D15BFDB2}.VS|Any CPU.Build.0 = VS|Any CPU
		{DA4101A8-0248-4124-B409-0880D15BFDB2}.VS|x64.ActiveCfg = VS|Any CPU
		{DA4101A8-0248-4124-B409-0880D15BFDB2}.VS|x64.Build.0 = VS|Any CPU
		{DA4101A8-0248-4124-B409-0880D15BFDB2}.VS|x86.ActiveCfg = VS|Any CPU
		{DA4101A8-0248-4124-B409-0880D15BFDB2}.VS|x86.Build.0 = VS|Any CPU
		{7029D38A-D940-4895-AF50-D82B0529752B}.Debug|Any CPU.ActiveCfg = Debug|Any CPU
		{7029D38A-D940-4895-AF50-D82B0529752B}.Debug|Any CPU.Build.0 = Debug|Any CPU
		{7029D38A-D940-4895-AF50-D82B0529752B}.Debug|x64.ActiveCfg = Debug|Any CPU
		{7029D38A-D940-4895-AF50-D82B0529752B}.Debug|x64.Build.0 = Debug|Any CPU
		{7029D38A-D940-4895-AF50-D82B0529752B}.Debug|x86.ActiveCfg = Debug|Any CPU
		{7029D38A-D940-4895-AF50-D82B0529752B}.Debug|x86.Build.0 = Debug|Any CPU
		{7029D38A-D940-4895-AF50-D82B0529752B}.Release|Any CPU.ActiveCfg = Release|Any CPU
		{7029D38A-D940-4895-AF50-D82B0529752B}.Release|Any CPU.Build.0 = Release|Any CPU
		{7029D38A-D940-4895-AF50-D82B0529752B}.Release|x64.ActiveCfg = Release|Any CPU
		{7029D38A-D940-4895-AF50-D82B0529752B}.Release|x64.Build.0 = Release|Any CPU
		{7029D38A-D940-4895-AF50-D82B0529752B}.Release|x86.ActiveCfg = Release|Any CPU
		{7029D38A-D940-4895-AF50-D82B0529752B}.Release|x86.Build.0 = Release|Any CPU
		{7029D38A-D940-4895-AF50-D82B0529752B}.VS|Any CPU.ActiveCfg = VS|Any CPU
		{7029D38A-D940-4895-AF50-D82B0529752B}.VS|Any CPU.Build.0 = VS|Any CPU
		{7029D38A-D940-4895-AF50-D82B0529752B}.VS|x64.ActiveCfg = VS|Any CPU
		{7029D38A-D940-4895-AF50-D82B0529752B}.VS|x64.Build.0 = VS|Any CPU
		{7029D38A-D940-4895-AF50-D82B0529752B}.VS|x86.ActiveCfg = VS|Any CPU
		{7029D38A-D940-4895-AF50-D82B0529752B}.VS|x86.Build.0 = VS|Any CPU
		{37DFBBEC-36D7-4EB9-9637-6DFB4918B0FA}.Debug|Any CPU.ActiveCfg = Debug|Any CPU
		{37DFBBEC-36D7-4EB9-9637-6DFB4918B0FA}.Debug|Any CPU.Build.0 = Debug|Any CPU
		{37DFBBEC-36D7-4EB9-9637-6DFB4918B0FA}.Debug|x64.ActiveCfg = Debug|Any CPU
		{37DFBBEC-36D7-4EB9-9637-6DFB4918B0FA}.Debug|x64.Build.0 = Debug|Any CPU
		{37DFBBEC-36D7-4EB9-9637-6DFB4918B0FA}.Debug|x86.ActiveCfg = Debug|Any CPU
		{37DFBBEC-36D7-4EB9-9637-6DFB4918B0FA}.Debug|x86.Build.0 = Debug|Any CPU
		{37DFBBEC-36D7-4EB9-9637-6DFB4918B0FA}.Release|Any CPU.ActiveCfg = Release|Any CPU
		{37DFBBEC-36D7-4EB9-9637-6DFB4918B0FA}.Release|Any CPU.Build.0 = Release|Any CPU
		{37DFBBEC-36D7-4EB9-9637-6DFB4918B0FA}.Release|x64.ActiveCfg = Release|Any CPU
		{37DFBBEC-36D7-4EB9-9637-6DFB4918B0FA}.Release|x64.Build.0 = Release|Any CPU
		{37DFBBEC-36D7-4EB9-9637-6DFB4918B0FA}.Release|x86.ActiveCfg = Release|Any CPU
		{37DFBBEC-36D7-4EB9-9637-6DFB4918B0FA}.Release|x86.Build.0 = Release|Any CPU
		{37DFBBEC-36D7-4EB9-9637-6DFB4918B0FA}.VS|Any CPU.ActiveCfg = VS|Any CPU
		{37DFBBEC-36D7-4EB9-9637-6DFB4918B0FA}.VS|Any CPU.Build.0 = VS|Any CPU
		{37DFBBEC-36D7-4EB9-9637-6DFB4918B0FA}.VS|x64.ActiveCfg = VS|Any CPU
		{37DFBBEC-36D7-4EB9-9637-6DFB4918B0FA}.VS|x64.Build.0 = VS|Any CPU
		{37DFBBEC-36D7-4EB9-9637-6DFB4918B0FA}.VS|x86.ActiveCfg = VS|Any CPU
		{37DFBBEC-36D7-4EB9-9637-6DFB4918B0FA}.VS|x86.Build.0 = VS|Any CPU
		{94355DBD-9173-4169-9F54-608357DE105F}.Debug|Any CPU.ActiveCfg = Debug|Any CPU
		{94355DBD-9173-4169-9F54-608357DE105F}.Debug|Any CPU.Build.0 = Debug|Any CPU
		{94355DBD-9173-4169-9F54-608357DE105F}.Debug|x64.ActiveCfg = Debug|Any CPU
		{94355DBD-9173-4169-9F54-608357DE105F}.Debug|x64.Build.0 = Debug|Any CPU
		{94355DBD-9173-4169-9F54-608357DE105F}.Debug|x86.ActiveCfg = Debug|Any CPU
		{94355DBD-9173-4169-9F54-608357DE105F}.Debug|x86.Build.0 = Debug|Any CPU
		{94355DBD-9173-4169-9F54-608357DE105F}.Release|Any CPU.ActiveCfg = Release|Any CPU
		{94355DBD-9173-4169-9F54-608357DE105F}.Release|Any CPU.Build.0 = Release|Any CPU
		{94355DBD-9173-4169-9F54-608357DE105F}.Release|x64.ActiveCfg = Release|Any CPU
		{94355DBD-9173-4169-9F54-608357DE105F}.Release|x64.Build.0 = Release|Any CPU
		{94355DBD-9173-4169-9F54-608357DE105F}.Release|x86.ActiveCfg = Release|Any CPU
		{94355DBD-9173-4169-9F54-608357DE105F}.Release|x86.Build.0 = Release|Any CPU
		{94355DBD-9173-4169-9F54-608357DE105F}.VS|Any CPU.ActiveCfg = VS|Any CPU
		{94355DBD-9173-4169-9F54-608357DE105F}.VS|Any CPU.Build.0 = VS|Any CPU
		{94355DBD-9173-4169-9F54-608357DE105F}.VS|x64.ActiveCfg = VS|Any CPU
		{94355DBD-9173-4169-9F54-608357DE105F}.VS|x64.Build.0 = VS|Any CPU
		{94355DBD-9173-4169-9F54-608357DE105F}.VS|x86.ActiveCfg = VS|Any CPU
		{94355DBD-9173-4169-9F54-608357DE105F}.VS|x86.Build.0 = VS|Any CPU
		{43C2EE7C-B428-44A4-9923-9F8F2FA166EF}.Debug|Any CPU.ActiveCfg = Debug|Any CPU
		{43C2EE7C-B428-44A4-9923-9F8F2FA166EF}.Debug|Any CPU.Build.0 = Debug|Any CPU
		{43C2EE7C-B428-44A4-9923-9F8F2FA166EF}.Debug|x64.ActiveCfg = Debug|Any CPU
		{43C2EE7C-B428-44A4-9923-9F8F2FA166EF}.Debug|x64.Build.0 = Debug|Any CPU
		{43C2EE7C-B428-44A4-9923-9F8F2FA166EF}.Debug|x86.ActiveCfg = Debug|Any CPU
		{43C2EE7C-B428-44A4-9923-9F8F2FA166EF}.Debug|x86.Build.0 = Debug|Any CPU
		{43C2EE7C-B428-44A4-9923-9F8F2FA166EF}.Release|Any CPU.ActiveCfg = Release|Any CPU
		{43C2EE7C-B428-44A4-9923-9F8F2FA166EF}.Release|Any CPU.Build.0 = Release|Any CPU
		{43C2EE7C-B428-44A4-9923-9F8F2FA166EF}.Release|x64.ActiveCfg = Release|Any CPU
		{43C2EE7C-B428-44A4-9923-9F8F2FA166EF}.Release|x64.Build.0 = Release|Any CPU
		{43C2EE7C-B428-44A4-9923-9F8F2FA166EF}.Release|x86.ActiveCfg = Release|Any CPU
		{43C2EE7C-B428-44A4-9923-9F8F2FA166EF}.Release|x86.Build.0 = Release|Any CPU
		{43C2EE7C-B428-44A4-9923-9F8F2FA166EF}.VS|Any CPU.ActiveCfg = VS|Any CPU
		{43C2EE7C-B428-44A4-9923-9F8F2FA166EF}.VS|Any CPU.Build.0 = VS|Any CPU
		{43C2EE7C-B428-44A4-9923-9F8F2FA166EF}.VS|x64.ActiveCfg = VS|Any CPU
		{43C2EE7C-B428-44A4-9923-9F8F2FA166EF}.VS|x64.Build.0 = VS|Any CPU
		{43C2EE7C-B428-44A4-9923-9F8F2FA166EF}.VS|x86.ActiveCfg = VS|Any CPU
		{43C2EE7C-B428-44A4-9923-9F8F2FA166EF}.VS|x86.Build.0 = VS|Any CPU
		{B0D5FACE-6787-4ADF-B461-D8BCBFCDCB3B}.Debug|Any CPU.ActiveCfg = Debug|Any CPU
		{B0D5FACE-6787-4ADF-B461-D8BCBFCDCB3B}.Debug|Any CPU.Build.0 = Debug|Any CPU
		{B0D5FACE-6787-4ADF-B461-D8BCBFCDCB3B}.Debug|x64.ActiveCfg = Debug|Any CPU
		{B0D5FACE-6787-4ADF-B461-D8BCBFCDCB3B}.Debug|x64.Build.0 = Debug|Any CPU
		{B0D5FACE-6787-4ADF-B461-D8BCBFCDCB3B}.Debug|x86.ActiveCfg = Debug|Any CPU
		{B0D5FACE-6787-4ADF-B461-D8BCBFCDCB3B}.Debug|x86.Build.0 = Debug|Any CPU
		{B0D5FACE-6787-4ADF-B461-D8BCBFCDCB3B}.Release|Any CPU.ActiveCfg = Release|Any CPU
		{B0D5FACE-6787-4ADF-B461-D8BCBFCDCB3B}.Release|Any CPU.Build.0 = Release|Any CPU
		{B0D5FACE-6787-4ADF-B461-D8BCBFCDCB3B}.Release|x64.ActiveCfg = Release|Any CPU
		{B0D5FACE-6787-4ADF-B461-D8BCBFCDCB3B}.Release|x64.Build.0 = Release|Any CPU
		{B0D5FACE-6787-4ADF-B461-D8BCBFCDCB3B}.Release|x86.ActiveCfg = Release|Any CPU
		{B0D5FACE-6787-4ADF-B461-D8BCBFCDCB3B}.Release|x86.Build.0 = Release|Any CPU
		{B0D5FACE-6787-4ADF-B461-D8BCBFCDCB3B}.VS|Any CPU.ActiveCfg = VS|Any CPU
		{B0D5FACE-6787-4ADF-B461-D8BCBFCDCB3B}.VS|Any CPU.Build.0 = VS|Any CPU
		{B0D5FACE-6787-4ADF-B461-D8BCBFCDCB3B}.VS|x64.ActiveCfg = VS|Any CPU
		{B0D5FACE-6787-4ADF-B461-D8BCBFCDCB3B}.VS|x64.Build.0 = VS|Any CPU
		{B0D5FACE-6787-4ADF-B461-D8BCBFCDCB3B}.VS|x86.ActiveCfg = VS|Any CPU
		{B0D5FACE-6787-4ADF-B461-D8BCBFCDCB3B}.VS|x86.Build.0 = VS|Any CPU
		{0BABB8E7-54B5-4B78-97D6-3FB8FA9D3273}.Debug|Any CPU.ActiveCfg = Debug|Any CPU
		{0BABB8E7-54B5-4B78-97D6-3FB8FA9D3273}.Debug|Any CPU.Build.0 = Debug|Any CPU
		{0BABB8E7-54B5-4B78-97D6-3FB8FA9D3273}.Debug|x64.ActiveCfg = Debug|Any CPU
		{0BABB8E7-54B5-4B78-97D6-3FB8FA9D3273}.Debug|x64.Build.0 = Debug|Any CPU
		{0BABB8E7-54B5-4B78-97D6-3FB8FA9D3273}.Debug|x86.ActiveCfg = Debug|Any CPU
		{0BABB8E7-54B5-4B78-97D6-3FB8FA9D3273}.Debug|x86.Build.0 = Debug|Any CPU
		{0BABB8E7-54B5-4B78-97D6-3FB8FA9D3273}.Release|Any CPU.ActiveCfg = Release|Any CPU
		{0BABB8E7-54B5-4B78-97D6-3FB8FA9D3273}.Release|Any CPU.Build.0 = Release|Any CPU
		{0BABB8E7-54B5-4B78-97D6-3FB8FA9D3273}.Release|x64.ActiveCfg = Release|Any CPU
		{0BABB8E7-54B5-4B78-97D6-3FB8FA9D3273}.Release|x64.Build.0 = Release|Any CPU
		{0BABB8E7-54B5-4B78-97D6-3FB8FA9D3273}.Release|x86.ActiveCfg = Release|Any CPU
		{0BABB8E7-54B5-4B78-97D6-3FB8FA9D3273}.Release|x86.Build.0 = Release|Any CPU
		{0BABB8E7-54B5-4B78-97D6-3FB8FA9D3273}.VS|Any CPU.ActiveCfg = VS|Any CPU
		{0BABB8E7-54B5-4B78-97D6-3FB8FA9D3273}.VS|Any CPU.Build.0 = VS|Any CPU
		{0BABB8E7-54B5-4B78-97D6-3FB8FA9D3273}.VS|x64.ActiveCfg = VS|Any CPU
		{0BABB8E7-54B5-4B78-97D6-3FB8FA9D3273}.VS|x64.Build.0 = VS|Any CPU
		{0BABB8E7-54B5-4B78-97D6-3FB8FA9D3273}.VS|x86.ActiveCfg = VS|Any CPU
		{0BABB8E7-54B5-4B78-97D6-3FB8FA9D3273}.VS|x86.Build.0 = VS|Any CPU
		{1CA835AB-B16E-42D0-8A3D-3D3C2D676EE3}.Debug|Any CPU.ActiveCfg = Debug|Any CPU
		{1CA835AB-B16E-42D0-8A3D-3D3C2D676EE3}.Debug|Any CPU.Build.0 = Debug|Any CPU
		{1CA835AB-B16E-42D0-8A3D-3D3C2D676EE3}.Debug|x64.ActiveCfg = Debug|Any CPU
		{1CA835AB-B16E-42D0-8A3D-3D3C2D676EE3}.Debug|x64.Build.0 = Debug|Any CPU
		{1CA835AB-B16E-42D0-8A3D-3D3C2D676EE3}.Debug|x86.ActiveCfg = Debug|Any CPU
		{1CA835AB-B16E-42D0-8A3D-3D3C2D676EE3}.Debug|x86.Build.0 = Debug|Any CPU
		{1CA835AB-B16E-42D0-8A3D-3D3C2D676EE3}.Release|Any CPU.ActiveCfg = Release|Any CPU
		{1CA835AB-B16E-42D0-8A3D-3D3C2D676EE3}.Release|Any CPU.Build.0 = Release|Any CPU
		{1CA835AB-B16E-42D0-8A3D-3D3C2D676EE3}.Release|x64.ActiveCfg = Release|Any CPU
		{1CA835AB-B16E-42D0-8A3D-3D3C2D676EE3}.Release|x64.Build.0 = Release|Any CPU
		{1CA835AB-B16E-42D0-8A3D-3D3C2D676EE3}.Release|x86.ActiveCfg = Release|Any CPU
		{1CA835AB-B16E-42D0-8A3D-3D3C2D676EE3}.Release|x86.Build.0 = Release|Any CPU
		{1CA835AB-B16E-42D0-8A3D-3D3C2D676EE3}.VS|Any CPU.ActiveCfg = VS|Any CPU
		{1CA835AB-B16E-42D0-8A3D-3D3C2D676EE3}.VS|Any CPU.Build.0 = VS|Any CPU
		{1CA835AB-B16E-42D0-8A3D-3D3C2D676EE3}.VS|x64.ActiveCfg = VS|Any CPU
		{1CA835AB-B16E-42D0-8A3D-3D3C2D676EE3}.VS|x64.Build.0 = VS|Any CPU
		{1CA835AB-B16E-42D0-8A3D-3D3C2D676EE3}.VS|x86.ActiveCfg = VS|Any CPU
		{1CA835AB-B16E-42D0-8A3D-3D3C2D676EE3}.VS|x86.Build.0 = VS|Any CPU
		{8C31D83F-0186-4B52-B8B2-DA1EF6D224A8}.Debug|Any CPU.ActiveCfg = Debug|Any CPU
		{8C31D83F-0186-4B52-B8B2-DA1EF6D224A8}.Debug|Any CPU.Build.0 = Debug|Any CPU
		{8C31D83F-0186-4B52-B8B2-DA1EF6D224A8}.Debug|x64.ActiveCfg = Debug|Any CPU
		{8C31D83F-0186-4B52-B8B2-DA1EF6D224A8}.Debug|x64.Build.0 = Debug|Any CPU
		{8C31D83F-0186-4B52-B8B2-DA1EF6D224A8}.Debug|x86.ActiveCfg = Debug|Any CPU
		{8C31D83F-0186-4B52-B8B2-DA1EF6D224A8}.Debug|x86.Build.0 = Debug|Any CPU
		{8C31D83F-0186-4B52-B8B2-DA1EF6D224A8}.Release|Any CPU.ActiveCfg = Release|Any CPU
		{8C31D83F-0186-4B52-B8B2-DA1EF6D224A8}.Release|Any CPU.Build.0 = Release|Any CPU
		{8C31D83F-0186-4B52-B8B2-DA1EF6D224A8}.Release|x64.ActiveCfg = Release|Any CPU
		{8C31D83F-0186-4B52-B8B2-DA1EF6D224A8}.Release|x64.Build.0 = Release|Any CPU
		{8C31D83F-0186-4B52-B8B2-DA1EF6D224A8}.Release|x86.ActiveCfg = Release|Any CPU
		{8C31D83F-0186-4B52-B8B2-DA1EF6D224A8}.Release|x86.Build.0 = Release|Any CPU
		{8C31D83F-0186-4B52-B8B2-DA1EF6D224A8}.VS|Any CPU.ActiveCfg = VS|Any CPU
		{8C31D83F-0186-4B52-B8B2-DA1EF6D224A8}.VS|Any CPU.Build.0 = VS|Any CPU
		{8C31D83F-0186-4B52-B8B2-DA1EF6D224A8}.VS|x64.ActiveCfg = VS|Any CPU
		{8C31D83F-0186-4B52-B8B2-DA1EF6D224A8}.VS|x64.Build.0 = VS|Any CPU
		{8C31D83F-0186-4B52-B8B2-DA1EF6D224A8}.VS|x86.ActiveCfg = VS|Any CPU
		{8C31D83F-0186-4B52-B8B2-DA1EF6D224A8}.VS|x86.Build.0 = VS|Any CPU
		{C4ABE22C-A04C-4B60-82F4-F6151A3E7859}.Debug|Any CPU.ActiveCfg = Debug|Any CPU
		{C4ABE22C-A04C-4B60-82F4-F6151A3E7859}.Debug|Any CPU.Build.0 = Debug|Any CPU
		{C4ABE22C-A04C-4B60-82F4-F6151A3E7859}.Debug|x64.ActiveCfg = Debug|Any CPU
		{C4ABE22C-A04C-4B60-82F4-F6151A3E7859}.Debug|x64.Build.0 = Debug|Any CPU
		{C4ABE22C-A04C-4B60-82F4-F6151A3E7859}.Debug|x86.ActiveCfg = Debug|Any CPU
		{C4ABE22C-A04C-4B60-82F4-F6151A3E7859}.Debug|x86.Build.0 = Debug|Any CPU
		{C4ABE22C-A04C-4B60-82F4-F6151A3E7859}.Release|Any CPU.ActiveCfg = Release|Any CPU
		{C4ABE22C-A04C-4B60-82F4-F6151A3E7859}.Release|Any CPU.Build.0 = Release|Any CPU
		{C4ABE22C-A04C-4B60-82F4-F6151A3E7859}.Release|x64.ActiveCfg = Release|Any CPU
		{C4ABE22C-A04C-4B60-82F4-F6151A3E7859}.Release|x64.Build.0 = Release|Any CPU
		{C4ABE22C-A04C-4B60-82F4-F6151A3E7859}.Release|x86.ActiveCfg = Release|Any CPU
		{C4ABE22C-A04C-4B60-82F4-F6151A3E7859}.Release|x86.Build.0 = Release|Any CPU
		{C4ABE22C-A04C-4B60-82F4-F6151A3E7859}.VS|Any CPU.ActiveCfg = VS|Any CPU
		{C4ABE22C-A04C-4B60-82F4-F6151A3E7859}.VS|Any CPU.Build.0 = VS|Any CPU
		{C4ABE22C-A04C-4B60-82F4-F6151A3E7859}.VS|x64.ActiveCfg = VS|Any CPU
		{C4ABE22C-A04C-4B60-82F4-F6151A3E7859}.VS|x64.Build.0 = VS|Any CPU
		{C4ABE22C-A04C-4B60-82F4-F6151A3E7859}.VS|x86.ActiveCfg = VS|Any CPU
		{C4ABE22C-A04C-4B60-82F4-F6151A3E7859}.VS|x86.Build.0 = VS|Any CPU
		{A0398C5D-5102-479D-BD1E-20CC49EE5D54}.Debug|Any CPU.ActiveCfg = Debug|Any CPU
		{A0398C5D-5102-479D-BD1E-20CC49EE5D54}.Debug|Any CPU.Build.0 = Debug|Any CPU
		{A0398C5D-5102-479D-BD1E-20CC49EE5D54}.Debug|x64.ActiveCfg = Debug|Any CPU
		{A0398C5D-5102-479D-BD1E-20CC49EE5D54}.Debug|x64.Build.0 = Debug|Any CPU
		{A0398C5D-5102-479D-BD1E-20CC49EE5D54}.Debug|x86.ActiveCfg = Debug|Any CPU
		{A0398C5D-5102-479D-BD1E-20CC49EE5D54}.Debug|x86.Build.0 = Debug|Any CPU
		{A0398C5D-5102-479D-BD1E-20CC49EE5D54}.Release|Any CPU.ActiveCfg = Release|Any CPU
		{A0398C5D-5102-479D-BD1E-20CC49EE5D54}.Release|Any CPU.Build.0 = Release|Any CPU
		{A0398C5D-5102-479D-BD1E-20CC49EE5D54}.Release|x64.ActiveCfg = Release|Any CPU
		{A0398C5D-5102-479D-BD1E-20CC49EE5D54}.Release|x64.Build.0 = Release|Any CPU
		{A0398C5D-5102-479D-BD1E-20CC49EE5D54}.Release|x86.ActiveCfg = Release|Any CPU
		{A0398C5D-5102-479D-BD1E-20CC49EE5D54}.Release|x86.Build.0 = Release|Any CPU
		{A0398C5D-5102-479D-BD1E-20CC49EE5D54}.VS|Any CPU.ActiveCfg = VS|Any CPU
		{A0398C5D-5102-479D-BD1E-20CC49EE5D54}.VS|Any CPU.Build.0 = VS|Any CPU
		{A0398C5D-5102-479D-BD1E-20CC49EE5D54}.VS|x64.ActiveCfg = VS|Any CPU
		{A0398C5D-5102-479D-BD1E-20CC49EE5D54}.VS|x64.Build.0 = VS|Any CPU
		{A0398C5D-5102-479D-BD1E-20CC49EE5D54}.VS|x86.ActiveCfg = VS|Any CPU
		{A0398C5D-5102-479D-BD1E-20CC49EE5D54}.VS|x86.Build.0 = VS|Any CPU
		{E26878EF-69FB-4107-8F27-0E3C908B1B81}.Debug|Any CPU.ActiveCfg = Debug|Any CPU
		{E26878EF-69FB-4107-8F27-0E3C908B1B81}.Debug|Any CPU.Build.0 = Debug|Any CPU
		{E26878EF-69FB-4107-8F27-0E3C908B1B81}.Debug|x64.ActiveCfg = Debug|Any CPU
		{E26878EF-69FB-4107-8F27-0E3C908B1B81}.Debug|x64.Build.0 = Debug|Any CPU
		{E26878EF-69FB-4107-8F27-0E3C908B1B81}.Debug|x86.ActiveCfg = Debug|Any CPU
		{E26878EF-69FB-4107-8F27-0E3C908B1B81}.Debug|x86.Build.0 = Debug|Any CPU
		{E26878EF-69FB-4107-8F27-0E3C908B1B81}.Release|Any CPU.ActiveCfg = Release|Any CPU
		{E26878EF-69FB-4107-8F27-0E3C908B1B81}.Release|Any CPU.Build.0 = Release|Any CPU
		{E26878EF-69FB-4107-8F27-0E3C908B1B81}.Release|x64.ActiveCfg = Release|Any CPU
		{E26878EF-69FB-4107-8F27-0E3C908B1B81}.Release|x64.Build.0 = Release|Any CPU
		{E26878EF-69FB-4107-8F27-0E3C908B1B81}.Release|x86.ActiveCfg = Release|Any CPU
		{E26878EF-69FB-4107-8F27-0E3C908B1B81}.Release|x86.Build.0 = Release|Any CPU
		{E26878EF-69FB-4107-8F27-0E3C908B1B81}.VS|Any CPU.ActiveCfg = VS|Any CPU
		{E26878EF-69FB-4107-8F27-0E3C908B1B81}.VS|Any CPU.Build.0 = VS|Any CPU
		{E26878EF-69FB-4107-8F27-0E3C908B1B81}.VS|x64.ActiveCfg = VS|Any CPU
		{E26878EF-69FB-4107-8F27-0E3C908B1B81}.VS|x64.Build.0 = VS|Any CPU
		{E26878EF-69FB-4107-8F27-0E3C908B1B81}.VS|x86.ActiveCfg = VS|Any CPU
		{E26878EF-69FB-4107-8F27-0E3C908B1B81}.VS|x86.Build.0 = VS|Any CPU
		{A9E0F33A-F47F-43B9-A09A-EE2B141B2FE5}.Debug|Any CPU.ActiveCfg = Debug|Any CPU
		{A9E0F33A-F47F-43B9-A09A-EE2B141B2FE5}.Debug|Any CPU.Build.0 = Debug|Any CPU
		{A9E0F33A-F47F-43B9-A09A-EE2B141B2FE5}.Debug|x64.ActiveCfg = Debug|Any CPU
		{A9E0F33A-F47F-43B9-A09A-EE2B141B2FE5}.Debug|x64.Build.0 = Debug|Any CPU
		{A9E0F33A-F47F-43B9-A09A-EE2B141B2FE5}.Debug|x86.ActiveCfg = Debug|Any CPU
		{A9E0F33A-F47F-43B9-A09A-EE2B141B2FE5}.Debug|x86.Build.0 = Debug|Any CPU
		{A9E0F33A-F47F-43B9-A09A-EE2B141B2FE5}.Release|Any CPU.ActiveCfg = Release|Any CPU
		{A9E0F33A-F47F-43B9-A09A-EE2B141B2FE5}.Release|Any CPU.Build.0 = Release|Any CPU
		{A9E0F33A-F47F-43B9-A09A-EE2B141B2FE5}.Release|x64.ActiveCfg = Release|Any CPU
		{A9E0F33A-F47F-43B9-A09A-EE2B141B2FE5}.Release|x64.Build.0 = Release|Any CPU
		{A9E0F33A-F47F-43B9-A09A-EE2B141B2FE5}.Release|x86.ActiveCfg = Release|Any CPU
		{A9E0F33A-F47F-43B9-A09A-EE2B141B2FE5}.Release|x86.Build.0 = Release|Any CPU
		{A9E0F33A-F47F-43B9-A09A-EE2B141B2FE5}.VS|Any CPU.ActiveCfg = VS|Any CPU
		{A9E0F33A-F47F-43B9-A09A-EE2B141B2FE5}.VS|Any CPU.Build.0 = VS|Any CPU
		{A9E0F33A-F47F-43B9-A09A-EE2B141B2FE5}.VS|x64.ActiveCfg = VS|Any CPU
		{A9E0F33A-F47F-43B9-A09A-EE2B141B2FE5}.VS|x64.Build.0 = VS|Any CPU
		{A9E0F33A-F47F-43B9-A09A-EE2B141B2FE5}.VS|x86.ActiveCfg = VS|Any CPU
		{A9E0F33A-F47F-43B9-A09A-EE2B141B2FE5}.VS|x86.Build.0 = VS|Any CPU
		{DC5C4972-49BB-44D0-8D63-2EE39F05C9BB}.Debug|Any CPU.ActiveCfg = Debug|Any CPU
		{DC5C4972-49BB-44D0-8D63-2EE39F05C9BB}.Debug|Any CPU.Build.0 = Debug|Any CPU
		{DC5C4972-49BB-44D0-8D63-2EE39F05C9BB}.Debug|x64.ActiveCfg = Debug|Any CPU
		{DC5C4972-49BB-44D0-8D63-2EE39F05C9BB}.Debug|x64.Build.0 = Debug|Any CPU
		{DC5C4972-49BB-44D0-8D63-2EE39F05C9BB}.Debug|x86.ActiveCfg = Debug|Any CPU
		{DC5C4972-49BB-44D0-8D63-2EE39F05C9BB}.Debug|x86.Build.0 = Debug|Any CPU
		{DC5C4972-49BB-44D0-8D63-2EE39F05C9BB}.Release|Any CPU.ActiveCfg = Release|Any CPU
		{DC5C4972-49BB-44D0-8D63-2EE39F05C9BB}.Release|Any CPU.Build.0 = Release|Any CPU
		{DC5C4972-49BB-44D0-8D63-2EE39F05C9BB}.Release|x64.ActiveCfg = Release|Any CPU
		{DC5C4972-49BB-44D0-8D63-2EE39F05C9BB}.Release|x64.Build.0 = Release|Any CPU
		{DC5C4972-49BB-44D0-8D63-2EE39F05C9BB}.Release|x86.ActiveCfg = Release|Any CPU
		{DC5C4972-49BB-44D0-8D63-2EE39F05C9BB}.Release|x86.Build.0 = Release|Any CPU
		{DC5C4972-49BB-44D0-8D63-2EE39F05C9BB}.VS|Any CPU.ActiveCfg = VS|Any CPU
		{DC5C4972-49BB-44D0-8D63-2EE39F05C9BB}.VS|Any CPU.Build.0 = VS|Any CPU
		{DC5C4972-49BB-44D0-8D63-2EE39F05C9BB}.VS|x64.ActiveCfg = VS|Any CPU
		{DC5C4972-49BB-44D0-8D63-2EE39F05C9BB}.VS|x64.Build.0 = VS|Any CPU
		{DC5C4972-49BB-44D0-8D63-2EE39F05C9BB}.VS|x86.ActiveCfg = VS|Any CPU
		{DC5C4972-49BB-44D0-8D63-2EE39F05C9BB}.VS|x86.Build.0 = VS|Any CPU
		{EACB82AD-5CC0-40C2-9C37-8CBAB5D22550}.Debug|Any CPU.ActiveCfg = Debug|Any CPU
		{EACB82AD-5CC0-40C2-9C37-8CBAB5D22550}.Debug|Any CPU.Build.0 = Debug|Any CPU
		{EACB82AD-5CC0-40C2-9C37-8CBAB5D22550}.Debug|x64.ActiveCfg = Debug|Any CPU
		{EACB82AD-5CC0-40C2-9C37-8CBAB5D22550}.Debug|x64.Build.0 = Debug|Any CPU
		{EACB82AD-5CC0-40C2-9C37-8CBAB5D22550}.Debug|x86.ActiveCfg = Debug|Any CPU
		{EACB82AD-5CC0-40C2-9C37-8CBAB5D22550}.Debug|x86.Build.0 = Debug|Any CPU
		{EACB82AD-5CC0-40C2-9C37-8CBAB5D22550}.Release|Any CPU.ActiveCfg = Release|Any CPU
		{EACB82AD-5CC0-40C2-9C37-8CBAB5D22550}.Release|Any CPU.Build.0 = Release|Any CPU
		{EACB82AD-5CC0-40C2-9C37-8CBAB5D22550}.Release|x64.ActiveCfg = Release|Any CPU
		{EACB82AD-5CC0-40C2-9C37-8CBAB5D22550}.Release|x64.Build.0 = Release|Any CPU
		{EACB82AD-5CC0-40C2-9C37-8CBAB5D22550}.Release|x86.ActiveCfg = Release|Any CPU
		{EACB82AD-5CC0-40C2-9C37-8CBAB5D22550}.Release|x86.Build.0 = Release|Any CPU
		{EACB82AD-5CC0-40C2-9C37-8CBAB5D22550}.VS|Any CPU.ActiveCfg = VS|Any CPU
		{EACB82AD-5CC0-40C2-9C37-8CBAB5D22550}.VS|Any CPU.Build.0 = VS|Any CPU
		{EACB82AD-5CC0-40C2-9C37-8CBAB5D22550}.VS|x64.ActiveCfg = VS|Any CPU
		{EACB82AD-5CC0-40C2-9C37-8CBAB5D22550}.VS|x64.Build.0 = VS|Any CPU
		{EACB82AD-5CC0-40C2-9C37-8CBAB5D22550}.VS|x86.ActiveCfg = VS|Any CPU
		{EACB82AD-5CC0-40C2-9C37-8CBAB5D22550}.VS|x86.Build.0 = VS|Any CPU
		{184D8146-6405-4575-8CFC-E3537DBF4A8C}.Debug|Any CPU.ActiveCfg = Debug|Any CPU
		{184D8146-6405-4575-8CFC-E3537DBF4A8C}.Debug|Any CPU.Build.0 = Debug|Any CPU
		{184D8146-6405-4575-8CFC-E3537DBF4A8C}.Debug|x64.ActiveCfg = Debug|Any CPU
		{184D8146-6405-4575-8CFC-E3537DBF4A8C}.Debug|x64.Build.0 = Debug|Any CPU
		{184D8146-6405-4575-8CFC-E3537DBF4A8C}.Debug|x86.ActiveCfg = Debug|Any CPU
		{184D8146-6405-4575-8CFC-E3537DBF4A8C}.Debug|x86.Build.0 = Debug|Any CPU
		{184D8146-6405-4575-8CFC-E3537DBF4A8C}.Release|Any CPU.ActiveCfg = Release|Any CPU
		{184D8146-6405-4575-8CFC-E3537DBF4A8C}.Release|Any CPU.Build.0 = Release|Any CPU
		{184D8146-6405-4575-8CFC-E3537DBF4A8C}.Release|x64.ActiveCfg = Release|Any CPU
		{184D8146-6405-4575-8CFC-E3537DBF4A8C}.Release|x64.Build.0 = Release|Any CPU
		{184D8146-6405-4575-8CFC-E3537DBF4A8C}.Release|x86.ActiveCfg = Release|Any CPU
		{184D8146-6405-4575-8CFC-E3537DBF4A8C}.Release|x86.Build.0 = Release|Any CPU
		{184D8146-6405-4575-8CFC-E3537DBF4A8C}.VS|Any CPU.ActiveCfg = VS|Any CPU
		{184D8146-6405-4575-8CFC-E3537DBF4A8C}.VS|Any CPU.Build.0 = VS|Any CPU
		{184D8146-6405-4575-8CFC-E3537DBF4A8C}.VS|x64.ActiveCfg = VS|Any CPU
		{184D8146-6405-4575-8CFC-E3537DBF4A8C}.VS|x64.Build.0 = VS|Any CPU
		{184D8146-6405-4575-8CFC-E3537DBF4A8C}.VS|x86.ActiveCfg = VS|Any CPU
		{184D8146-6405-4575-8CFC-E3537DBF4A8C}.VS|x86.Build.0 = VS|Any CPU
		{76B3F816-9737-4BD4-959D-5C6A9BC2B09C}.Debug|Any CPU.ActiveCfg = Debug|Any CPU
		{76B3F816-9737-4BD4-959D-5C6A9BC2B09C}.Debug|Any CPU.Build.0 = Debug|Any CPU
		{76B3F816-9737-4BD4-959D-5C6A9BC2B09C}.Debug|x64.ActiveCfg = Debug|Any CPU
		{76B3F816-9737-4BD4-959D-5C6A9BC2B09C}.Debug|x64.Build.0 = Debug|Any CPU
		{76B3F816-9737-4BD4-959D-5C6A9BC2B09C}.Debug|x86.ActiveCfg = Debug|Any CPU
		{76B3F816-9737-4BD4-959D-5C6A9BC2B09C}.Debug|x86.Build.0 = Debug|Any CPU
		{76B3F816-9737-4BD4-959D-5C6A9BC2B09C}.Release|Any CPU.ActiveCfg = Release|Any CPU
		{76B3F816-9737-4BD4-959D-5C6A9BC2B09C}.Release|Any CPU.Build.0 = Release|Any CPU
		{76B3F816-9737-4BD4-959D-5C6A9BC2B09C}.Release|x64.ActiveCfg = Release|Any CPU
		{76B3F816-9737-4BD4-959D-5C6A9BC2B09C}.Release|x64.Build.0 = Release|Any CPU
		{76B3F816-9737-4BD4-959D-5C6A9BC2B09C}.Release|x86.ActiveCfg = Release|Any CPU
		{76B3F816-9737-4BD4-959D-5C6A9BC2B09C}.Release|x86.Build.0 = Release|Any CPU
		{76B3F816-9737-4BD4-959D-5C6A9BC2B09C}.VS|Any CPU.ActiveCfg = VS|Any CPU
		{76B3F816-9737-4BD4-959D-5C6A9BC2B09C}.VS|Any CPU.Build.0 = VS|Any CPU
		{76B3F816-9737-4BD4-959D-5C6A9BC2B09C}.VS|x64.ActiveCfg = VS|Any CPU
		{76B3F816-9737-4BD4-959D-5C6A9BC2B09C}.VS|x64.Build.0 = VS|Any CPU
		{76B3F816-9737-4BD4-959D-5C6A9BC2B09C}.VS|x86.ActiveCfg = VS|Any CPU
		{76B3F816-9737-4BD4-959D-5C6A9BC2B09C}.VS|x86.Build.0 = VS|Any CPU
		{49D4FF9F-EF12-43E8-95FA-10A4362B32EA}.Debug|Any CPU.ActiveCfg = Debug|Any CPU
		{49D4FF9F-EF12-43E8-95FA-10A4362B32EA}.Debug|Any CPU.Build.0 = Debug|Any CPU
		{49D4FF9F-EF12-43E8-95FA-10A4362B32EA}.Debug|x64.ActiveCfg = Debug|Any CPU
		{49D4FF9F-EF12-43E8-95FA-10A4362B32EA}.Debug|x64.Build.0 = Debug|Any CPU
		{49D4FF9F-EF12-43E8-95FA-10A4362B32EA}.Debug|x86.ActiveCfg = Debug|Any CPU
		{49D4FF9F-EF12-43E8-95FA-10A4362B32EA}.Debug|x86.Build.0 = Debug|Any CPU
		{49D4FF9F-EF12-43E8-95FA-10A4362B32EA}.Release|Any CPU.ActiveCfg = Release|Any CPU
		{49D4FF9F-EF12-43E8-95FA-10A4362B32EA}.Release|Any CPU.Build.0 = Release|Any CPU
		{49D4FF9F-EF12-43E8-95FA-10A4362B32EA}.Release|x64.ActiveCfg = Release|Any CPU
		{49D4FF9F-EF12-43E8-95FA-10A4362B32EA}.Release|x64.Build.0 = Release|Any CPU
		{49D4FF9F-EF12-43E8-95FA-10A4362B32EA}.Release|x86.ActiveCfg = Release|Any CPU
		{49D4FF9F-EF12-43E8-95FA-10A4362B32EA}.Release|x86.Build.0 = Release|Any CPU
		{49D4FF9F-EF12-43E8-95FA-10A4362B32EA}.VS|Any CPU.ActiveCfg = VS|Any CPU
		{49D4FF9F-EF12-43E8-95FA-10A4362B32EA}.VS|Any CPU.Build.0 = VS|Any CPU
		{49D4FF9F-EF12-43E8-95FA-10A4362B32EA}.VS|x64.ActiveCfg = VS|Any CPU
		{49D4FF9F-EF12-43E8-95FA-10A4362B32EA}.VS|x64.Build.0 = VS|Any CPU
		{49D4FF9F-EF12-43E8-95FA-10A4362B32EA}.VS|x86.ActiveCfg = VS|Any CPU
		{49D4FF9F-EF12-43E8-95FA-10A4362B32EA}.VS|x86.Build.0 = VS|Any CPU
		{EF5CC268-E963-4503-B835-113D97315F11}.Debug|Any CPU.ActiveCfg = Debug|Any CPU
		{EF5CC268-E963-4503-B835-113D97315F11}.Debug|Any CPU.Build.0 = Debug|Any CPU
		{EF5CC268-E963-4503-B835-113D97315F11}.Debug|x64.ActiveCfg = Debug|Any CPU
		{EF5CC268-E963-4503-B835-113D97315F11}.Debug|x64.Build.0 = Debug|Any CPU
		{EF5CC268-E963-4503-B835-113D97315F11}.Debug|x86.ActiveCfg = Debug|Any CPU
		{EF5CC268-E963-4503-B835-113D97315F11}.Debug|x86.Build.0 = Debug|Any CPU
		{EF5CC268-E963-4503-B835-113D97315F11}.Release|Any CPU.ActiveCfg = Release|Any CPU
		{EF5CC268-E963-4503-B835-113D97315F11}.Release|Any CPU.Build.0 = Release|Any CPU
		{EF5CC268-E963-4503-B835-113D97315F11}.Release|x64.ActiveCfg = Release|Any CPU
		{EF5CC268-E963-4503-B835-113D97315F11}.Release|x64.Build.0 = Release|Any CPU
		{EF5CC268-E963-4503-B835-113D97315F11}.Release|x86.ActiveCfg = Release|Any CPU
		{EF5CC268-E963-4503-B835-113D97315F11}.Release|x86.Build.0 = Release|Any CPU
		{EF5CC268-E963-4503-B835-113D97315F11}.VS|Any CPU.ActiveCfg = VS|Any CPU
		{EF5CC268-E963-4503-B835-113D97315F11}.VS|Any CPU.Build.0 = VS|Any CPU
		{EF5CC268-E963-4503-B835-113D97315F11}.VS|x64.ActiveCfg = VS|Any CPU
		{EF5CC268-E963-4503-B835-113D97315F11}.VS|x64.Build.0 = VS|Any CPU
		{EF5CC268-E963-4503-B835-113D97315F11}.VS|x86.ActiveCfg = VS|Any CPU
		{EF5CC268-E963-4503-B835-113D97315F11}.VS|x86.Build.0 = VS|Any CPU
		{8AD5A833-F6A3-4CE3-8D68-42B941C9977A}.Debug|Any CPU.ActiveCfg = Debug|Any CPU
		{8AD5A833-F6A3-4CE3-8D68-42B941C9977A}.Debug|Any CPU.Build.0 = Debug|Any CPU
		{8AD5A833-F6A3-4CE3-8D68-42B941C9977A}.Debug|x64.ActiveCfg = Debug|Any CPU
		{8AD5A833-F6A3-4CE3-8D68-42B941C9977A}.Debug|x64.Build.0 = Debug|Any CPU
		{8AD5A833-F6A3-4CE3-8D68-42B941C9977A}.Debug|x86.ActiveCfg = Debug|Any CPU
		{8AD5A833-F6A3-4CE3-8D68-42B941C9977A}.Debug|x86.Build.0 = Debug|Any CPU
		{8AD5A833-F6A3-4CE3-8D68-42B941C9977A}.Release|Any CPU.ActiveCfg = Release|Any CPU
		{8AD5A833-F6A3-4CE3-8D68-42B941C9977A}.Release|Any CPU.Build.0 = Release|Any CPU
		{8AD5A833-F6A3-4CE3-8D68-42B941C9977A}.Release|x64.ActiveCfg = Release|Any CPU
		{8AD5A833-F6A3-4CE3-8D68-42B941C9977A}.Release|x64.Build.0 = Release|Any CPU
		{8AD5A833-F6A3-4CE3-8D68-42B941C9977A}.Release|x86.ActiveCfg = Release|Any CPU
		{8AD5A833-F6A3-4CE3-8D68-42B941C9977A}.Release|x86.Build.0 = Release|Any CPU
		{8AD5A833-F6A3-4CE3-8D68-42B941C9977A}.VS|Any CPU.ActiveCfg = VS|Any CPU
		{8AD5A833-F6A3-4CE3-8D68-42B941C9977A}.VS|Any CPU.Build.0 = VS|Any CPU
		{8AD5A833-F6A3-4CE3-8D68-42B941C9977A}.VS|x64.ActiveCfg = VS|Any CPU
		{8AD5A833-F6A3-4CE3-8D68-42B941C9977A}.VS|x64.Build.0 = VS|Any CPU
		{8AD5A833-F6A3-4CE3-8D68-42B941C9977A}.VS|x86.ActiveCfg = VS|Any CPU
		{8AD5A833-F6A3-4CE3-8D68-42B941C9977A}.VS|x86.Build.0 = VS|Any CPU
		{BC329317-6E44-4844-AB65-BBA561915511}.Debug|Any CPU.ActiveCfg = Debug|Any CPU
		{BC329317-6E44-4844-AB65-BBA561915511}.Debug|Any CPU.Build.0 = Debug|Any CPU
		{BC329317-6E44-4844-AB65-BBA561915511}.Debug|x64.ActiveCfg = Debug|Any CPU
		{BC329317-6E44-4844-AB65-BBA561915511}.Debug|x64.Build.0 = Debug|Any CPU
		{BC329317-6E44-4844-AB65-BBA561915511}.Debug|x86.ActiveCfg = Debug|Any CPU
		{BC329317-6E44-4844-AB65-BBA561915511}.Debug|x86.Build.0 = Debug|Any CPU
		{BC329317-6E44-4844-AB65-BBA561915511}.Release|Any CPU.ActiveCfg = Release|Any CPU
		{BC329317-6E44-4844-AB65-BBA561915511}.Release|Any CPU.Build.0 = Release|Any CPU
		{BC329317-6E44-4844-AB65-BBA561915511}.Release|x64.ActiveCfg = Release|Any CPU
		{BC329317-6E44-4844-AB65-BBA561915511}.Release|x64.Build.0 = Release|Any CPU
		{BC329317-6E44-4844-AB65-BBA561915511}.Release|x86.ActiveCfg = Release|Any CPU
		{BC329317-6E44-4844-AB65-BBA561915511}.Release|x86.Build.0 = Release|Any CPU
		{BC329317-6E44-4844-AB65-BBA561915511}.VS|Any CPU.ActiveCfg = VS|Any CPU
		{BC329317-6E44-4844-AB65-BBA561915511}.VS|Any CPU.Build.0 = VS|Any CPU
		{BC329317-6E44-4844-AB65-BBA561915511}.VS|x64.ActiveCfg = VS|Any CPU
		{BC329317-6E44-4844-AB65-BBA561915511}.VS|x64.Build.0 = VS|Any CPU
		{BC329317-6E44-4844-AB65-BBA561915511}.VS|x86.ActiveCfg = VS|Any CPU
		{BC329317-6E44-4844-AB65-BBA561915511}.VS|x86.Build.0 = VS|Any CPU
		{6C4234F1-F011-41E4-968F-0F2DC162077C}.Debug|Any CPU.ActiveCfg = Debug|Any CPU
		{6C4234F1-F011-41E4-968F-0F2DC162077C}.Debug|x64.ActiveCfg = Debug|x86
		{6C4234F1-F011-41E4-968F-0F2DC162077C}.Debug|x86.ActiveCfg = Debug|x86
		{6C4234F1-F011-41E4-968F-0F2DC162077C}.Debug|x86.Build.0 = Debug|x86
		{6C4234F1-F011-41E4-968F-0F2DC162077C}.Release|Any CPU.ActiveCfg = Release|x86
		{6C4234F1-F011-41E4-968F-0F2DC162077C}.Release|x64.ActiveCfg = Release|x86
		{6C4234F1-F011-41E4-968F-0F2DC162077C}.Release|x86.ActiveCfg = Release|x86
		{6C4234F1-F011-41E4-968F-0F2DC162077C}.Release|x86.Build.0 = Release|x86
		{6C4234F1-F011-41E4-968F-0F2DC162077C}.VS|Any CPU.ActiveCfg = VS|x86
		{6C4234F1-F011-41E4-968F-0F2DC162077C}.VS|Any CPU.Build.0 = VS|x86
		{6C4234F1-F011-41E4-968F-0F2DC162077C}.VS|x64.ActiveCfg = VS|x86
		{6C4234F1-F011-41E4-968F-0F2DC162077C}.VS|x86.ActiveCfg = VS|x86
		{6C4234F1-F011-41E4-968F-0F2DC162077C}.VS|x86.Build.0 = VS|x86
		{B5F21BC4-E12F-498D-87B3-BD382A01F458}.Debug|Any CPU.ActiveCfg = Debug|Any CPU
		{B5F21BC4-E12F-498D-87B3-BD382A01F458}.Debug|Any CPU.Build.0 = Debug|Any CPU
		{B5F21BC4-E12F-498D-87B3-BD382A01F458}.Debug|x64.ActiveCfg = Debug|Any CPU
		{B5F21BC4-E12F-498D-87B3-BD382A01F458}.Debug|x64.Build.0 = Debug|Any CPU
		{B5F21BC4-E12F-498D-87B3-BD382A01F458}.Debug|x86.ActiveCfg = Debug|Any CPU
		{B5F21BC4-E12F-498D-87B3-BD382A01F458}.Debug|x86.Build.0 = Debug|Any CPU
		{B5F21BC4-E12F-498D-87B3-BD382A01F458}.Release|Any CPU.ActiveCfg = Release|Any CPU
		{B5F21BC4-E12F-498D-87B3-BD382A01F458}.Release|Any CPU.Build.0 = Release|Any CPU
		{B5F21BC4-E12F-498D-87B3-BD382A01F458}.Release|x64.ActiveCfg = Release|Any CPU
		{B5F21BC4-E12F-498D-87B3-BD382A01F458}.Release|x64.Build.0 = Release|Any CPU
		{B5F21BC4-E12F-498D-87B3-BD382A01F458}.Release|x86.ActiveCfg = Release|Any CPU
		{B5F21BC4-E12F-498D-87B3-BD382A01F458}.Release|x86.Build.0 = Release|Any CPU
		{B5F21BC4-E12F-498D-87B3-BD382A01F458}.VS|Any CPU.ActiveCfg = VS|Any CPU
		{B5F21BC4-E12F-498D-87B3-BD382A01F458}.VS|Any CPU.Build.0 = VS|Any CPU
		{B5F21BC4-E12F-498D-87B3-BD382A01F458}.VS|x64.ActiveCfg = VS|Any CPU
		{B5F21BC4-E12F-498D-87B3-BD382A01F458}.VS|x64.Build.0 = VS|Any CPU
		{B5F21BC4-E12F-498D-87B3-BD382A01F458}.VS|x86.ActiveCfg = VS|Any CPU
		{B5F21BC4-E12F-498D-87B3-BD382A01F458}.VS|x86.Build.0 = VS|Any CPU
		{B64AC87A-6256-492C-BA28-8C4595D49F9D}.Debug|Any CPU.ActiveCfg = Debug|Any CPU
		{B64AC87A-6256-492C-BA28-8C4595D49F9D}.Debug|Any CPU.Build.0 = Debug|Any CPU
		{B64AC87A-6256-492C-BA28-8C4595D49F9D}.Debug|x64.ActiveCfg = Debug|Any CPU
		{B64AC87A-6256-492C-BA28-8C4595D49F9D}.Debug|x64.Build.0 = Debug|Any CPU
		{B64AC87A-6256-492C-BA28-8C4595D49F9D}.Debug|x86.ActiveCfg = Debug|Any CPU
		{B64AC87A-6256-492C-BA28-8C4595D49F9D}.Debug|x86.Build.0 = Debug|Any CPU
		{B64AC87A-6256-492C-BA28-8C4595D49F9D}.Release|Any CPU.ActiveCfg = Release|Any CPU
		{B64AC87A-6256-492C-BA28-8C4595D49F9D}.Release|Any CPU.Build.0 = Release|Any CPU
		{B64AC87A-6256-492C-BA28-8C4595D49F9D}.Release|x64.ActiveCfg = Release|Any CPU
		{B64AC87A-6256-492C-BA28-8C4595D49F9D}.Release|x64.Build.0 = Release|Any CPU
		{B64AC87A-6256-492C-BA28-8C4595D49F9D}.Release|x86.ActiveCfg = Release|Any CPU
		{B64AC87A-6256-492C-BA28-8C4595D49F9D}.Release|x86.Build.0 = Release|Any CPU
		{B64AC87A-6256-492C-BA28-8C4595D49F9D}.VS|Any CPU.ActiveCfg = VS|Any CPU
		{B64AC87A-6256-492C-BA28-8C4595D49F9D}.VS|Any CPU.Build.0 = VS|Any CPU
		{B64AC87A-6256-492C-BA28-8C4595D49F9D}.VS|x64.ActiveCfg = VS|Any CPU
		{B64AC87A-6256-492C-BA28-8C4595D49F9D}.VS|x64.Build.0 = VS|Any CPU
		{B64AC87A-6256-492C-BA28-8C4595D49F9D}.VS|x86.ActiveCfg = VS|Any CPU
		{B64AC87A-6256-492C-BA28-8C4595D49F9D}.VS|x86.Build.0 = VS|Any CPU
		{2DA3AA0C-A59B-4C20-B828-89B364F44736}.Debug|Any CPU.ActiveCfg = Debug|Any CPU
		{2DA3AA0C-A59B-4C20-B828-89B364F44736}.Debug|Any CPU.Build.0 = Debug|Any CPU
		{2DA3AA0C-A59B-4C20-B828-89B364F44736}.Debug|x64.ActiveCfg = Debug|Any CPU
		{2DA3AA0C-A59B-4C20-B828-89B364F44736}.Debug|x64.Build.0 = Debug|Any CPU
		{2DA3AA0C-A59B-4C20-B828-89B364F44736}.Debug|x86.ActiveCfg = Debug|Any CPU
		{2DA3AA0C-A59B-4C20-B828-89B364F44736}.Debug|x86.Build.0 = Debug|Any CPU
		{2DA3AA0C-A59B-4C20-B828-89B364F44736}.Release|Any CPU.ActiveCfg = Release|Any CPU
		{2DA3AA0C-A59B-4C20-B828-89B364F44736}.Release|Any CPU.Build.0 = Release|Any CPU
		{2DA3AA0C-A59B-4C20-B828-89B364F44736}.Release|x64.ActiveCfg = Release|Any CPU
		{2DA3AA0C-A59B-4C20-B828-89B364F44736}.Release|x64.Build.0 = Release|Any CPU
		{2DA3AA0C-A59B-4C20-B828-89B364F44736}.Release|x86.ActiveCfg = Release|Any CPU
		{2DA3AA0C-A59B-4C20-B828-89B364F44736}.Release|x86.Build.0 = Release|Any CPU
		{2DA3AA0C-A59B-4C20-B828-89B364F44736}.VS|Any CPU.ActiveCfg = VS|Any CPU
		{2DA3AA0C-A59B-4C20-B828-89B364F44736}.VS|Any CPU.Build.0 = VS|Any CPU
		{2DA3AA0C-A59B-4C20-B828-89B364F44736}.VS|x64.ActiveCfg = VS|Any CPU
		{2DA3AA0C-A59B-4C20-B828-89B364F44736}.VS|x64.Build.0 = VS|Any CPU
		{2DA3AA0C-A59B-4C20-B828-89B364F44736}.VS|x86.ActiveCfg = VS|Any CPU
		{2DA3AA0C-A59B-4C20-B828-89B364F44736}.VS|x86.Build.0 = VS|Any CPU
		{CBEE1293-2B05-4C49-B553-7FD31A8ECAFF}.Debug|Any CPU.ActiveCfg = Debug|Any CPU
		{CBEE1293-2B05-4C49-B553-7FD31A8ECAFF}.Debug|Any CPU.Build.0 = Debug|Any CPU
		{CBEE1293-2B05-4C49-B553-7FD31A8ECAFF}.Debug|x64.ActiveCfg = Debug|Any CPU
		{CBEE1293-2B05-4C49-B553-7FD31A8ECAFF}.Debug|x64.Build.0 = Debug|Any CPU
		{CBEE1293-2B05-4C49-B553-7FD31A8ECAFF}.Debug|x86.ActiveCfg = Debug|Any CPU
		{CBEE1293-2B05-4C49-B553-7FD31A8ECAFF}.Debug|x86.Build.0 = Debug|Any CPU
		{CBEE1293-2B05-4C49-B553-7FD31A8ECAFF}.Release|Any CPU.ActiveCfg = Release|Any CPU
		{CBEE1293-2B05-4C49-B553-7FD31A8ECAFF}.Release|Any CPU.Build.0 = Release|Any CPU
		{CBEE1293-2B05-4C49-B553-7FD31A8ECAFF}.Release|x64.ActiveCfg = Release|Any CPU
		{CBEE1293-2B05-4C49-B553-7FD31A8ECAFF}.Release|x64.Build.0 = Release|Any CPU
		{CBEE1293-2B05-4C49-B553-7FD31A8ECAFF}.Release|x86.ActiveCfg = Release|Any CPU
		{CBEE1293-2B05-4C49-B553-7FD31A8ECAFF}.Release|x86.Build.0 = Release|Any CPU
		{CBEE1293-2B05-4C49-B553-7FD31A8ECAFF}.VS|Any CPU.ActiveCfg = VS|Any CPU
		{CBEE1293-2B05-4C49-B553-7FD31A8ECAFF}.VS|Any CPU.Build.0 = VS|Any CPU
		{CBEE1293-2B05-4C49-B553-7FD31A8ECAFF}.VS|x64.ActiveCfg = VS|Any CPU
		{CBEE1293-2B05-4C49-B553-7FD31A8ECAFF}.VS|x64.Build.0 = VS|Any CPU
		{CBEE1293-2B05-4C49-B553-7FD31A8ECAFF}.VS|x86.ActiveCfg = VS|Any CPU
		{CBEE1293-2B05-4C49-B553-7FD31A8ECAFF}.VS|x86.Build.0 = VS|Any CPU
		{921E41E2-0534-4F4C-98D6-0A1CC482ECD2}.Debug|Any CPU.ActiveCfg = Debug|Any CPU
		{921E41E2-0534-4F4C-98D6-0A1CC482ECD2}.Debug|Any CPU.Build.0 = Debug|Any CPU
		{921E41E2-0534-4F4C-98D6-0A1CC482ECD2}.Debug|x64.ActiveCfg = Debug|Any CPU
		{921E41E2-0534-4F4C-98D6-0A1CC482ECD2}.Debug|x64.Build.0 = Debug|Any CPU
		{921E41E2-0534-4F4C-98D6-0A1CC482ECD2}.Debug|x86.ActiveCfg = Debug|Any CPU
		{921E41E2-0534-4F4C-98D6-0A1CC482ECD2}.Debug|x86.Build.0 = Debug|Any CPU
		{921E41E2-0534-4F4C-98D6-0A1CC482ECD2}.Release|Any CPU.ActiveCfg = Release|Any CPU
		{921E41E2-0534-4F4C-98D6-0A1CC482ECD2}.Release|Any CPU.Build.0 = Release|Any CPU
		{921E41E2-0534-4F4C-98D6-0A1CC482ECD2}.Release|x64.ActiveCfg = Release|Any CPU
		{921E41E2-0534-4F4C-98D6-0A1CC482ECD2}.Release|x64.Build.0 = Release|Any CPU
		{921E41E2-0534-4F4C-98D6-0A1CC482ECD2}.Release|x86.ActiveCfg = Release|Any CPU
		{921E41E2-0534-4F4C-98D6-0A1CC482ECD2}.Release|x86.Build.0 = Release|Any CPU
		{921E41E2-0534-4F4C-98D6-0A1CC482ECD2}.VS|Any CPU.ActiveCfg = VS|Any CPU
		{921E41E2-0534-4F4C-98D6-0A1CC482ECD2}.VS|Any CPU.Build.0 = VS|Any CPU
		{921E41E2-0534-4F4C-98D6-0A1CC482ECD2}.VS|x64.ActiveCfg = VS|Any CPU
		{921E41E2-0534-4F4C-98D6-0A1CC482ECD2}.VS|x64.Build.0 = VS|Any CPU
		{921E41E2-0534-4F4C-98D6-0A1CC482ECD2}.VS|x86.ActiveCfg = VS|Any CPU
		{921E41E2-0534-4F4C-98D6-0A1CC482ECD2}.VS|x86.Build.0 = VS|Any CPU
		{2FDC5F78-E5AA-4B90-AC76-24FE5F7606B2}.Debug|Any CPU.ActiveCfg = Debug|Any CPU
		{2FDC5F78-E5AA-4B90-AC76-24FE5F7606B2}.Debug|Any CPU.Build.0 = Debug|Any CPU
		{2FDC5F78-E5AA-4B90-AC76-24FE5F7606B2}.Debug|x64.ActiveCfg = Debug|Any CPU
		{2FDC5F78-E5AA-4B90-AC76-24FE5F7606B2}.Debug|x64.Build.0 = Debug|Any CPU
		{2FDC5F78-E5AA-4B90-AC76-24FE5F7606B2}.Debug|x86.ActiveCfg = Debug|Any CPU
		{2FDC5F78-E5AA-4B90-AC76-24FE5F7606B2}.Debug|x86.Build.0 = Debug|Any CPU
		{2FDC5F78-E5AA-4B90-AC76-24FE5F7606B2}.Release|Any CPU.ActiveCfg = Release|Any CPU
		{2FDC5F78-E5AA-4B90-AC76-24FE5F7606B2}.Release|Any CPU.Build.0 = Release|Any CPU
		{2FDC5F78-E5AA-4B90-AC76-24FE5F7606B2}.Release|x64.ActiveCfg = Release|Any CPU
		{2FDC5F78-E5AA-4B90-AC76-24FE5F7606B2}.Release|x64.Build.0 = Release|Any CPU
		{2FDC5F78-E5AA-4B90-AC76-24FE5F7606B2}.Release|x86.ActiveCfg = Release|Any CPU
		{2FDC5F78-E5AA-4B90-AC76-24FE5F7606B2}.Release|x86.Build.0 = Release|Any CPU
		{2FDC5F78-E5AA-4B90-AC76-24FE5F7606B2}.VS|Any CPU.ActiveCfg = VS|Any CPU
		{2FDC5F78-E5AA-4B90-AC76-24FE5F7606B2}.VS|Any CPU.Build.0 = VS|Any CPU
		{2FDC5F78-E5AA-4B90-AC76-24FE5F7606B2}.VS|x64.ActiveCfg = VS|Any CPU
		{2FDC5F78-E5AA-4B90-AC76-24FE5F7606B2}.VS|x64.Build.0 = VS|Any CPU
		{2FDC5F78-E5AA-4B90-AC76-24FE5F7606B2}.VS|x86.ActiveCfg = VS|Any CPU
		{2FDC5F78-E5AA-4B90-AC76-24FE5F7606B2}.VS|x86.Build.0 = VS|Any CPU
		{1B3536E7-69DE-4A40-A948-843F44E41792}.Debug|Any CPU.ActiveCfg = Debug|Any CPU
		{1B3536E7-69DE-4A40-A948-843F44E41792}.Debug|Any CPU.Build.0 = Debug|Any CPU
		{1B3536E7-69DE-4A40-A948-843F44E41792}.Debug|x64.ActiveCfg = Debug|Any CPU
		{1B3536E7-69DE-4A40-A948-843F44E41792}.Debug|x64.Build.0 = Debug|Any CPU
		{1B3536E7-69DE-4A40-A948-843F44E41792}.Debug|x86.ActiveCfg = Debug|Any CPU
		{1B3536E7-69DE-4A40-A948-843F44E41792}.Debug|x86.Build.0 = Debug|Any CPU
		{1B3536E7-69DE-4A40-A948-843F44E41792}.Release|Any CPU.ActiveCfg = Release|Any CPU
		{1B3536E7-69DE-4A40-A948-843F44E41792}.Release|Any CPU.Build.0 = Release|Any CPU
		{1B3536E7-69DE-4A40-A948-843F44E41792}.Release|x64.ActiveCfg = Release|Any CPU
		{1B3536E7-69DE-4A40-A948-843F44E41792}.Release|x64.Build.0 = Release|Any CPU
		{1B3536E7-69DE-4A40-A948-843F44E41792}.Release|x86.ActiveCfg = Release|Any CPU
		{1B3536E7-69DE-4A40-A948-843F44E41792}.Release|x86.Build.0 = Release|Any CPU
		{1B3536E7-69DE-4A40-A948-843F44E41792}.VS|Any CPU.ActiveCfg = VS|Any CPU
		{1B3536E7-69DE-4A40-A948-843F44E41792}.VS|Any CPU.Build.0 = VS|Any CPU
		{1B3536E7-69DE-4A40-A948-843F44E41792}.VS|x64.ActiveCfg = VS|Any CPU
		{1B3536E7-69DE-4A40-A948-843F44E41792}.VS|x64.Build.0 = VS|Any CPU
		{1B3536E7-69DE-4A40-A948-843F44E41792}.VS|x86.ActiveCfg = VS|Any CPU
		{1B3536E7-69DE-4A40-A948-843F44E41792}.VS|x86.Build.0 = VS|Any CPU
	EndGlobalSection
	GlobalSection(SolutionProperties) = preSolution
		HideSolutionNode = FALSE
	EndGlobalSection
	GlobalSection(NestedProjects) = preSolution
		{062F7E01-49F3-4A7C-886D-786E19BAFF4E} = {01BB5C64-082A-47AF-B005-56CD3E608C03}
		{94633207-3267-4B6E-8670-50C1B25C40E8} = {01BB5C64-082A-47AF-B005-56CD3E608C03}
		{DA4101A8-0248-4124-B409-0880D15BFDB2} = {01BB5C64-082A-47AF-B005-56CD3E608C03}
		{7029D38A-D940-4895-AF50-D82B0529752B} = {01BB5C64-082A-47AF-B005-56CD3E608C03}
		{37DFBBEC-36D7-4EB9-9637-6DFB4918B0FA} = {BAC199CB-B665-447A-BA76-380110C2353F}
		{94355DBD-9173-4169-9F54-608357DE105F} = {AE1576BC-6A7E-4C9D-A7A8-A02D41ADB41D}
		{43C2EE7C-B428-44A4-9923-9F8F2FA166EF} = {AE1576BC-6A7E-4C9D-A7A8-A02D41ADB41D}
		{B0D5FACE-6787-4ADF-B461-D8BCBFCDCB3B} = {AE1576BC-6A7E-4C9D-A7A8-A02D41ADB41D}
		{0BABB8E7-54B5-4B78-97D6-3FB8FA9D3273} = {AE1576BC-6A7E-4C9D-A7A8-A02D41ADB41D}
		{1CA835AB-B16E-42D0-8A3D-3D3C2D676EE3} = {AE1576BC-6A7E-4C9D-A7A8-A02D41ADB41D}
		{8C31D83F-0186-4B52-B8B2-DA1EF6D224A8} = {AE1576BC-6A7E-4C9D-A7A8-A02D41ADB41D}
		{C4ABE22C-A04C-4B60-82F4-F6151A3E7859} = {AE1576BC-6A7E-4C9D-A7A8-A02D41ADB41D}
		{A0398C5D-5102-479D-BD1E-20CC49EE5D54} = {AE1576BC-6A7E-4C9D-A7A8-A02D41ADB41D}
		{E26878EF-69FB-4107-8F27-0E3C908B1B81} = {BAC199CB-B665-447A-BA76-380110C2353F}
		{A9E0F33A-F47F-43B9-A09A-EE2B141B2FE5} = {BAC199CB-B665-447A-BA76-380110C2353F}
		{DC5C4972-49BB-44D0-8D63-2EE39F05C9BB} = {01BB5C64-082A-47AF-B005-56CD3E608C03}
		{EACB82AD-5CC0-40C2-9C37-8CBAB5D22550} = {AE1576BC-6A7E-4C9D-A7A8-A02D41ADB41D}
		{184D8146-6405-4575-8CFC-E3537DBF4A8C} = {AE1576BC-6A7E-4C9D-A7A8-A02D41ADB41D}
		{76B3F816-9737-4BD4-959D-5C6A9BC2B09C} = {AE1576BC-6A7E-4C9D-A7A8-A02D41ADB41D}
		{49D4FF9F-EF12-43E8-95FA-10A4362B32EA} = {BAC199CB-B665-447A-BA76-380110C2353F}
		{EF5CC268-E963-4503-B835-113D97315F11} = {BAC199CB-B665-447A-BA76-380110C2353F}
		{8AD5A833-F6A3-4CE3-8D68-42B941C9977A} = {BAC199CB-B665-447A-BA76-380110C2353F}
		{BC329317-6E44-4844-AB65-BBA561915511} = {BAC199CB-B665-447A-BA76-380110C2353F}
		{6C4234F1-F011-41E4-968F-0F2DC162077C} = {B5D74DE9-8874-4E90-9528-6B9038425D26}
		{B5F21BC4-E12F-498D-87B3-BD382A01F458} = {AE1576BC-6A7E-4C9D-A7A8-A02D41ADB41D}
		{B64AC87A-6256-492C-BA28-8C4595D49F9D} = {AE1576BC-6A7E-4C9D-A7A8-A02D41ADB41D}
		{2DA3AA0C-A59B-4C20-B828-89B364F44736} = {AE1576BC-6A7E-4C9D-A7A8-A02D41ADB41D}
		{CBEE1293-2B05-4C49-B553-7FD31A8ECAFF} = {BAC199CB-B665-447A-BA76-380110C2353F}
		{921E41E2-0534-4F4C-98D6-0A1CC482ECD2} = {BAC199CB-B665-447A-BA76-380110C2353F}
		{2FDC5F78-E5AA-4B90-AC76-24FE5F7606B2} = {AE1576BC-6A7E-4C9D-A7A8-A02D41ADB41D}
		{1B3536E7-69DE-4A40-A948-843F44E41792} = {01BB5C64-082A-47AF-B005-56CD3E608C03}
	EndGlobalSection
	GlobalSection(ExtensibilityGlobals) = postSolution
		SolutionGuid = {506E4D75-7DAC-441C-BBD0-8E6C9CF70959}
	EndGlobalSection
EndGlobal
