
Microsoft Visual Studio Solution File, Format Version 12.00
# Visual Studio Version 17
VisualStudioVersion = 17.2.32516.85
MinimumVisualStudioVersion = 10.0.40219.1
Project("{9A19103F-16F7-4668-BE54-9A1E7A4F7556}") = "Lemoine.Core.UnitTests", "Lemoine.Core.UnitTests.csproj", "{7289126C-F0A1-4978-B091-6B69EA11FC16}"
EndProject
Project("{2150E333-8FDC-42A3-9474-1A3956D46DE8}") = "Libraries", "Libraries", "{4CA105F6-6322-4205-B228-BD8ED55E5DCC}"
EndProject
Project("{9A19103F-16F7-4668-BE54-9A1E7A4F7556}") = "Lemoine.Core", "..\..\Libraries\Lemoine.Core\Lemoine.Core.csproj", "{25E11219-7BA1-45DD-B4AB-956074341683}"
EndProject
Project("{9A19103F-16F7-4668-BE54-9A1E7A4F7556}") = "Lemoine.ModelDAO", "..\..\Libraries\Lemoine.ModelDAO\Lemoine.ModelDAO.csproj", "{B09F2576-9FD0-4B32-B609-46310715F780}"
EndProject
Global
	GlobalSection(SolutionConfigurationPlatforms) = preSolution
		Debug|x86 = Debug|x86
		Release|x86 = Release|x86
	EndGlobalSection
	GlobalSection(ProjectConfigurationPlatforms) = postSolution
		{7289126C-F0A1-4978-B091-6B69EA11FC16}.Debug|x86.ActiveCfg = Debug|Any CPU
		{7289126C-F0A1-4978-B091-6B69EA11FC16}.Debug|x86.Build.0 = Debug|Any CPU
		{7289126C-F0A1-4978-B091-6B69EA11FC16}.Release|x86.ActiveCfg = Release|Any CPU
		{7289126C-F0A1-4978-B091-6B69EA11FC16}.Release|x86.Build.0 = Release|Any CPU
		{25E11219-7BA1-45DD-B4AB-956074341683}.Debug|x86.ActiveCfg = Debug|Any CPU
		{25E11219-7BA1-45DD-B4AB-956074341683}.Debug|x86.Build.0 = Debug|Any CPU
		{25E11219-7BA1-45DD-B4AB-956074341683}.Release|x86.ActiveCfg = Release|Any CPU
		{25E11219-7BA1-45DD-B4AB-956074341683}.Release|x86.Build.0 = Release|Any CPU
		{B09F2576-9FD0-4B32-B609-46310715F780}.Debug|x86.ActiveCfg = Debug|Any CPU
		{B09F2576-9FD0-4B32-B609-46310715F780}.Debug|x86.Build.0 = Debug|Any CPU
		{B09F2576-9FD0-4B32-B609-46310715F780}.Release|x86.ActiveCfg = Release|Any CPU
		{B09F2576-9FD0-4B32-B609-46310715F780}.Release|x86.Build.0 = Release|Any CPU
	EndGlobalSection
	GlobalSection(SolutionProperties) = preSolution
		HideSolutionNode = FALSE
	EndGlobalSection
	GlobalSection(NestedProjects) = preSolution
		{25E11219-7BA1-45DD-B4AB-956074341683} = {4CA105F6-6322-4205-B228-BD8ED55E5DCC}
		{B09F2576-9FD0-4B32-B609-46310715F780} = {4CA105F6-6322-4205-B228-BD8ED55E5DCC}
	EndGlobalSection
	GlobalSection(ExtensibilityGlobals) = postSolution
		SolutionGuid = {2AC313C1-A760-4354-A1D8-8463406D97AB}
	EndGlobalSection
EndGlobal
