
Microsoft Visual Studio Solution File, Format Version 12.00
# Visual Studio Version 17
VisualStudioVersion = 17.0.32112.339
MinimumVisualStudioVersion = 10.0.40219.1
Project("{9A19103F-16F7-4668-BE54-9A1E7A4F7556}") = "Lemoine.Stamping", "Lemoine.Stamping.csproj", "{997AFAF9-0C95-4704-91EC-6D74FFF0702C}"
EndProject
Project("{2150E333-8FDC-42A3-9474-1A3956D46DE8}") = "Libraries", "Libraries", "{53A034D3-7FD1-4193-BD4B-3C9AF7585318}"
EndProject
Project("{9A19103F-16F7-4668-BE54-9A1E7A4F7556}") = "Lemoine.Core", "..\..\..\Libraries\Lemoine.Core\Lemoine.Core.csproj", "{E6FA69C8-7F5D-4BC4-9A84-33731BB1E92B}"
EndProject
Project("{6EC3EE1D-3C4E-46DD-8F32-0CC8E7565705}") = "Lemoine.FSharp", "..\..\..\Libraries\Lemoine.FSharp\Lemoine.FSharp.fsproj", "{DDD69317-EBF1-4256-9EF9-A89B8F3A476C}"
EndProject
Project("{9A19103F-16F7-4668-BE54-9A1E7A4F7556}") = "Lemoine.ModelDAO", "..\..\..\Libraries\Lemoine.ModelDAO\Lemoine.ModelDAO.csproj", "{7677B801-F749-4497-84A5-DE33AA217AE1}"
EndProject
Project("{6EC3EE1D-3C4E-46DD-8F32-0CC8E7565705}") = "Lemoine.StandardGCodesParser", "..\Lemoine.StandardGCodesParser\Lemoine.StandardGCodesParser.fsproj", "{4AA2E7A5-B4A1-4B0F-9A07-0462C28E272F}"
EndProject
Project("{2150E333-8FDC-42A3-9474-1A3956D46DE8}") = "Tests", "Tests", "{270362C3-5A43-42DE-9C3B-04DD72A6934F}"
EndProject
Project("{9A19103F-16F7-4668-BE54-9A1E7A4F7556}") = "Lem_TestStampingParser.Console", "..\..\Tests\Lem_TestStampingParser.Console\Lem_TestStampingParser.Console.csproj", "{7A6FE3E6-90E1-4CA3-B5FC-93324DBFF30E}"
EndProject
Project("{9A19103F-16F7-4668-BE54-9A1E7A4F7556}") = "Lem_Stamper.Console", "..\..\Lem_Stamper.Console\Lem_Stamper.Console.csproj", "{A446115B-06DE-4642-AB03-7CC378B0CEBC}"
EndProject
Project("{9A19103F-16F7-4668-BE54-9A1E7A4F7556}") = "Lemoine.Core.TargetSpecific", "..\..\..\Libraries\Lemoine.Core.TargetSpecific\Lemoine.Core.TargetSpecific.csproj", "{B7D7CCBF-A688-43AA-992B-4CFAD356CC3F}"
EndProject
Project("{9A19103F-16F7-4668-BE54-9A1E7A4F7556}") = "Lemoine.Database", "..\..\..\Libraries\Lemoine.Database\Lemoine.Database.csproj", "{318DD635-1ADA-4D2E-9EA8-03A4B3E00145}"
EndProject
Project("{9A19103F-16F7-4668-BE54-9A1E7A4F7556}") = "Lemoine.Business", "..\..\..\Libraries\Lemoine.Business\Lemoine.Business.csproj", "{5C5EE319-D205-4DDC-BFFD-19B1344FFD9A}"
EndProject
Project("{9A19103F-16F7-4668-BE54-9A1E7A4F7556}") = "Lemoine.Extensions", "..\..\..\Libraries\Lemoine.Extensions\Lemoine.Extensions.csproj", "{D15F2501-E42A-4F07-8017-69E6E992CC32}"
EndProject
Project("{2150E333-8FDC-42A3-9474-1A3956D46DE8}") = "Extensions", "Extensions", "{F16D6404-F291-42E8-A8CB-88AB4B133910}"
EndProject
Project("{9A19103F-16F7-4668-BE54-9A1E7A4F7556}") = "Lemoine.Extensions.Business", "..\..\..\Libraries\Lemoine.Extensions.Business\Lemoine.Extensions.Business.csproj", "{F19238B5-5253-457A-923C-B201D5A85FA0}"
EndProject
Project("{9A19103F-16F7-4668-BE54-9A1E7A4F7556}") = "Lemoine.Extensions.Database", "..\..\..\Libraries\Lemoine.Extensions.Database\Lemoine.Extensions.Database.csproj", "{14971F34-B415-4CB3-BF1C-613FB05FE322}"
EndProject
Project("{9A19103F-16F7-4668-BE54-9A1E7A4F7556}") = "Pulse.Extensions.Business", "..\..\..\Libraries\Pulse.Extensions.Business\Pulse.Extensions.Business.csproj", "{00A023E7-0B18-45AC-9D4B-FED8D5F9BC1A}"
EndProject
Project("{9A19103F-16F7-4668-BE54-9A1E7A4F7556}") = "Pulse.Extensions.Database", "..\..\..\Libraries\Pulse.Extensions.Database\Pulse.Extensions.Database.csproj", "{A5B48E8A-7F9D-4D89-868E-55FC2092BCDA}"
EndProject
Project("{9A19103F-16F7-4668-BE54-9A1E7A4F7556}") = "Pulse.Business", "..\..\..\Libraries\Pulse.Business\Pulse.Business.csproj", "{F9A3E542-6663-4484-8ED7-31B54F5A80BD}"
EndProject
Project("{9A19103F-16F7-4668-BE54-9A1E7A4F7556}") = "Pulse.Database", "..\..\..\Libraries\Pulse.Database\Pulse.Database.csproj", "{A6A9339B-B464-4B90-9DC4-069B2D7932A5}"
EndProject
Project("{9A19103F-16F7-4668-BE54-9A1E7A4F7556}") = "Pulse.Extensions", "..\..\..\Libraries\Pulse.Extensions\Pulse.Extensions.csproj", "{A6B1164A-D9C1-471F-B2C2-E645B3A12C32}"
EndProject
Project("{9A19103F-16F7-4668-BE54-9A1E7A4F7556}") = "Pulse.Hosting", "..\..\..\Libraries\Pulse.Hosting\Pulse.Hosting.csproj", "{5D8D79A3-8E8E-4ED9-B125-151250FC80D2}"
EndProject
Project("{9A19103F-16F7-4668-BE54-9A1E7A4F7556}") = "Lemoine.Core.Extensions", "..\..\..\Libraries\Lemoine.Core.Extensions\Lemoine.Core.Extensions.csproj", "{89D2788C-1527-475F-A65C-0BD48BBDD130}"
EndProject
Project("{6EC3EE1D-3C4E-46DD-8F32-0CC8E7565705}") = "Lemoine.Stamping.Heidenhain", "..\Lemoine.Stamping.Heidenhain\Lemoine.Stamping.Heidenhain.fsproj", "{818109EE-F0F6-4089-A4EB-2B8C9222D8CA}"
EndProject
Project("{2150E333-8FDC-42A3-9474-1A3956D46DE8}") = "UnitTests", "UnitTests", "{350286B6-8242-49C9-9A54-5A7F6DE3C0DE}"
EndProject
Project("{9A19103F-16F7-4668-BE54-9A1E7A4F7556}") = "Lemoine.Stamping.UnitTests", "..\..\UnitTests\Lemoine.Stamping.UnitTests\Lemoine.Stamping.UnitTests.csproj", "{2850FB0B-424F-46C8-BBBC-E6BAA415AF5D}"
EndProject
Project("{9A19103F-16F7-4668-BE54-9A1E7A4F7556}") = "Lem_TestHeidenhainParser.Console", "..\..\Tests\Lem_TestHeidenhainParser.Console\Lem_TestHeidenhainParser.Console.csproj", "{915E8224-D9AF-4788-B44F-D8A8FE95535F}"
EndProject
Project("{9A19103F-16F7-4668-BE54-9A1E7A4F7556}") = "Lemoine.NHibernate", "..\..\..\Libraries\Lemoine.NHibernate\Lemoine.NHibernate.csproj", "{B26B1156-BEAD-4175-B61F-7BD4E0827CBA}"
EndProject
Project("{9A19103F-16F7-4668-BE54-9A1E7A4F7556}") = "Lemoine.ServiceCore", "..\..\..\Libraries\Lemoine.ServiceCore\Lemoine.ServiceCore.csproj", "{E226CF42-C7A4-445B-8BAD-DE9361B6A41E}"
EndProject
Project("{9A19103F-16F7-4668-BE54-9A1E7A4F7556}") = "Lemoine.Hosting", "..\..\..\Libraries\Lemoine.Hosting\Lemoine.Hosting.csproj", "{74FCA5B8-79CD-49B2-A023-C9E8CD7E3FE4}"
EndProject
Project("{9A19103F-16F7-4668-BE54-9A1E7A4F7556}") = "Lemoine.FileRepository.Corba", "..\..\..\Libraries\Lemoine.FileRepository.Corba\Lemoine.FileRepository.Corba.csproj", "{21460944-46FD-44F8-8FBA-BACDCB8FE039}"
EndProject
Project("{9A19103F-16F7-4668-BE54-9A1E7A4F7556}") = "Lemoine.CorbaHelper", "..\..\..\Libraries\Lemoine.CorbaHelper\Lemoine.CorbaHelper.csproj", "{DB50197B-924B-49A8-9F82-691280ABED36}"
EndProject
Project("{9A19103F-16F7-4668-BE54-9A1E7A4F7556}") = "Lemoine.WebDataAccess", "..\..\..\Libraries\Lemoine.WebDataAccess\Lemoine.WebDataAccess.csproj", "{C20F3BC7-45F5-41DB-8514-CEEC899F4F5A}"
EndProject
Project("{9A19103F-16F7-4668-BE54-9A1E7A4F7556}") = "Lemoine.Core.UnitTests", "..\..\..\UnitTests\Lemoine.Core.UnitTests\Lemoine.Core.UnitTests.csproj", "{90D01C3F-9C98-4802-B4B3-0F25FE68815B}"
EndProject
Project("{6EC3EE1D-3C4E-46DD-8F32-0CC8E7565705}") = "Lemoine.FSharp.UnitTests", "..\..\..\UnitTests\Lemoine.FSharp.UnitTests\Lemoine.FSharp.UnitTests.fsproj", "{0E828CAD-D350-451A-91FC-5424878EA627}"
EndProject
Global
	GlobalSection(SolutionConfigurationPlatforms) = preSolution
		Debug|Any CPU = Debug|Any CPU
		Debug|x64 = Debug|x64
		Release|Any CPU = Release|Any CPU
		Release|x64 = Release|x64
		VS|Any CPU = VS|Any CPU
		VS|x64 = VS|x64
	EndGlobalSection
	GlobalSection(ProjectConfigurationPlatforms) = postSolution
		{997AFAF9-0C95-4704-91EC-6D74FFF0702C}.Debug|Any CPU.ActiveCfg = Debug|Any CPU
		{997AFAF9-0C95-4704-91EC-6D74FFF0702C}.Debug|Any CPU.Build.0 = Debug|Any CPU
		{997AFAF9-0C95-4704-91EC-6D74FFF0702C}.Debug|x64.ActiveCfg = Debug|Any CPU
		{997AFAF9-0C95-4704-91EC-6D74FFF0702C}.Debug|x64.Build.0 = Debug|Any CPU
		{997AFAF9-0C95-4704-91EC-6D74FFF0702C}.Release|Any CPU.ActiveCfg = Release|Any CPU
		{997AFAF9-0C95-4704-91EC-6D74FFF0702C}.Release|Any CPU.Build.0 = Release|Any CPU
		{997AFAF9-0C95-4704-91EC-6D74FFF0702C}.Release|x64.ActiveCfg = Release|Any CPU
		{997AFAF9-0C95-4704-91EC-6D74FFF0702C}.Release|x64.Build.0 = Release|Any CPU
		{997AFAF9-0C95-4704-91EC-6D74FFF0702C}.VS|Any CPU.ActiveCfg = VS|Any CPU
		{997AFAF9-0C95-4704-91EC-6D74FFF0702C}.VS|Any CPU.Build.0 = VS|Any CPU
		{997AFAF9-0C95-4704-91EC-6D74FFF0702C}.VS|x64.ActiveCfg = VS|Any CPU
		{997AFAF9-0C95-4704-91EC-6D74FFF0702C}.VS|x64.Build.0 = VS|Any CPU
		{E6FA69C8-7F5D-4BC4-9A84-33731BB1E92B}.Debug|Any CPU.ActiveCfg = Debug|Any CPU
		{E6FA69C8-7F5D-4BC4-9A84-33731BB1E92B}.Debug|Any CPU.Build.0 = Debug|Any CPU
		{E6FA69C8-7F5D-4BC4-9A84-33731BB1E92B}.Debug|x64.ActiveCfg = Debug|Any CPU
		{E6FA69C8-7F5D-4BC4-9A84-33731BB1E92B}.Debug|x64.Build.0 = Debug|Any CPU
		{E6FA69C8-7F5D-4BC4-9A84-33731BB1E92B}.Release|Any CPU.ActiveCfg = Release|Any CPU
		{E6FA69C8-7F5D-4BC4-9A84-33731BB1E92B}.Release|Any CPU.Build.0 = Release|Any CPU
		{E6FA69C8-7F5D-4BC4-9A84-33731BB1E92B}.Release|x64.ActiveCfg = Release|Any CPU
		{E6FA69C8-7F5D-4BC4-9A84-33731BB1E92B}.Release|x64.Build.0 = Release|Any CPU
		{E6FA69C8-7F5D-4BC4-9A84-33731BB1E92B}.VS|Any CPU.ActiveCfg = VS|Any CPU
		{E6FA69C8-7F5D-4BC4-9A84-33731BB1E92B}.VS|Any CPU.Build.0 = VS|Any CPU
		{E6FA69C8-7F5D-4BC4-9A84-33731BB1E92B}.VS|x64.ActiveCfg = VS|Any CPU
		{E6FA69C8-7F5D-4BC4-9A84-33731BB1E92B}.VS|x64.Build.0 = VS|Any CPU
		{DDD69317-EBF1-4256-9EF9-A89B8F3A476C}.Debug|Any CPU.ActiveCfg = Debug|Any CPU
		{DDD69317-EBF1-4256-9EF9-A89B8F3A476C}.Debug|Any CPU.Build.0 = Debug|Any CPU
		{DDD69317-EBF1-4256-9EF9-A89B8F3A476C}.Debug|x64.ActiveCfg = Debug|Any CPU
		{DDD69317-EBF1-4256-9EF9-A89B8F3A476C}.Debug|x64.Build.0 = Debug|Any CPU
		{DDD69317-EBF1-4256-9EF9-A89B8F3A476C}.Release|Any CPU.ActiveCfg = Release|Any CPU
		{DDD69317-EBF1-4256-9EF9-A89B8F3A476C}.Release|Any CPU.Build.0 = Release|Any CPU
		{DDD69317-EBF1-4256-9EF9-A89B8F3A476C}.Release|x64.ActiveCfg = Release|Any CPU
		{DDD69317-EBF1-4256-9EF9-A89B8F3A476C}.Release|x64.Build.0 = Release|Any CPU
		{DDD69317-EBF1-4256-9EF9-A89B8F3A476C}.VS|Any CPU.ActiveCfg = VS|Any CPU
		{DDD69317-EBF1-4256-9EF9-A89B8F3A476C}.VS|Any CPU.Build.0 = VS|Any CPU
		{DDD69317-EBF1-4256-9EF9-A89B8F3A476C}.VS|x64.ActiveCfg = VS|Any CPU
		{DDD69317-EBF1-4256-9EF9-A89B8F3A476C}.VS|x64.Build.0 = VS|Any CPU
		{7677B801-F749-4497-84A5-DE33AA217AE1}.Debug|Any CPU.ActiveCfg = Debug|Any CPU
		{7677B801-F749-4497-84A5-DE33AA217AE1}.Debug|Any CPU.Build.0 = Debug|Any CPU
		{7677B801-F749-4497-84A5-DE33AA217AE1}.Debug|x64.ActiveCfg = Debug|Any CPU
		{7677B801-F749-4497-84A5-DE33AA217AE1}.Debug|x64.Build.0 = Debug|Any CPU
		{7677B801-F749-4497-84A5-DE33AA217AE1}.Release|Any CPU.ActiveCfg = Release|Any CPU
		{7677B801-F749-4497-84A5-DE33AA217AE1}.Release|Any CPU.Build.0 = Release|Any CPU
		{7677B801-F749-4497-84A5-DE33AA217AE1}.Release|x64.ActiveCfg = Release|Any CPU
		{7677B801-F749-4497-84A5-DE33AA217AE1}.Release|x64.Build.0 = Release|Any CPU
		{7677B801-F749-4497-84A5-DE33AA217AE1}.VS|Any CPU.ActiveCfg = VS|Any CPU
		{7677B801-F749-4497-84A5-DE33AA217AE1}.VS|Any CPU.Build.0 = VS|Any CPU
		{7677B801-F749-4497-84A5-DE33AA217AE1}.VS|x64.ActiveCfg = VS|Any CPU
		{7677B801-F749-4497-84A5-DE33AA217AE1}.VS|x64.Build.0 = VS|Any CPU
		{4AA2E7A5-B4A1-4B0F-9A07-0462C28E272F}.Debug|Any CPU.ActiveCfg = Debug|Any CPU
		{4AA2E7A5-B4A1-4B0F-9A07-0462C28E272F}.Debug|Any CPU.Build.0 = Debug|Any CPU
		{4AA2E7A5-B4A1-4B0F-9A07-0462C28E272F}.Debug|x64.ActiveCfg = Debug|Any CPU
		{4AA2E7A5-B4A1-4B0F-9A07-0462C28E272F}.Debug|x64.Build.0 = Debug|Any CPU
		{4AA2E7A5-B4A1-4B0F-9A07-0462C28E272F}.Release|Any CPU.ActiveCfg = Release|Any CPU
		{4AA2E7A5-B4A1-4B0F-9A07-0462C28E272F}.Release|Any CPU.Build.0 = Release|Any CPU
		{4AA2E7A5-B4A1-4B0F-9A07-0462C28E272F}.Release|x64.ActiveCfg = Release|Any CPU
		{4AA2E7A5-B4A1-4B0F-9A07-0462C28E272F}.Release|x64.Build.0 = Release|Any CPU
		{4AA2E7A5-B4A1-4B0F-9A07-0462C28E272F}.VS|Any CPU.ActiveCfg = VS|Any CPU
		{4AA2E7A5-B4A1-4B0F-9A07-0462C28E272F}.VS|Any CPU.Build.0 = VS|Any CPU
		{4AA2E7A5-B4A1-4B0F-9A07-0462C28E272F}.VS|x64.ActiveCfg = VS|Any CPU
		{4AA2E7A5-B4A1-4B0F-9A07-0462C28E272F}.VS|x64.Build.0 = VS|Any CPU
		{7A6FE3E6-90E1-4CA3-B5FC-93324DBFF30E}.Debug|Any CPU.ActiveCfg = Debug|x86
		{7A6FE3E6-90E1-4CA3-B5FC-93324DBFF30E}.Debug|Any CPU.Build.0 = Debug|x86
		{7A6FE3E6-90E1-4CA3-B5FC-93324DBFF30E}.Debug|x64.ActiveCfg = Debug|x64
		{7A6FE3E6-90E1-4CA3-B5FC-93324DBFF30E}.Debug|x64.Build.0 = Debug|x64
		{7A6FE3E6-90E1-4CA3-B5FC-93324DBFF30E}.Release|Any CPU.ActiveCfg = Release|x86
		{7A6FE3E6-90E1-4CA3-B5FC-93324DBFF30E}.Release|x64.ActiveCfg = Release|x64
		{7A6FE3E6-90E1-4CA3-B5FC-93324DBFF30E}.Release|x64.Build.0 = Release|x64
		{7A6FE3E6-90E1-4CA3-B5FC-93324DBFF30E}.VS|Any CPU.ActiveCfg = VS|x64
		{7A6FE3E6-90E1-4CA3-B5FC-93324DBFF30E}.VS|Any CPU.Build.0 = VS|x64
		{7A6FE3E6-90E1-4CA3-B5FC-93324DBFF30E}.VS|x64.ActiveCfg = Release|x64
		{7A6FE3E6-90E1-4CA3-B5FC-93324DBFF30E}.VS|x64.Build.0 = Release|x64
		{A446115B-06DE-4642-AB03-7CC378B0CEBC}.Debug|Any CPU.ActiveCfg = Debug|x86
		{A446115B-06DE-4642-AB03-7CC378B0CEBC}.Debug|Any CPU.Build.0 = Debug|x86
		{A446115B-06DE-4642-AB03-7CC378B0CEBC}.Debug|x64.ActiveCfg = Debug|x64
		{A446115B-06DE-4642-AB03-7CC378B0CEBC}.Debug|x64.Build.0 = Debug|x64
		{A446115B-06DE-4642-AB03-7CC378B0CEBC}.Release|Any CPU.ActiveCfg = Release|x86
		{A446115B-06DE-4642-AB03-7CC378B0CEBC}.Release|x64.ActiveCfg = Release|x64
		{A446115B-06DE-4642-AB03-7CC378B0CEBC}.Release|x64.Build.0 = Release|x64
		{A446115B-06DE-4642-AB03-7CC378B0CEBC}.VS|Any CPU.ActiveCfg = VS|x64
		{A446115B-06DE-4642-AB03-7CC378B0CEBC}.VS|Any CPU.Build.0 = VS|x64
		{A446115B-06DE-4642-AB03-7CC378B0CEBC}.VS|x64.ActiveCfg = VS|x64
		{A446115B-06DE-4642-AB03-7CC378B0CEBC}.VS|x64.Build.0 = VS|x64
		{B7D7CCBF-A688-43AA-992B-4CFAD356CC3F}.Debug|Any CPU.ActiveCfg = Debug|Any CPU
		{B7D7CCBF-A688-43AA-992B-4CFAD356CC3F}.Debug|Any CPU.Build.0 = Debug|Any CPU
		{B7D7CCBF-A688-43AA-992B-4CFAD356CC3F}.Debug|x64.ActiveCfg = Debug|Any CPU
		{B7D7CCBF-A688-43AA-992B-4CFAD356CC3F}.Debug|x64.Build.0 = Debug|Any CPU
		{B7D7CCBF-A688-43AA-992B-4CFAD356CC3F}.Release|Any CPU.ActiveCfg = Release|Any CPU
		{B7D7CCBF-A688-43AA-992B-4CFAD356CC3F}.Release|Any CPU.Build.0 = Release|Any CPU
		{B7D7CCBF-A688-43AA-992B-4CFAD356CC3F}.Release|x64.ActiveCfg = Release|Any CPU
		{B7D7CCBF-A688-43AA-992B-4CFAD356CC3F}.Release|x64.Build.0 = Release|Any CPU
		{B7D7CCBF-A688-43AA-992B-4CFAD356CC3F}.VS|Any CPU.ActiveCfg = VS|Any CPU
		{B7D7CCBF-A688-43AA-992B-4CFAD356CC3F}.VS|Any CPU.Build.0 = VS|Any CPU
		{B7D7CCBF-A688-43AA-992B-4CFAD356CC3F}.VS|x64.ActiveCfg = VS|Any CPU
		{B7D7CCBF-A688-43AA-992B-4CFAD356CC3F}.VS|x64.Build.0 = VS|Any CPU
		{318DD635-1ADA-4D2E-9EA8-03A4B3E00145}.Debug|Any CPU.ActiveCfg = Debug|Any CPU
		{318DD635-1ADA-4D2E-9EA8-03A4B3E00145}.Debug|Any CPU.Build.0 = Debug|Any CPU
		{318DD635-1ADA-4D2E-9EA8-03A4B3E00145}.Debug|x64.ActiveCfg = Debug|Any CPU
		{318DD635-1ADA-4D2E-9EA8-03A4B3E00145}.Debug|x64.Build.0 = Debug|Any CPU
		{318DD635-1ADA-4D2E-9EA8-03A4B3E00145}.Release|Any CPU.ActiveCfg = Release|Any CPU
		{318DD635-1ADA-4D2E-9EA8-03A4B3E00145}.Release|Any CPU.Build.0 = Release|Any CPU
		{318DD635-1ADA-4D2E-9EA8-03A4B3E00145}.Release|x64.ActiveCfg = Release|Any CPU
		{318DD635-1ADA-4D2E-9EA8-03A4B3E00145}.Release|x64.Build.0 = Release|Any CPU
		{318DD635-1ADA-4D2E-9EA8-03A4B3E00145}.VS|Any CPU.ActiveCfg = VS|Any CPU
		{318DD635-1ADA-4D2E-9EA8-03A4B3E00145}.VS|Any CPU.Build.0 = VS|Any CPU
		{318DD635-1ADA-4D2E-9EA8-03A4B3E00145}.VS|x64.ActiveCfg = VS|Any CPU
		{318DD635-1ADA-4D2E-9EA8-03A4B3E00145}.VS|x64.Build.0 = VS|Any CPU
		{5C5EE319-D205-4DDC-BFFD-19B1344FFD9A}.Debug|Any CPU.ActiveCfg = Debug|Any CPU
		{5C5EE319-D205-4DDC-BFFD-19B1344FFD9A}.Debug|Any CPU.Build.0 = Debug|Any CPU
		{5C5EE319-D205-4DDC-BFFD-19B1344FFD9A}.Debug|x64.ActiveCfg = Debug|Any CPU
		{5C5EE319-D205-4DDC-BFFD-19B1344FFD9A}.Debug|x64.Build.0 = Debug|Any CPU
		{5C5EE319-D205-4DDC-BFFD-19B1344FFD9A}.Release|Any CPU.ActiveCfg = Release|Any CPU
		{5C5EE319-D205-4DDC-BFFD-19B1344FFD9A}.Release|Any CPU.Build.0 = Release|Any CPU
		{5C5EE319-D205-4DDC-BFFD-19B1344FFD9A}.Release|x64.ActiveCfg = Release|Any CPU
		{5C5EE319-D205-4DDC-BFFD-19B1344FFD9A}.Release|x64.Build.0 = Release|Any CPU
		{5C5EE319-D205-4DDC-BFFD-19B1344FFD9A}.VS|Any CPU.ActiveCfg = VS|Any CPU
		{5C5EE319-D205-4DDC-BFFD-19B1344FFD9A}.VS|Any CPU.Build.0 = VS|Any CPU
		{5C5EE319-D205-4DDC-BFFD-19B1344FFD9A}.VS|x64.ActiveCfg = VS|Any CPU
		{5C5EE319-D205-4DDC-BFFD-19B1344FFD9A}.VS|x64.Build.0 = VS|Any CPU
		{D15F2501-E42A-4F07-8017-69E6E992CC32}.Debug|Any CPU.ActiveCfg = Debug|Any CPU
		{D15F2501-E42A-4F07-8017-69E6E992CC32}.Debug|Any CPU.Build.0 = Debug|Any CPU
		{D15F2501-E42A-4F07-8017-69E6E992CC32}.Debug|x64.ActiveCfg = Debug|Any CPU
		{D15F2501-E42A-4F07-8017-69E6E992CC32}.Debug|x64.Build.0 = Debug|Any CPU
		{D15F2501-E42A-4F07-8017-69E6E992CC32}.Release|Any CPU.ActiveCfg = Release|Any CPU
		{D15F2501-E42A-4F07-8017-69E6E992CC32}.Release|Any CPU.Build.0 = Release|Any CPU
		{D15F2501-E42A-4F07-8017-69E6E992CC32}.Release|x64.ActiveCfg = Release|Any CPU
		{D15F2501-E42A-4F07-8017-69E6E992CC32}.Release|x64.Build.0 = Release|Any CPU
		{D15F2501-E42A-4F07-8017-69E6E992CC32}.VS|Any CPU.ActiveCfg = VS|Any CPU
		{D15F2501-E42A-4F07-8017-69E6E992CC32}.VS|Any CPU.Build.0 = VS|Any CPU
		{D15F2501-E42A-4F07-8017-69E6E992CC32}.VS|x64.ActiveCfg = VS|Any CPU
		{D15F2501-E42A-4F07-8017-69E6E992CC32}.VS|x64.Build.0 = VS|Any CPU
		{F19238B5-5253-457A-923C-B201D5A85FA0}.Debug|Any CPU.ActiveCfg = Debug|Any CPU
		{F19238B5-5253-457A-923C-B201D5A85FA0}.Debug|Any CPU.Build.0 = Debug|Any CPU
		{F19238B5-5253-457A-923C-B201D5A85FA0}.Debug|x64.ActiveCfg = Debug|Any CPU
		{F19238B5-5253-457A-923C-B201D5A85FA0}.Debug|x64.Build.0 = Debug|Any CPU
		{F19238B5-5253-457A-923C-B201D5A85FA0}.Release|Any CPU.ActiveCfg = Release|Any CPU
		{F19238B5-5253-457A-923C-B201D5A85FA0}.Release|Any CPU.Build.0 = Release|Any CPU
		{F19238B5-5253-457A-923C-B201D5A85FA0}.Release|x64.ActiveCfg = Release|Any CPU
		{F19238B5-5253-457A-923C-B201D5A85FA0}.Release|x64.Build.0 = Release|Any CPU
		{F19238B5-5253-457A-923C-B201D5A85FA0}.VS|Any CPU.ActiveCfg = VS|Any CPU
		{F19238B5-5253-457A-923C-B201D5A85FA0}.VS|Any CPU.Build.0 = VS|Any CPU
		{F19238B5-5253-457A-923C-B201D5A85FA0}.VS|x64.ActiveCfg = VS|Any CPU
		{F19238B5-5253-457A-923C-B201D5A85FA0}.VS|x64.Build.0 = VS|Any CPU
		{14971F34-B415-4CB3-BF1C-613FB05FE322}.Debug|Any CPU.ActiveCfg = Debug|Any CPU
		{14971F34-B415-4CB3-BF1C-613FB05FE322}.Debug|Any CPU.Build.0 = Debug|Any CPU
		{14971F34-B415-4CB3-BF1C-613FB05FE322}.Debug|x64.ActiveCfg = Debug|Any CPU
		{14971F34-B415-4CB3-BF1C-613FB05FE322}.Debug|x64.Build.0 = Debug|Any CPU
		{14971F34-B415-4CB3-BF1C-613FB05FE322}.Release|Any CPU.ActiveCfg = Release|Any CPU
		{14971F34-B415-4CB3-BF1C-613FB05FE322}.Release|Any CPU.Build.0 = Release|Any CPU
		{14971F34-B415-4CB3-BF1C-613FB05FE322}.Release|x64.ActiveCfg = Release|Any CPU
		{14971F34-B415-4CB3-BF1C-613FB05FE322}.Release|x64.Build.0 = Release|Any CPU
		{14971F34-B415-4CB3-BF1C-613FB05FE322}.VS|Any CPU.ActiveCfg = VS|Any CPU
		{14971F34-B415-4CB3-BF1C-613FB05FE322}.VS|Any CPU.Build.0 = VS|Any CPU
		{14971F34-B415-4CB3-BF1C-613FB05FE322}.VS|x64.ActiveCfg = VS|Any CPU
		{14971F34-B415-4CB3-BF1C-613FB05FE322}.VS|x64.Build.0 = VS|Any CPU
		{00A023E7-0B18-45AC-9D4B-FED8D5F9BC1A}.Debug|Any CPU.ActiveCfg = Debug|Any CPU
		{00A023E7-0B18-45AC-9D4B-FED8D5F9BC1A}.Debug|Any CPU.Build.0 = Debug|Any CPU
		{00A023E7-0B18-45AC-9D4B-FED8D5F9BC1A}.Debug|x64.ActiveCfg = Debug|Any CPU
		{00A023E7-0B18-45AC-9D4B-FED8D5F9BC1A}.Debug|x64.Build.0 = Debug|Any CPU
		{00A023E7-0B18-45AC-9D4B-FED8D5F9BC1A}.Release|Any CPU.ActiveCfg = Release|Any CPU
		{00A023E7-0B18-45AC-9D4B-FED8D5F9BC1A}.Release|Any CPU.Build.0 = Release|Any CPU
		{00A023E7-0B18-45AC-9D4B-FED8D5F9BC1A}.Release|x64.ActiveCfg = Release|Any CPU
		{00A023E7-0B18-45AC-9D4B-FED8D5F9BC1A}.Release|x64.Build.0 = Release|Any CPU
		{00A023E7-0B18-45AC-9D4B-FED8D5F9BC1A}.VS|Any CPU.ActiveCfg = VS|Any CPU
		{00A023E7-0B18-45AC-9D4B-FED8D5F9BC1A}.VS|Any CPU.Build.0 = VS|Any CPU
		{00A023E7-0B18-45AC-9D4B-FED8D5F9BC1A}.VS|x64.ActiveCfg = VS|Any CPU
		{00A023E7-0B18-45AC-9D4B-FED8D5F9BC1A}.VS|x64.Build.0 = VS|Any CPU
		{A5B48E8A-7F9D-4D89-868E-55FC2092BCDA}.Debug|Any CPU.ActiveCfg = Debug|Any CPU
		{A5B48E8A-7F9D-4D89-868E-55FC2092BCDA}.Debug|Any CPU.Build.0 = Debug|Any CPU
		{A5B48E8A-7F9D-4D89-868E-55FC2092BCDA}.Debug|x64.ActiveCfg = Debug|Any CPU
		{A5B48E8A-7F9D-4D89-868E-55FC2092BCDA}.Debug|x64.Build.0 = Debug|Any CPU
		{A5B48E8A-7F9D-4D89-868E-55FC2092BCDA}.Release|Any CPU.ActiveCfg = Release|Any CPU
		{A5B48E8A-7F9D-4D89-868E-55FC2092BCDA}.Release|Any CPU.Build.0 = Release|Any CPU
		{A5B48E8A-7F9D-4D89-868E-55FC2092BCDA}.Release|x64.ActiveCfg = Release|Any CPU
		{A5B48E8A-7F9D-4D89-868E-55FC2092BCDA}.Release|x64.Build.0 = Release|Any CPU
		{A5B48E8A-7F9D-4D89-868E-55FC2092BCDA}.VS|Any CPU.ActiveCfg = VS|Any CPU
		{A5B48E8A-7F9D-4D89-868E-55FC2092BCDA}.VS|Any CPU.Build.0 = VS|Any CPU
		{A5B48E8A-7F9D-4D89-868E-55FC2092BCDA}.VS|x64.ActiveCfg = VS|Any CPU
		{A5B48E8A-7F9D-4D89-868E-55FC2092BCDA}.VS|x64.Build.0 = VS|Any CPU
		{F9A3E542-6663-4484-8ED7-31B54F5A80BD}.Debug|Any CPU.ActiveCfg = Debug|Any CPU
		{F9A3E542-6663-4484-8ED7-31B54F5A80BD}.Debug|Any CPU.Build.0 = Debug|Any CPU
		{F9A3E542-6663-4484-8ED7-31B54F5A80BD}.Debug|x64.ActiveCfg = Debug|Any CPU
		{F9A3E542-6663-4484-8ED7-31B54F5A80BD}.Debug|x64.Build.0 = Debug|Any CPU
		{F9A3E542-6663-4484-8ED7-31B54F5A80BD}.Release|Any CPU.ActiveCfg = Release|Any CPU
		{F9A3E542-6663-4484-8ED7-31B54F5A80BD}.Release|Any CPU.Build.0 = Release|Any CPU
		{F9A3E542-6663-4484-8ED7-31B54F5A80BD}.Release|x64.ActiveCfg = Release|Any CPU
		{F9A3E542-6663-4484-8ED7-31B54F5A80BD}.Release|x64.Build.0 = Release|Any CPU
		{F9A3E542-6663-4484-8ED7-31B54F5A80BD}.VS|Any CPU.ActiveCfg = VS|Any CPU
		{F9A3E542-6663-4484-8ED7-31B54F5A80BD}.VS|Any CPU.Build.0 = VS|Any CPU
		{F9A3E542-6663-4484-8ED7-31B54F5A80BD}.VS|x64.ActiveCfg = VS|Any CPU
		{F9A3E542-6663-4484-8ED7-31B54F5A80BD}.VS|x64.Build.0 = VS|Any CPU
		{A6A9339B-B464-4B90-9DC4-069B2D7932A5}.Debug|Any CPU.ActiveCfg = Debug|Any CPU
		{A6A9339B-B464-4B90-9DC4-069B2D7932A5}.Debug|Any CPU.Build.0 = Debug|Any CPU
		{A6A9339B-B464-4B90-9DC4-069B2D7932A5}.Debug|x64.ActiveCfg = Debug|Any CPU
		{A6A9339B-B464-4B90-9DC4-069B2D7932A5}.Debug|x64.Build.0 = Debug|Any CPU
		{A6A9339B-B464-4B90-9DC4-069B2D7932A5}.Release|Any CPU.ActiveCfg = Release|Any CPU
		{A6A9339B-B464-4B90-9DC4-069B2D7932A5}.Release|Any CPU.Build.0 = Release|Any CPU
		{A6A9339B-B464-4B90-9DC4-069B2D7932A5}.Release|x64.ActiveCfg = Release|Any CPU
		{A6A9339B-B464-4B90-9DC4-069B2D7932A5}.Release|x64.Build.0 = Release|Any CPU
		{A6A9339B-B464-4B90-9DC4-069B2D7932A5}.VS|Any CPU.ActiveCfg = VS|Any CPU
		{A6A9339B-B464-4B90-9DC4-069B2D7932A5}.VS|Any CPU.Build.0 = VS|Any CPU
		{A6A9339B-B464-4B90-9DC4-069B2D7932A5}.VS|x64.ActiveCfg = VS|Any CPU
		{A6A9339B-B464-4B90-9DC4-069B2D7932A5}.VS|x64.Build.0 = VS|Any CPU
		{A6B1164A-D9C1-471F-B2C2-E645B3A12C32}.Debug|Any CPU.ActiveCfg = Debug|Any CPU
		{A6B1164A-D9C1-471F-B2C2-E645B3A12C32}.Debug|Any CPU.Build.0 = Debug|Any CPU
		{A6B1164A-D9C1-471F-B2C2-E645B3A12C32}.Debug|x64.ActiveCfg = Debug|Any CPU
		{A6B1164A-D9C1-471F-B2C2-E645B3A12C32}.Debug|x64.Build.0 = Debug|Any CPU
		{A6B1164A-D9C1-471F-B2C2-E645B3A12C32}.Release|Any CPU.ActiveCfg = Release|Any CPU
		{A6B1164A-D9C1-471F-B2C2-E645B3A12C32}.Release|Any CPU.Build.0 = Release|Any CPU
		{A6B1164A-D9C1-471F-B2C2-E645B3A12C32}.Release|x64.ActiveCfg = Release|Any CPU
		{A6B1164A-D9C1-471F-B2C2-E645B3A12C32}.Release|x64.Build.0 = Release|Any CPU
		{A6B1164A-D9C1-471F-B2C2-E645B3A12C32}.VS|Any CPU.ActiveCfg = VS|Any CPU
		{A6B1164A-D9C1-471F-B2C2-E645B3A12C32}.VS|Any CPU.Build.0 = VS|Any CPU
		{A6B1164A-D9C1-471F-B2C2-E645B3A12C32}.VS|x64.ActiveCfg = VS|Any CPU
		{A6B1164A-D9C1-471F-B2C2-E645B3A12C32}.VS|x64.Build.0 = VS|Any CPU
		{5D8D79A3-8E8E-4ED9-B125-151250FC80D2}.Debug|Any CPU.ActiveCfg = Debug|Any CPU
		{5D8D79A3-8E8E-4ED9-B125-151250FC80D2}.Debug|Any CPU.Build.0 = Debug|Any CPU
		{5D8D79A3-8E8E-4ED9-B125-151250FC80D2}.Debug|x64.ActiveCfg = Debug|Any CPU
		{5D8D79A3-8E8E-4ED9-B125-151250FC80D2}.Debug|x64.Build.0 = Debug|Any CPU
		{5D8D79A3-8E8E-4ED9-B125-151250FC80D2}.Release|Any CPU.ActiveCfg = Release|Any CPU
		{5D8D79A3-8E8E-4ED9-B125-151250FC80D2}.Release|Any CPU.Build.0 = Release|Any CPU
		{5D8D79A3-8E8E-4ED9-B125-151250FC80D2}.Release|x64.ActiveCfg = Release|Any CPU
		{5D8D79A3-8E8E-4ED9-B125-151250FC80D2}.Release|x64.Build.0 = Release|Any CPU
		{5D8D79A3-8E8E-4ED9-B125-151250FC80D2}.VS|Any CPU.ActiveCfg = VS|Any CPU
		{5D8D79A3-8E8E-4ED9-B125-151250FC80D2}.VS|Any CPU.Build.0 = VS|Any CPU
		{5D8D79A3-8E8E-4ED9-B125-151250FC80D2}.VS|x64.ActiveCfg = VS|Any CPU
		{5D8D79A3-8E8E-4ED9-B125-151250FC80D2}.VS|x64.Build.0 = VS|Any CPU
		{89D2788C-1527-475F-A65C-0BD48BBDD130}.Debug|Any CPU.ActiveCfg = Debug|Any CPU
		{89D2788C-1527-475F-A65C-0BD48BBDD130}.Debug|Any CPU.Build.0 = Debug|Any CPU
		{89D2788C-1527-475F-A65C-0BD48BBDD130}.Debug|x64.ActiveCfg = Debug|Any CPU
		{89D2788C-1527-475F-A65C-0BD48BBDD130}.Debug|x64.Build.0 = Debug|Any CPU
		{89D2788C-1527-475F-A65C-0BD48BBDD130}.Release|Any CPU.ActiveCfg = Release|Any CPU
		{89D2788C-1527-475F-A65C-0BD48BBDD130}.Release|Any CPU.Build.0 = Release|Any CPU
		{89D2788C-1527-475F-A65C-0BD48BBDD130}.Release|x64.ActiveCfg = Release|Any CPU
		{89D2788C-1527-475F-A65C-0BD48BBDD130}.Release|x64.Build.0 = Release|Any CPU
		{89D2788C-1527-475F-A65C-0BD48BBDD130}.VS|Any CPU.ActiveCfg = VS|Any CPU
		{89D2788C-1527-475F-A65C-0BD48BBDD130}.VS|Any CPU.Build.0 = VS|Any CPU
		{89D2788C-1527-475F-A65C-0BD48BBDD130}.VS|x64.ActiveCfg = VS|Any CPU
		{89D2788C-1527-475F-A65C-0BD48BBDD130}.VS|x64.Build.0 = VS|Any CPU
		{818109EE-F0F6-4089-A4EB-2B8C9222D8CA}.Debug|Any CPU.ActiveCfg = Debug|Any CPU
		{818109EE-F0F6-4089-A4EB-2B8C9222D8CA}.Debug|Any CPU.Build.0 = Debug|Any CPU
		{818109EE-F0F6-4089-A4EB-2B8C9222D8CA}.Debug|x64.ActiveCfg = Debug|Any CPU
		{818109EE-F0F6-4089-A4EB-2B8C9222D8CA}.Debug|x64.Build.0 = Debug|Any CPU
		{818109EE-F0F6-4089-A4EB-2B8C9222D8CA}.Release|Any CPU.ActiveCfg = Release|Any CPU
		{818109EE-F0F6-4089-A4EB-2B8C9222D8CA}.Release|Any CPU.Build.0 = Release|Any CPU
		{818109EE-F0F6-4089-A4EB-2B8C9222D8CA}.Release|x64.ActiveCfg = Release|Any CPU
		{818109EE-F0F6-4089-A4EB-2B8C9222D8CA}.Release|x64.Build.0 = Release|Any CPU
		{818109EE-F0F6-4089-A4EB-2B8C9222D8CA}.VS|Any CPU.ActiveCfg = VS|Any CPU
		{818109EE-F0F6-4089-A4EB-2B8C9222D8CA}.VS|Any CPU.Build.0 = VS|Any CPU
		{818109EE-F0F6-4089-A4EB-2B8C9222D8CA}.VS|x64.ActiveCfg = VS|Any CPU
		{818109EE-F0F6-4089-A4EB-2B8C9222D8CA}.VS|x64.Build.0 = VS|Any CPU
		{2850FB0B-424F-46C8-BBBC-E6BAA415AF5D}.Debug|Any CPU.ActiveCfg = Debug|Any CPU
		{2850FB0B-424F-46C8-BBBC-E6BAA415AF5D}.Debug|Any CPU.Build.0 = Debug|Any CPU
		{2850FB0B-424F-46C8-BBBC-E6BAA415AF5D}.Debug|x64.ActiveCfg = Debug|x86
		{2850FB0B-424F-46C8-BBBC-E6BAA415AF5D}.Debug|x64.Build.0 = Debug|x86
		{2850FB0B-424F-46C8-BBBC-E6BAA415AF5D}.Release|Any CPU.ActiveCfg = Release|x86
		{2850FB0B-424F-46C8-BBBC-E6BAA415AF5D}.Release|Any CPU.Build.0 = Release|x86
		{2850FB0B-424F-46C8-BBBC-E6BAA415AF5D}.Release|x64.ActiveCfg = Release|x86
		{2850FB0B-424F-46C8-BBBC-E6BAA415AF5D}.Release|x64.Build.0 = Release|x86
		{2850FB0B-424F-46C8-BBBC-E6BAA415AF5D}.VS|Any CPU.ActiveCfg = VS|Any CPU
		{2850FB0B-424F-46C8-BBBC-E6BAA415AF5D}.VS|Any CPU.Build.0 = VS|Any CPU
		{2850FB0B-424F-46C8-BBBC-E6BAA415AF5D}.VS|x64.ActiveCfg = VS|Any CPU
		{2850FB0B-424F-46C8-BBBC-E6BAA415AF5D}.VS|x64.Build.0 = VS|Any CPU
		{915E8224-D9AF-4788-B44F-D8A8FE95535F}.Debug|Any CPU.ActiveCfg = Debug|x64
		{915E8224-D9AF-4788-B44F-D8A8FE95535F}.Debug|Any CPU.Build.0 = Debug|x64
		{915E8224-D9AF-4788-B44F-D8A8FE95535F}.Debug|x64.ActiveCfg = Debug|x64
		{915E8224-D9AF-4788-B44F-D8A8FE95535F}.Debug|x64.Build.0 = Debug|x64
		{915E8224-D9AF-4788-B44F-D8A8FE95535F}.Release|Any CPU.ActiveCfg = Release|x64
		{915E8224-D9AF-4788-B44F-D8A8FE95535F}.Release|Any CPU.Build.0 = Release|x64
		{915E8224-D9AF-4788-B44F-D8A8FE95535F}.Release|x64.ActiveCfg = Release|x64
		{915E8224-D9AF-4788-B44F-D8A8FE95535F}.Release|x64.Build.0 = Release|x64
		{915E8224-D9AF-4788-B44F-D8A8FE95535F}.VS|Any CPU.ActiveCfg = VS|x64
		{915E8224-D9AF-4788-B44F-D8A8FE95535F}.VS|Any CPU.Build.0 = VS|x64
		{915E8224-D9AF-4788-B44F-D8A8FE95535F}.VS|x64.ActiveCfg = VS|x64
		{915E8224-D9AF-4788-B44F-D8A8FE95535F}.VS|x64.Build.0 = VS|x64
		{B26B1156-BEAD-4175-B61F-7BD4E0827CBA}.Debug|Any CPU.ActiveCfg = Debug|Any CPU
		{B26B1156-BEAD-4175-B61F-7BD4E0827CBA}.Debug|Any CPU.Build.0 = Debug|Any CPU
		{B26B1156-BEAD-4175-B61F-7BD4E0827CBA}.Debug|x64.ActiveCfg = Debug|Any CPU
		{B26B1156-BEAD-4175-B61F-7BD4E0827CBA}.Debug|x64.Build.0 = Debug|Any CPU
		{B26B1156-BEAD-4175-B61F-7BD4E0827CBA}.Release|Any CPU.ActiveCfg = Release|Any CPU
		{B26B1156-BEAD-4175-B61F-7BD4E0827CBA}.Release|Any CPU.Build.0 = Release|Any CPU
		{B26B1156-BEAD-4175-B61F-7BD4E0827CBA}.Release|x64.ActiveCfg = Release|Any CPU
		{B26B1156-BEAD-4175-B61F-7BD4E0827CBA}.Release|x64.Build.0 = Release|Any CPU
		{B26B1156-BEAD-4175-B61F-7BD4E0827CBA}.VS|Any CPU.ActiveCfg = VS|Any CPU
		{B26B1156-BEAD-4175-B61F-7BD4E0827CBA}.VS|Any CPU.Build.0 = VS|Any CPU
		{B26B1156-BEAD-4175-B61F-7BD4E0827CBA}.VS|x64.ActiveCfg = VS|Any CPU
		{B26B1156-BEAD-4175-B61F-7BD4E0827CBA}.VS|x64.Build.0 = VS|Any CPU
		{E226CF42-C7A4-445B-8BAD-DE9361B6A41E}.Debug|Any CPU.ActiveCfg = Debug|Any CPU
		{E226CF42-C7A4-445B-8BAD-DE9361B6A41E}.Debug|Any CPU.Build.0 = Debug|Any CPU
		{E226CF42-C7A4-445B-8BAD-DE9361B6A41E}.Debug|x64.ActiveCfg = Debug|Any CPU
		{E226CF42-C7A4-445B-8BAD-DE9361B6A41E}.Debug|x64.Build.0 = Debug|Any CPU
		{E226CF42-C7A4-445B-8BAD-DE9361B6A41E}.Release|Any CPU.ActiveCfg = Release|Any CPU
		{E226CF42-C7A4-445B-8BAD-DE9361B6A41E}.Release|Any CPU.Build.0 = Release|Any CPU
		{E226CF42-C7A4-445B-8BAD-DE9361B6A41E}.Release|x64.ActiveCfg = Release|Any CPU
		{E226CF42-C7A4-445B-8BAD-DE9361B6A41E}.Release|x64.Build.0 = Release|Any CPU
		{E226CF42-C7A4-445B-8BAD-DE9361B6A41E}.VS|Any CPU.ActiveCfg = VS|Any CPU
		{E226CF42-C7A4-445B-8BAD-DE9361B6A41E}.VS|Any CPU.Build.0 = VS|Any CPU
		{E226CF42-C7A4-445B-8BAD-DE9361B6A41E}.VS|x64.ActiveCfg = VS|Any CPU
		{E226CF42-C7A4-445B-8BAD-DE9361B6A41E}.VS|x64.Build.0 = VS|Any CPU
		{74FCA5B8-79CD-49B2-A023-C9E8CD7E3FE4}.Debug|Any CPU.ActiveCfg = Debug|Any CPU
		{74FCA5B8-79CD-49B2-A023-C9E8CD7E3FE4}.Debug|Any CPU.Build.0 = Debug|Any CPU
		{74FCA5B8-79CD-49B2-A023-C9E8CD7E3FE4}.Debug|x64.ActiveCfg = Debug|Any CPU
		{74FCA5B8-79CD-49B2-A023-C9E8CD7E3FE4}.Debug|x64.Build.0 = Debug|Any CPU
		{74FCA5B8-79CD-49B2-A023-C9E8CD7E3FE4}.Release|Any CPU.ActiveCfg = Release|Any CPU
		{74FCA5B8-79CD-49B2-A023-C9E8CD7E3FE4}.Release|Any CPU.Build.0 = Release|Any CPU
		{74FCA5B8-79CD-49B2-A023-C9E8CD7E3FE4}.Release|x64.ActiveCfg = Release|Any CPU
		{74FCA5B8-79CD-49B2-A023-C9E8CD7E3FE4}.Release|x64.Build.0 = Release|Any CPU
		{74FCA5B8-79CD-49B2-A023-C9E8CD7E3FE4}.VS|Any CPU.ActiveCfg = VS|Any CPU
		{74FCA5B8-79CD-49B2-A023-C9E8CD7E3FE4}.VS|Any CPU.Build.0 = VS|Any CPU
		{74FCA5B8-79CD-49B2-A023-C9E8CD7E3FE4}.VS|x64.ActiveCfg = VS|Any CPU
		{74FCA5B8-79CD-49B2-A023-C9E8CD7E3FE4}.VS|x64.Build.0 = VS|Any CPU
		{21460944-46FD-44F8-8FBA-BACDCB8FE039}.Debug|Any CPU.ActiveCfg = Debug|Any CPU
		{21460944-46FD-44F8-8FBA-BACDCB8FE039}.Debug|Any CPU.Build.0 = Debug|Any CPU
		{21460944-46FD-44F8-8FBA-BACDCB8FE039}.Debug|x64.ActiveCfg = Debug|Any CPU
		{21460944-46FD-44F8-8FBA-BACDCB8FE039}.Debug|x64.Build.0 = Debug|Any CPU
		{21460944-46FD-44F8-8FBA-BACDCB8FE039}.Release|Any CPU.ActiveCfg = Release|Any CPU
		{21460944-46FD-44F8-8FBA-BACDCB8FE039}.Release|Any CPU.Build.0 = Release|Any CPU
		{21460944-46FD-44F8-8FBA-BACDCB8FE039}.Release|x64.ActiveCfg = Release|Any CPU
		{21460944-46FD-44F8-8FBA-BACDCB8FE039}.Release|x64.Build.0 = Release|Any CPU
		{21460944-46FD-44F8-8FBA-BACDCB8FE039}.VS|Any CPU.ActiveCfg = VS|Any CPU
		{21460944-46FD-44F8-8FBA-BACDCB8FE039}.VS|Any CPU.Build.0 = VS|Any CPU
		{21460944-46FD-44F8-8FBA-BACDCB8FE039}.VS|x64.ActiveCfg = VS|Any CPU
		{21460944-46FD-44F8-8FBA-BACDCB8FE039}.VS|x64.Build.0 = VS|Any CPU
		{DB50197B-924B-49A8-9F82-691280ABED36}.Debug|Any CPU.ActiveCfg = Debug|Any CPU
		{DB50197B-924B-49A8-9F82-691280ABED36}.Debug|Any CPU.Build.0 = Debug|Any CPU
		{DB50197B-924B-49A8-9F82-691280ABED36}.Debug|x64.ActiveCfg = Debug|Any CPU
		{DB50197B-924B-49A8-9F82-691280ABED36}.Debug|x64.Build.0 = Debug|Any CPU
		{DB50197B-924B-49A8-9F82-691280ABED36}.Release|Any CPU.ActiveCfg = Release|Any CPU
		{DB50197B-924B-49A8-9F82-691280ABED36}.Release|Any CPU.Build.0 = Release|Any CPU
		{DB50197B-924B-49A8-9F82-691280ABED36}.Release|x64.ActiveCfg = Release|Any CPU
		{DB50197B-924B-49A8-9F82-691280ABED36}.Release|x64.Build.0 = Release|Any CPU
		{DB50197B-924B-49A8-9F82-691280ABED36}.VS|Any CPU.ActiveCfg = VS|Any CPU
		{DB50197B-924B-49A8-9F82-691280ABED36}.VS|Any CPU.Build.0 = VS|Any CPU
		{DB50197B-924B-49A8-9F82-691280ABED36}.VS|x64.ActiveCfg = VS|Any CPU
		{DB50197B-924B-49A8-9F82-691280ABED36}.VS|x64.Build.0 = VS|Any CPU
		{C20F3BC7-45F5-41DB-8514-CEEC899F4F5A}.Debug|Any CPU.ActiveCfg = Debug|Any CPU
		{C20F3BC7-45F5-41DB-8514-CEEC899F4F5A}.Debug|Any CPU.Build.0 = Debug|Any CPU
		{C20F3BC7-45F5-41DB-8514-CEEC899F4F5A}.Debug|x64.ActiveCfg = Debug|Any CPU
		{C20F3BC7-45F5-41DB-8514-CEEC899F4F5A}.Debug|x64.Build.0 = Debug|Any CPU
		{C20F3BC7-45F5-41DB-8514-CEEC899F4F5A}.Release|Any CPU.ActiveCfg = Release|Any CPU
		{C20F3BC7-45F5-41DB-8514-CEEC899F4F5A}.Release|Any CPU.Build.0 = Release|Any CPU
		{C20F3BC7-45F5-41DB-8514-CEEC899F4F5A}.Release|x64.ActiveCfg = Release|Any CPU
		{C20F3BC7-45F5-41DB-8514-CEEC899F4F5A}.Release|x64.Build.0 = Release|Any CPU
		{C20F3BC7-45F5-41DB-8514-CEEC899F4F5A}.VS|Any CPU.ActiveCfg = VS|Any CPU
		{C20F3BC7-45F5-41DB-8514-CEEC899F4F5A}.VS|Any CPU.Build.0 = VS|Any CPU
		{C20F3BC7-45F5-41DB-8514-CEEC899F4F5A}.VS|x64.ActiveCfg = VS|Any CPU
		{C20F3BC7-45F5-41DB-8514-CEEC899F4F5A}.VS|x64.Build.0 = VS|Any CPU
		{90D01C3F-9C98-4802-B4B3-0F25FE68815B}.Debug|Any CPU.ActiveCfg = Debug|Any CPU
		{90D01C3F-9C98-4802-B4B3-0F25FE68815B}.Debug|Any CPU.Build.0 = Debug|Any CPU
		{90D01C3F-9C98-4802-B4B3-0F25FE68815B}.Debug|x64.ActiveCfg = Debug|Any CPU
		{90D01C3F-9C98-4802-B4B3-0F25FE68815B}.Debug|x64.Build.0 = Debug|Any CPU
		{90D01C3F-9C98-4802-B4B3-0F25FE68815B}.Release|Any CPU.ActiveCfg = Release|Any CPU
		{90D01C3F-9C98-4802-B4B3-0F25FE68815B}.Release|Any CPU.Build.0 = Release|Any CPU
		{90D01C3F-9C98-4802-B4B3-0F25FE68815B}.Release|x64.ActiveCfg = Release|Any CPU
		{90D01C3F-9C98-4802-B4B3-0F25FE68815B}.Release|x64.Build.0 = Release|Any CPU
		{90D01C3F-9C98-4802-B4B3-0F25FE68815B}.VS|Any CPU.ActiveCfg = VS|Any CPU
		{90D01C3F-9C98-4802-B4B3-0F25FE68815B}.VS|Any CPU.Build.0 = VS|Any CPU
		{90D01C3F-9C98-4802-B4B3-0F25FE68815B}.VS|x64.ActiveCfg = VS|Any CPU
		{90D01C3F-9C98-4802-B4B3-0F25FE68815B}.VS|x64.Build.0 = VS|Any CPU
		{0E828CAD-D350-451A-91FC-5424878EA627}.Debug|Any CPU.ActiveCfg = Debug|Any CPU
		{0E828CAD-D350-451A-91FC-5424878EA627}.Debug|Any CPU.Build.0 = Debug|Any CPU
		{0E828CAD-D350-451A-91FC-5424878EA627}.Debug|x64.ActiveCfg = Debug|x86
		{0E828CAD-D350-451A-91FC-5424878EA627}.Debug|x64.Build.0 = Debug|x86
		{0E828CAD-D350-451A-91FC-5424878EA627}.Release|Any CPU.ActiveCfg = Release|x86
		{0E828CAD-D350-451A-91FC-5424878EA627}.Release|Any CPU.Build.0 = Release|x86
		{0E828CAD-D350-451A-91FC-5424878EA627}.Release|x64.ActiveCfg = Release|x86
		{0E828CAD-D350-451A-91FC-5424878EA627}.Release|x64.Build.0 = Release|x86
		{0E828CAD-D350-451A-91FC-5424878EA627}.VS|Any CPU.ActiveCfg = VS|Any CPU
		{0E828CAD-D350-451A-91FC-5424878EA627}.VS|Any CPU.Build.0 = VS|Any CPU
		{0E828CAD-D350-451A-91FC-5424878EA627}.VS|x64.ActiveCfg = VS|Any CPU
		{0E828CAD-D350-451A-91FC-5424878EA627}.VS|x64.Build.0 = VS|Any CPU
	EndGlobalSection
	GlobalSection(SolutionProperties) = preSolution
		HideSolutionNode = FALSE
	EndGlobalSection
	GlobalSection(NestedProjects) = preSolution
		{E6FA69C8-7F5D-4BC4-9A84-33731BB1E92B} = {53A034D3-7FD1-4193-BD4B-3C9AF7585318}
		{DDD69317-EBF1-4256-9EF9-A89B8F3A476C} = {53A034D3-7FD1-4193-BD4B-3C9AF7585318}
		{7677B801-F749-4497-84A5-DE33AA217AE1} = {53A034D3-7FD1-4193-BD4B-3C9AF7585318}
		{7A6FE3E6-90E1-4CA3-B5FC-93324DBFF30E} = {270362C3-5A43-42DE-9C3B-04DD72A6934F}
		{B7D7CCBF-A688-43AA-992B-4CFAD356CC3F} = {53A034D3-7FD1-4193-BD4B-3C9AF7585318}
		{318DD635-1ADA-4D2E-9EA8-03A4B3E00145} = {53A034D3-7FD1-4193-BD4B-3C9AF7585318}
		{5C5EE319-D205-4DDC-BFFD-19B1344FFD9A} = {53A034D3-7FD1-4193-BD4B-3C9AF7585318}
		{D15F2501-E42A-4F07-8017-69E6E992CC32} = {53A034D3-7FD1-4193-BD4B-3C9AF7585318}
		{F19238B5-5253-457A-923C-B201D5A85FA0} = {F16D6404-F291-42E8-A8CB-88AB4B133910}
		{14971F34-B415-4CB3-BF1C-613FB05FE322} = {F16D6404-F291-42E8-A8CB-88AB4B133910}
		{00A023E7-0B18-45AC-9D4B-FED8D5F9BC1A} = {F16D6404-F291-42E8-A8CB-88AB4B133910}
		{A5B48E8A-7F9D-4D89-868E-55FC2092BCDA} = {F16D6404-F291-42E8-A8CB-88AB4B133910}
		{F9A3E542-6663-4484-8ED7-31B54F5A80BD} = {53A034D3-7FD1-4193-BD4B-3C9AF7585318}
		{A6A9339B-B464-4B90-9DC4-069B2D7932A5} = {53A034D3-7FD1-4193-BD4B-3C9AF7585318}
		{A6B1164A-D9C1-471F-B2C2-E645B3A12C32} = {53A034D3-7FD1-4193-BD4B-3C9AF7585318}
		{5D8D79A3-8E8E-4ED9-B125-151250FC80D2} = {53A034D3-7FD1-4193-BD4B-3C9AF7585318}
		{89D2788C-1527-475F-A65C-0BD48BBDD130} = {53A034D3-7FD1-4193-BD4B-3C9AF7585318}
		{2850FB0B-424F-46C8-BBBC-E6BAA415AF5D} = {350286B6-8242-49C9-9A54-5A7F6DE3C0DE}
		{915E8224-D9AF-4788-B44F-D8A8FE95535F} = {270362C3-5A43-42DE-9C3B-04DD72A6934F}
		{B26B1156-BEAD-4175-B61F-7BD4E0827CBA} = {53A034D3-7FD1-4193-BD4B-3C9AF7585318}
		{E226CF42-C7A4-445B-8BAD-DE9361B6A41E} = {53A034D3-7FD1-4193-BD4B-3C9AF7585318}
		{74FCA5B8-79CD-49B2-A023-C9E8CD7E3FE4} = {53A034D3-7FD1-4193-BD4B-3C9AF7585318}
		{21460944-46FD-44F8-8FBA-BACDCB8FE039} = {53A034D3-7FD1-4193-BD4B-3C9AF7585318}
		{DB50197B-924B-49A8-9F82-691280ABED36} = {53A034D3-7FD1-4193-BD4B-3C9AF7585318}
		{C20F3BC7-45F5-41DB-8514-CEEC899F4F5A} = {53A034D3-7FD1-4193-BD4B-3C9AF7585318}
		{90D01C3F-9C98-4802-B4B3-0F25FE68815B} = {350286B6-8242-49C9-9A54-5A7F6DE3C0DE}
		{0E828CAD-D350-451A-91FC-5424878EA627} = {350286B6-8242-49C9-9A54-5A7F6DE3C0DE}
	EndGlobalSection
	GlobalSection(ExtensibilityGlobals) = postSolution
		SolutionGuid = {2C7FFA85-C6DE-47ED-96E0-B41BDDB2DD62}
	EndGlobalSection
EndGlobal
