
Microsoft Visual Studio Solution File, Format Version 12.00
# Visual Studio Version 17
VisualStudioVersion = 17.0.32112.339
MinimumVisualStudioVersion = 10.0.40219.1
Project("{2150E333-8FDC-42A3-9474-1A3956D46DE8}") = "Libraries", "Libraries", "{BF081B6F-A0E7-471D-9DB6-DAC3CA1F9F70}"
EndProject
Project("{2150E333-8FDC-42A3-9474-1A3956D46DE8}") = "CncLibraries", "CncLibraries", "{7C247F25-6ECC-4BDB-998A-2647AFAA4D70}"
EndProject
Project("{2150E333-8FDC-42A3-9474-1A3956D46DE8}") = "Controls", "Controls", "{CCE01854-CB6E-4A26-B8AC-009EAA914C16}"
EndProject
Project("{9A19103F-16F7-4668-BE54-9A1E7A4F7556}") = "Lemoine.ModelDAO", "..\..\..\Libraries\Lemoine.ModelDAO\Lemoine.ModelDAO.csproj", "{B09F2576-9FD0-4B32-B609-46310715F780}"
EndProject
Project("{9A19103F-16F7-4668-BE54-9A1E7A4F7556}") = "Lemoine.DataRepository", "..\..\..\Libraries\Lemoine.DataRepository\Lemoine.DataRepository.csproj", "{4376FC21-4B9E-418B-9E8F-6BEE753DEB32}"
EndProject
Project("{9A19103F-16F7-4668-BE54-9A1E7A4F7556}") = "Lemoine.CorbaHelper", "..\..\..\Libraries\Lemoine.CorbaHelper\Lemoine.CorbaHelper.csproj", "{FD422794-9212-4CE2-856F-8E7E2EADD838}"
EndProject
Project("{9A19103F-16F7-4668-BE54-9A1E7A4F7556}") = "Lemoine.NHibernate", "..\..\..\Libraries\Lemoine.NHibernate\Lemoine.NHibernate.csproj", "{1D7790E9-8A1D-4B43-B4E7-9DF293EA984A}"
EndProject
Project("{9A19103F-16F7-4668-BE54-9A1E7A4F7556}") = "Lemoine.FileRepository.Corba", "..\..\..\Libraries\Lemoine.FileRepository.Corba\Lemoine.FileRepository.Corba.csproj", "{6BA2D784-3ABC-4874-AB1C-3CE876B7E4E1}"
EndProject
Project("{9A19103F-16F7-4668-BE54-9A1E7A4F7556}") = "Lemoine.Core", "..\..\..\Libraries\Lemoine.Core\Lemoine.Core.csproj", "{25E11219-7BA1-45DD-B4AB-956074341683}"
EndProject
Project("{9A19103F-16F7-4668-BE54-9A1E7A4F7556}") = "Lemoine.Database", "..\..\..\Libraries\Lemoine.Database\Lemoine.Database.csproj", "{04DF8132-538B-44A9-A901-38D33DAB1887}"
EndProject
Project("{9A19103F-16F7-4668-BE54-9A1E7A4F7556}") = "Lemoine.Cnc.Engine", "..\..\Lemoine.Cnc.Engine\Lemoine.Cnc.Engine.csproj", "{F44AB999-D60E-44BC-A4FD-E0EADEEEE84D}"
EndProject
Project("{9A19103F-16F7-4668-BE54-9A1E7A4F7556}") = "Lemoine.Cnc.DataRepository", "..\..\Libraries\Lemoine.Cnc.DataRepository\Lemoine.Cnc.DataRepository.csproj", "{8E302674-B836-4852-9DF4-CEADE4196C46}"
EndProject
Project("{9A19103F-16F7-4668-BE54-9A1E7A4F7556}") = "Lemoine.Cnc.CncAlarm", "..\..\Libraries\Lemoine.Cnc.CncAlarm\Lemoine.Cnc.CncAlarm.csproj", "{DE7138A3-6926-4C35-A121-BC75B554ECAB}"
EndProject
Project("{9A19103F-16F7-4668-BE54-9A1E7A4F7556}") = "Lemoine.Cnc.Data", "..\..\Libraries\Lemoine.Cnc.Data\Lemoine.Cnc.Data.csproj", "{85E6A6DC-8EB7-4144-B423-888B52992477}"
EndProject
Project("{9A19103F-16F7-4668-BE54-9A1E7A4F7556}") = "Lemoine.Cnc.SQLiteQueue", "..\..\Libraries\Lemoine.Cnc.SQLiteQueue\Lemoine.Cnc.SQLiteQueue.csproj", "{7D2D4F46-5A88-4904-9B3B-75DCEB4592D8}"
EndProject
Project("{9A19103F-16F7-4668-BE54-9A1E7A4F7556}") = "Lemoine.Cnc.SystemQueue", "..\..\Libraries\Lemoine.Cnc.SystemQueue\Lemoine.Cnc.SystemQueue.csproj", "{1A315F08-D503-4074-980C-9AF5BB7AA8C8}"
EndProject
Project("{9A19103F-16F7-4668-BE54-9A1E7A4F7556}") = "Lemoine.Cnc.DataImport", "..\..\Lemoine.Cnc.DataImport\Lemoine.Cnc.DataImport.csproj", "{2BE9B007-3937-478A-8497-3F6E1DA2AD61}"
EndProject
Project("{9A19103F-16F7-4668-BE54-9A1E7A4F7556}") = "Lemoine.BaseControls", "..\..\..\Controls\Lemoine.BaseControls\Lemoine.BaseControls.csproj", "{B3DA6954-38B4-42F1-82D2-A205C25C10C1}"
EndProject
Project("{9A19103F-16F7-4668-BE54-9A1E7A4F7556}") = "Lemoine.DataControls", "..\..\..\Controls\Lemoine.DataControls\Lemoine.DataControls.csproj", "{6041A83A-100F-4BA8-B8FC-03B9AFB5AECD}"
EndProject
Project("{9A19103F-16F7-4668-BE54-9A1E7A4F7556}") = "Lem_CncGUI", "Lem_CncGUI.csproj", "{A79D8583-CFE5-43BB-9A78-270542B5D6E7}"
EndProject
Project("{9A19103F-16F7-4668-BE54-9A1E7A4F7556}") = "Lemoine.Cnc.ICncModule", "..\..\Lemoine.Cnc.ICncModule\Lemoine.Cnc.ICncModule.csproj", "{3BEC4444-703D-49E6-9A4B-40726E679ECD}"
EndProject
Project("{9A19103F-16F7-4668-BE54-9A1E7A4F7556}") = "Lemoine.Business", "..\..\..\Libraries\Lemoine.Business\Lemoine.Business.csproj", "{F6202A2E-03A5-4067-A8EC-A2592A63DA15}"
EndProject
Project("{9A19103F-16F7-4668-BE54-9A1E7A4F7556}") = "Lemoine.Core.TargetSpecific", "..\..\..\Libraries\Lemoine.Core.TargetSpecific\Lemoine.Core.TargetSpecific.csproj", "{9D239913-D5C3-40E5-BBF6-8876DD1C7580}"
EndProject
Project("{2150E333-8FDC-42A3-9474-1A3956D46DE8}") = "Extensions", "Extensions", "{FBC61816-8F3D-4749-9D2D-F72F83C149C9}"
EndProject
Project("{9A19103F-16F7-4668-BE54-9A1E7A4F7556}") = "Lemoine.Extensions", "..\..\..\Libraries\Lemoine.Extensions\Lemoine.Extensions.csproj", "{2A06696E-3ABA-47CB-83C2-E745D5C4257F}"
EndProject
Project("{9A19103F-16F7-4668-BE54-9A1E7A4F7556}") = "Lemoine.Extensions.Alert", "..\..\..\Alert\Lemoine.Extensions.Alert\Lemoine.Extensions.Alert.csproj", "{065EDF96-7EB2-487D-B560-CD1E4794A0D8}"
EndProject
Project("{9A19103F-16F7-4668-BE54-9A1E7A4F7556}") = "Lemoine.Extensions.Analysis", "..\..\..\Analysis\Lemoine.Extensions.Analysis\Lemoine.Extensions.Analysis.csproj", "{651390B4-5389-4C39-9079-3EA019234003}"
EndProject
Project("{9A19103F-16F7-4668-BE54-9A1E7A4F7556}") = "Lemoine.Extensions.AutoReason", "..\..\..\AutoReason\Lemoine.Extensions.AutoReason\Lemoine.Extensions.AutoReason.csproj", "{3FB0443B-41AB-4C47-9E76-7FEF9102F19C}"
EndProject
Project("{9A19103F-16F7-4668-BE54-9A1E7A4F7556}") = "Lemoine.Extensions.Business", "..\..\..\Libraries\Lemoine.Extensions.Business\Lemoine.Extensions.Business.csproj", "{4C68240F-AA6E-4C87-9C9D-3DA6392E9731}"
EndProject
Project("{9A19103F-16F7-4668-BE54-9A1E7A4F7556}") = "Lemoine.Extensions.Cnc", "..\..\Lemoine.Extensions.Cnc\Lemoine.Extensions.Cnc.csproj", "{54CDB0EE-0586-4EC1-8168-C9453F88251B}"
EndProject
Project("{9A19103F-16F7-4668-BE54-9A1E7A4F7556}") = "Lemoine.Extensions.Database", "..\..\..\Libraries\Lemoine.Extensions.Database\Lemoine.Extensions.Database.csproj", "{59604EBE-37C1-4926-A9DA-91F1BC98539E}"
EndProject
Project("{9A19103F-16F7-4668-BE54-9A1E7A4F7556}") = "Lemoine.Extensions.Web", "..\..\..\Web\Lemoine.Extensions.Web\Lemoine.Extensions.Web.csproj", "{CE9410BE-546F-48D7-8C3F-3CB31FBC55A9}"
EndProject
Project("{9A19103F-16F7-4668-BE54-9A1E7A4F7556}") = "Lemoine.Core.Extensions", "..\..\..\Libraries\Lemoine.Core.Extensions\Lemoine.Core.Extensions.csproj", "{B76B7AB2-F685-44F5-A0B1-CC1396E62FB6}"
EndProject
Project("{6EC3EE1D-3C4E-46DD-8F32-0CC8E7565705}") = "Lemoine.FSharp", "..\..\..\Libraries\Lemoine.FSharp\Lemoine.FSharp.fsproj", "{0D0B519B-47A3-4F02-A2B2-419C7337881F}"
EndProject
Project("{9A19103F-16F7-4668-BE54-9A1E7A4F7556}") = "Pulse.Hosting", "..\..\..\Libraries\Pulse.Hosting\Pulse.Hosting.csproj", "{835CA822-FCF2-4824-9068-BFA2755EDF8A}"
EndProject
Project("{9A19103F-16F7-4668-BE54-9A1E7A4F7556}") = "Pulse.Database", "..\..\..\Libraries\Pulse.Database\Pulse.Database.csproj", "{8B81D5DE-D95C-4955-B9D4-86700A894FD8}"
EndProject
Project("{9A19103F-16F7-4668-BE54-9A1E7A4F7556}") = "Pulse.Extensions", "..\..\..\Libraries\Pulse.Extensions\Pulse.Extensions.csproj", "{1B471D82-DA91-43C9-8A18-EB749A3B1C34}"
EndProject
Project("{9A19103F-16F7-4668-BE54-9A1E7A4F7556}") = "Pulse.Extensions.Database", "..\..\..\Libraries\Pulse.Extensions.Database\Pulse.Extensions.Database.csproj", "{7A5E9246-27A1-4942-90F0-B0070379D8EA}"
EndProject
Project("{9A19103F-16F7-4668-BE54-9A1E7A4F7556}") = "Pulse.Extensions.Business", "..\..\..\Libraries\Pulse.Extensions.Business\Pulse.Extensions.Business.csproj", "{B67758E4-2161-487E-B5DC-A91413ABB151}"
EndProject
Project("{9A19103F-16F7-4668-BE54-9A1E7A4F7556}") = "Lemoine.Hosting", "..\..\..\Libraries\Lemoine.Hosting\Lemoine.Hosting.csproj", "{56E752C2-865A-45B4-823E-C16C80476112}"
EndProject
Project("{9A19103F-16F7-4668-BE54-9A1E7A4F7556}") = "Lemoine.ServiceCore", "..\..\..\Libraries\Lemoine.ServiceCore\Lemoine.ServiceCore.csproj", "{A9D29F74-C6F0-43A4-BDC5-0F7FF4DB6F5E}"
EndProject
Project("{9A19103F-16F7-4668-BE54-9A1E7A4F7556}") = "Pulse.Business", "..\..\..\Libraries\Pulse.Business\Pulse.Business.csproj", "{702C3C26-2103-4C36-8878-9D92CFBE67E0}"
EndProject
Project("{9A19103F-16F7-4668-BE54-9A1E7A4F7556}") = "Lemoine.WebDataAccess", "..\..\..\Libraries\Lemoine.WebDataAccess\Lemoine.WebDataAccess.csproj", "{452F3BD2-2561-46F5-9086-28E92CD18C2F}"
EndProject
Global
	GlobalSection(SolutionConfigurationPlatforms) = preSolution
		Debug|Any CPU = Debug|Any CPU
		Debug|x64 = Debug|x64
		Debug|x86 = Debug|x86
		Release|Any CPU = Release|Any CPU
		Release|x64 = Release|x64
		Release|x86 = Release|x86
		Test|Any CPU = Test|Any CPU
		Test|x64 = Test|x64
		Test|x86 = Test|x86
		VS|Any CPU = VS|Any CPU
		VS|x64 = VS|x64
		VS|x86 = VS|x86
	EndGlobalSection
	GlobalSection(ProjectConfigurationPlatforms) = postSolution
		{B09F2576-9FD0-4B32-B609-46310715F780}.Debug|Any CPU.ActiveCfg = Debug|Any CPU
		{B09F2576-9FD0-4B32-B609-46310715F780}.Debug|Any CPU.Build.0 = Debug|Any CPU
		{B09F2576-9FD0-4B32-B609-46310715F780}.Debug|x64.ActiveCfg = Debug|Any CPU
		{B09F2576-9FD0-4B32-B609-46310715F780}.Debug|x64.Build.0 = Debug|Any CPU
		{B09F2576-9FD0-4B32-B609-46310715F780}.Debug|x86.ActiveCfg = Debug|Any CPU
		{B09F2576-9FD0-4B32-B609-46310715F780}.Debug|x86.Build.0 = Debug|Any CPU
		{B09F2576-9FD0-4B32-B609-46310715F780}.Release|Any CPU.ActiveCfg = Release|Any CPU
		{B09F2576-9FD0-4B32-B609-46310715F780}.Release|Any CPU.Build.0 = Release|Any CPU
		{B09F2576-9FD0-4B32-B609-46310715F780}.Release|x64.ActiveCfg = Release|Any CPU
		{B09F2576-9FD0-4B32-B609-46310715F780}.Release|x64.Build.0 = Release|Any CPU
		{B09F2576-9FD0-4B32-B609-46310715F780}.Release|x86.ActiveCfg = Release|Any CPU
		{B09F2576-9FD0-4B32-B609-46310715F780}.Release|x86.Build.0 = Release|Any CPU
		{B09F2576-9FD0-4B32-B609-46310715F780}.Test|Any CPU.ActiveCfg = Release|Any CPU
		{B09F2576-9FD0-4B32-B609-46310715F780}.Test|Any CPU.Build.0 = Release|Any CPU
		{B09F2576-9FD0-4B32-B609-46310715F780}.Test|x64.ActiveCfg = Release|Any CPU
		{B09F2576-9FD0-4B32-B609-46310715F780}.Test|x64.Build.0 = Release|Any CPU
		{B09F2576-9FD0-4B32-B609-46310715F780}.Test|x86.ActiveCfg = Release|Any CPU
		{B09F2576-9FD0-4B32-B609-46310715F780}.Test|x86.Build.0 = Release|Any CPU
		{B09F2576-9FD0-4B32-B609-46310715F780}.VS|Any CPU.ActiveCfg = VS|Any CPU
		{B09F2576-9FD0-4B32-B609-46310715F780}.VS|Any CPU.Build.0 = VS|Any CPU
		{B09F2576-9FD0-4B32-B609-46310715F780}.VS|x64.ActiveCfg = VS|Any CPU
		{B09F2576-9FD0-4B32-B609-46310715F780}.VS|x64.Build.0 = VS|Any CPU
		{B09F2576-9FD0-4B32-B609-46310715F780}.VS|x86.ActiveCfg = VS|Any CPU
		{B09F2576-9FD0-4B32-B609-46310715F780}.VS|x86.Build.0 = VS|Any CPU
		{4376FC21-4B9E-418B-9E8F-6BEE753DEB32}.Debug|Any CPU.ActiveCfg = Debug|Any CPU
		{4376FC21-4B9E-418B-9E8F-6BEE753DEB32}.Debug|Any CPU.Build.0 = Debug|Any CPU
		{4376FC21-4B9E-418B-9E8F-6BEE753DEB32}.Debug|x64.ActiveCfg = Debug|Any CPU
		{4376FC21-4B9E-418B-9E8F-6BEE753DEB32}.Debug|x64.Build.0 = Debug|Any CPU
		{4376FC21-4B9E-418B-9E8F-6BEE753DEB32}.Debug|x86.ActiveCfg = Debug|Any CPU
		{4376FC21-4B9E-418B-9E8F-6BEE753DEB32}.Debug|x86.Build.0 = Debug|Any CPU
		{4376FC21-4B9E-418B-9E8F-6BEE753DEB32}.Release|Any CPU.ActiveCfg = Release|Any CPU
		{4376FC21-4B9E-418B-9E8F-6BEE753DEB32}.Release|Any CPU.Build.0 = Release|Any CPU
		{4376FC21-4B9E-418B-9E8F-6BEE753DEB32}.Release|x64.ActiveCfg = Release|Any CPU
		{4376FC21-4B9E-418B-9E8F-6BEE753DEB32}.Release|x64.Build.0 = Release|Any CPU
		{4376FC21-4B9E-418B-9E8F-6BEE753DEB32}.Release|x86.ActiveCfg = Release|Any CPU
		{4376FC21-4B9E-418B-9E8F-6BEE753DEB32}.Release|x86.Build.0 = Release|Any CPU
		{4376FC21-4B9E-418B-9E8F-6BEE753DEB32}.Test|Any CPU.ActiveCfg = Release|Any CPU
		{4376FC21-4B9E-418B-9E8F-6BEE753DEB32}.Test|Any CPU.Build.0 = Release|Any CPU
		{4376FC21-4B9E-418B-9E8F-6BEE753DEB32}.Test|x64.ActiveCfg = Release|Any CPU
		{4376FC21-4B9E-418B-9E8F-6BEE753DEB32}.Test|x64.Build.0 = Release|Any CPU
		{4376FC21-4B9E-418B-9E8F-6BEE753DEB32}.Test|x86.ActiveCfg = Release|Any CPU
		{4376FC21-4B9E-418B-9E8F-6BEE753DEB32}.Test|x86.Build.0 = Release|Any CPU
		{4376FC21-4B9E-418B-9E8F-6BEE753DEB32}.VS|Any CPU.ActiveCfg = VS|Any CPU
		{4376FC21-4B9E-418B-9E8F-6BEE753DEB32}.VS|Any CPU.Build.0 = VS|Any CPU
		{4376FC21-4B9E-418B-9E8F-6BEE753DEB32}.VS|x64.ActiveCfg = VS|Any CPU
		{4376FC21-4B9E-418B-9E8F-6BEE753DEB32}.VS|x64.Build.0 = VS|Any CPU
		{4376FC21-4B9E-418B-9E8F-6BEE753DEB32}.VS|x86.ActiveCfg = VS|Any CPU
		{4376FC21-4B9E-418B-9E8F-6BEE753DEB32}.VS|x86.Build.0 = VS|Any CPU
		{FD422794-9212-4CE2-856F-8E7E2EADD838}.Debug|Any CPU.ActiveCfg = Debug|Any CPU
		{FD422794-9212-4CE2-856F-8E7E2EADD838}.Debug|Any CPU.Build.0 = Debug|Any CPU
		{FD422794-9212-4CE2-856F-8E7E2EADD838}.Debug|x64.ActiveCfg = Debug|Any CPU
		{FD422794-9212-4CE2-856F-8E7E2EADD838}.Debug|x64.Build.0 = Debug|Any CPU
		{FD422794-9212-4CE2-856F-8E7E2EADD838}.Debug|x86.ActiveCfg = Debug|Any CPU
		{FD422794-9212-4CE2-856F-8E7E2EADD838}.Debug|x86.Build.0 = Debug|Any CPU
		{FD422794-9212-4CE2-856F-8E7E2EADD838}.Release|Any CPU.ActiveCfg = Release|Any CPU
		{FD422794-9212-4CE2-856F-8E7E2EADD838}.Release|Any CPU.Build.0 = Release|Any CPU
		{FD422794-9212-4CE2-856F-8E7E2EADD838}.Release|x64.ActiveCfg = Release|Any CPU
		{FD422794-9212-4CE2-856F-8E7E2EADD838}.Release|x64.Build.0 = Release|Any CPU
		{FD422794-9212-4CE2-856F-8E7E2EADD838}.Release|x86.ActiveCfg = Release|Any CPU
		{FD422794-9212-4CE2-856F-8E7E2EADD838}.Release|x86.Build.0 = Release|Any CPU
		{FD422794-9212-4CE2-856F-8E7E2EADD838}.Test|Any CPU.ActiveCfg = Release|Any CPU
		{FD422794-9212-4CE2-856F-8E7E2EADD838}.Test|Any CPU.Build.0 = Release|Any CPU
		{FD422794-9212-4CE2-856F-8E7E2EADD838}.Test|x64.ActiveCfg = Release|Any CPU
		{FD422794-9212-4CE2-856F-8E7E2EADD838}.Test|x64.Build.0 = Release|Any CPU
		{FD422794-9212-4CE2-856F-8E7E2EADD838}.Test|x86.ActiveCfg = Release|Any CPU
		{FD422794-9212-4CE2-856F-8E7E2EADD838}.Test|x86.Build.0 = Release|Any CPU
		{FD422794-9212-4CE2-856F-8E7E2EADD838}.VS|Any CPU.ActiveCfg = VS|Any CPU
		{FD422794-9212-4CE2-856F-8E7E2EADD838}.VS|Any CPU.Build.0 = VS|Any CPU
		{FD422794-9212-4CE2-856F-8E7E2EADD838}.VS|x64.ActiveCfg = VS|Any CPU
		{FD422794-9212-4CE2-856F-8E7E2EADD838}.VS|x64.Build.0 = VS|Any CPU
		{FD422794-9212-4CE2-856F-8E7E2EADD838}.VS|x86.ActiveCfg = VS|Any CPU
		{FD422794-9212-4CE2-856F-8E7E2EADD838}.VS|x86.Build.0 = VS|Any CPU
		{1D7790E9-8A1D-4B43-B4E7-9DF293EA984A}.Debug|Any CPU.ActiveCfg = Debug|Any CPU
		{1D7790E9-8A1D-4B43-B4E7-9DF293EA984A}.Debug|Any CPU.Build.0 = Debug|Any CPU
		{1D7790E9-8A1D-4B43-B4E7-9DF293EA984A}.Debug|x64.ActiveCfg = Debug|Any CPU
		{1D7790E9-8A1D-4B43-B4E7-9DF293EA984A}.Debug|x64.Build.0 = Debug|Any CPU
		{1D7790E9-8A1D-4B43-B4E7-9DF293EA984A}.Debug|x86.ActiveCfg = Debug|Any CPU
		{1D7790E9-8A1D-4B43-B4E7-9DF293EA984A}.Debug|x86.Build.0 = Debug|Any CPU
		{1D7790E9-8A1D-4B43-B4E7-9DF293EA984A}.Release|Any CPU.ActiveCfg = Release|Any CPU
		{1D7790E9-8A1D-4B43-B4E7-9DF293EA984A}.Release|Any CPU.Build.0 = Release|Any CPU
		{1D7790E9-8A1D-4B43-B4E7-9DF293EA984A}.Release|x64.ActiveCfg = Release|Any CPU
		{1D7790E9-8A1D-4B43-B4E7-9DF293EA984A}.Release|x64.Build.0 = Release|Any CPU
		{1D7790E9-8A1D-4B43-B4E7-9DF293EA984A}.Release|x86.ActiveCfg = Release|Any CPU
		{1D7790E9-8A1D-4B43-B4E7-9DF293EA984A}.Release|x86.Build.0 = Release|Any CPU
		{1D7790E9-8A1D-4B43-B4E7-9DF293EA984A}.Test|Any CPU.ActiveCfg = Release|Any CPU
		{1D7790E9-8A1D-4B43-B4E7-9DF293EA984A}.Test|Any CPU.Build.0 = Release|Any CPU
		{1D7790E9-8A1D-4B43-B4E7-9DF293EA984A}.Test|x64.ActiveCfg = Release|Any CPU
		{1D7790E9-8A1D-4B43-B4E7-9DF293EA984A}.Test|x64.Build.0 = Release|Any CPU
		{1D7790E9-8A1D-4B43-B4E7-9DF293EA984A}.Test|x86.ActiveCfg = Release|Any CPU
		{1D7790E9-8A1D-4B43-B4E7-9DF293EA984A}.Test|x86.Build.0 = Release|Any CPU
		{1D7790E9-8A1D-4B43-B4E7-9DF293EA984A}.VS|Any CPU.ActiveCfg = VS|Any CPU
		{1D7790E9-8A1D-4B43-B4E7-9DF293EA984A}.VS|Any CPU.Build.0 = VS|Any CPU
		{1D7790E9-8A1D-4B43-B4E7-9DF293EA984A}.VS|x64.ActiveCfg = VS|Any CPU
		{1D7790E9-8A1D-4B43-B4E7-9DF293EA984A}.VS|x64.Build.0 = VS|Any CPU
		{1D7790E9-8A1D-4B43-B4E7-9DF293EA984A}.VS|x86.ActiveCfg = VS|Any CPU
		{1D7790E9-8A1D-4B43-B4E7-9DF293EA984A}.VS|x86.Build.0 = VS|Any CPU
		{6BA2D784-3ABC-4874-AB1C-3CE876B7E4E1}.Debug|Any CPU.ActiveCfg = Debug|Any CPU
		{6BA2D784-3ABC-4874-AB1C-3CE876B7E4E1}.Debug|Any CPU.Build.0 = Debug|Any CPU
		{6BA2D784-3ABC-4874-AB1C-3CE876B7E4E1}.Debug|x64.ActiveCfg = Debug|Any CPU
		{6BA2D784-3ABC-4874-AB1C-3CE876B7E4E1}.Debug|x64.Build.0 = Debug|Any CPU
		{6BA2D784-3ABC-4874-AB1C-3CE876B7E4E1}.Debug|x86.ActiveCfg = Debug|Any CPU
		{6BA2D784-3ABC-4874-AB1C-3CE876B7E4E1}.Debug|x86.Build.0 = Debug|Any CPU
		{6BA2D784-3ABC-4874-AB1C-3CE876B7E4E1}.Release|Any CPU.ActiveCfg = Release|Any CPU
		{6BA2D784-3ABC-4874-AB1C-3CE876B7E4E1}.Release|Any CPU.Build.0 = Release|Any CPU
		{6BA2D784-3ABC-4874-AB1C-3CE876B7E4E1}.Release|x64.ActiveCfg = Release|Any CPU
		{6BA2D784-3ABC-4874-AB1C-3CE876B7E4E1}.Release|x64.Build.0 = Release|Any CPU
		{6BA2D784-3ABC-4874-AB1C-3CE876B7E4E1}.Release|x86.ActiveCfg = Release|Any CPU
		{6BA2D784-3ABC-4874-AB1C-3CE876B7E4E1}.Release|x86.Build.0 = Release|Any CPU
		{6BA2D784-3ABC-4874-AB1C-3CE876B7E4E1}.Test|Any CPU.ActiveCfg = Release|Any CPU
		{6BA2D784-3ABC-4874-AB1C-3CE876B7E4E1}.Test|Any CPU.Build.0 = Release|Any CPU
		{6BA2D784-3ABC-4874-AB1C-3CE876B7E4E1}.Test|x64.ActiveCfg = Release|Any CPU
		{6BA2D784-3ABC-4874-AB1C-3CE876B7E4E1}.Test|x64.Build.0 = Release|Any CPU
		{6BA2D784-3ABC-4874-AB1C-3CE876B7E4E1}.Test|x86.ActiveCfg = Release|Any CPU
		{6BA2D784-3ABC-4874-AB1C-3CE876B7E4E1}.Test|x86.Build.0 = Release|Any CPU
		{6BA2D784-3ABC-4874-AB1C-3CE876B7E4E1}.VS|Any CPU.ActiveCfg = VS|Any CPU
		{6BA2D784-3ABC-4874-AB1C-3CE876B7E4E1}.VS|Any CPU.Build.0 = VS|Any CPU
		{6BA2D784-3ABC-4874-AB1C-3CE876B7E4E1}.VS|x64.ActiveCfg = VS|Any CPU
		{6BA2D784-3ABC-4874-AB1C-3CE876B7E4E1}.VS|x64.Build.0 = VS|Any CPU
		{6BA2D784-3ABC-4874-AB1C-3CE876B7E4E1}.VS|x86.ActiveCfg = VS|Any CPU
		{6BA2D784-3ABC-4874-AB1C-3CE876B7E4E1}.VS|x86.Build.0 = VS|Any CPU
		{25E11219-7BA1-45DD-B4AB-956074341683}.Debug|Any CPU.ActiveCfg = Debug|Any CPU
		{25E11219-7BA1-45DD-B4AB-956074341683}.Debug|Any CPU.Build.0 = Debug|Any CPU
		{25E11219-7BA1-45DD-B4AB-956074341683}.Debug|x64.ActiveCfg = Debug|Any CPU
		{25E11219-7BA1-45DD-B4AB-956074341683}.Debug|x64.Build.0 = Debug|Any CPU
		{25E11219-7BA1-45DD-B4AB-956074341683}.Debug|x86.ActiveCfg = Debug|Any CPU
		{25E11219-7BA1-45DD-B4AB-956074341683}.Debug|x86.Build.0 = Debug|Any CPU
		{25E11219-7BA1-45DD-B4AB-956074341683}.Release|Any CPU.ActiveCfg = Release|Any CPU
		{25E11219-7BA1-45DD-B4AB-956074341683}.Release|Any CPU.Build.0 = Release|Any CPU
		{25E11219-7BA1-45DD-B4AB-956074341683}.Release|x64.ActiveCfg = Release|Any CPU
		{25E11219-7BA1-45DD-B4AB-956074341683}.Release|x64.Build.0 = Release|Any CPU
		{25E11219-7BA1-45DD-B4AB-956074341683}.Release|x86.ActiveCfg = Release|Any CPU
		{25E11219-7BA1-45DD-B4AB-956074341683}.Release|x86.Build.0 = Release|Any CPU
		{25E11219-7BA1-45DD-B4AB-956074341683}.Test|Any CPU.ActiveCfg = Release|Any CPU
		{25E11219-7BA1-45DD-B4AB-956074341683}.Test|Any CPU.Build.0 = Release|Any CPU
		{25E11219-7BA1-45DD-B4AB-956074341683}.Test|x64.ActiveCfg = Release|Any CPU
		{25E11219-7BA1-45DD-B4AB-956074341683}.Test|x64.Build.0 = Release|Any CPU
		{25E11219-7BA1-45DD-B4AB-956074341683}.Test|x86.ActiveCfg = Release|Any CPU
		{25E11219-7BA1-45DD-B4AB-956074341683}.Test|x86.Build.0 = Release|Any CPU
		{25E11219-7BA1-45DD-B4AB-956074341683}.VS|Any CPU.ActiveCfg = VS|Any CPU
		{25E11219-7BA1-45DD-B4AB-956074341683}.VS|Any CPU.Build.0 = VS|Any CPU
		{25E11219-7BA1-45DD-B4AB-956074341683}.VS|x64.ActiveCfg = VS|Any CPU
		{25E11219-7BA1-45DD-B4AB-956074341683}.VS|x64.Build.0 = VS|Any CPU
		{25E11219-7BA1-45DD-B4AB-956074341683}.VS|x86.ActiveCfg = VS|Any CPU
		{25E11219-7BA1-45DD-B4AB-956074341683}.VS|x86.Build.0 = VS|Any CPU
		{04DF8132-538B-44A9-A901-38D33DAB1887}.Debug|Any CPU.ActiveCfg = Debug|Any CPU
		{04DF8132-538B-44A9-A901-38D33DAB1887}.Debug|Any CPU.Build.0 = Debug|Any CPU
		{04DF8132-538B-44A9-A901-38D33DAB1887}.Debug|x64.ActiveCfg = Debug|Any CPU
		{04DF8132-538B-44A9-A901-38D33DAB1887}.Debug|x64.Build.0 = Debug|Any CPU
		{04DF8132-538B-44A9-A901-38D33DAB1887}.Debug|x86.ActiveCfg = Debug|Any CPU
		{04DF8132-538B-44A9-A901-38D33DAB1887}.Debug|x86.Build.0 = Debug|Any CPU
		{04DF8132-538B-44A9-A901-38D33DAB1887}.Release|Any CPU.ActiveCfg = Release|Any CPU
		{04DF8132-538B-44A9-A901-38D33DAB1887}.Release|Any CPU.Build.0 = Release|Any CPU
		{04DF8132-538B-44A9-A901-38D33DAB1887}.Release|x64.ActiveCfg = Release|Any CPU
		{04DF8132-538B-44A9-A901-38D33DAB1887}.Release|x64.Build.0 = Release|Any CPU
		{04DF8132-538B-44A9-A901-38D33DAB1887}.Release|x86.ActiveCfg = Release|Any CPU
		{04DF8132-538B-44A9-A901-38D33DAB1887}.Release|x86.Build.0 = Release|Any CPU
		{04DF8132-538B-44A9-A901-38D33DAB1887}.Test|Any CPU.ActiveCfg = Release|Any CPU
		{04DF8132-538B-44A9-A901-38D33DAB1887}.Test|Any CPU.Build.0 = Release|Any CPU
		{04DF8132-538B-44A9-A901-38D33DAB1887}.Test|x64.ActiveCfg = Release|Any CPU
		{04DF8132-538B-44A9-A901-38D33DAB1887}.Test|x64.Build.0 = Release|Any CPU
		{04DF8132-538B-44A9-A901-38D33DAB1887}.Test|x86.ActiveCfg = Release|Any CPU
		{04DF8132-538B-44A9-A901-38D33DAB1887}.Test|x86.Build.0 = Release|Any CPU
		{04DF8132-538B-44A9-A901-38D33DAB1887}.VS|Any CPU.ActiveCfg = VS|Any CPU
		{04DF8132-538B-44A9-A901-38D33DAB1887}.VS|Any CPU.Build.0 = VS|Any CPU
		{04DF8132-538B-44A9-A901-38D33DAB1887}.VS|x64.ActiveCfg = VS|Any CPU
		{04DF8132-538B-44A9-A901-38D33DAB1887}.VS|x64.Build.0 = VS|Any CPU
		{04DF8132-538B-44A9-A901-38D33DAB1887}.VS|x86.ActiveCfg = VS|Any CPU
		{04DF8132-538B-44A9-A901-38D33DAB1887}.VS|x86.Build.0 = VS|Any CPU
		{F44AB999-D60E-44BC-A4FD-E0EADEEEE84D}.Debug|Any CPU.ActiveCfg = Debug|Any CPU
		{F44AB999-D60E-44BC-A4FD-E0EADEEEE84D}.Debug|Any CPU.Build.0 = Debug|Any CPU
		{F44AB999-D60E-44BC-A4FD-E0EADEEEE84D}.Debug|x64.ActiveCfg = Debug|Any CPU
		{F44AB999-D60E-44BC-A4FD-E0EADEEEE84D}.Debug|x64.Build.0 = Debug|Any CPU
		{F44AB999-D60E-44BC-A4FD-E0EADEEEE84D}.Debug|x86.ActiveCfg = Debug|Any CPU
		{F44AB999-D60E-44BC-A4FD-E0EADEEEE84D}.Debug|x86.Build.0 = Debug|Any CPU
		{F44AB999-D60E-44BC-A4FD-E0EADEEEE84D}.Release|Any CPU.ActiveCfg = Release|Any CPU
		{F44AB999-D60E-44BC-A4FD-E0EADEEEE84D}.Release|Any CPU.Build.0 = Release|Any CPU
		{F44AB999-D60E-44BC-A4FD-E0EADEEEE84D}.Release|x64.ActiveCfg = Release|Any CPU
		{F44AB999-D60E-44BC-A4FD-E0EADEEEE84D}.Release|x64.Build.0 = Release|Any CPU
		{F44AB999-D60E-44BC-A4FD-E0EADEEEE84D}.Release|x86.ActiveCfg = Release|Any CPU
		{F44AB999-D60E-44BC-A4FD-E0EADEEEE84D}.Release|x86.Build.0 = Release|Any CPU
		{F44AB999-D60E-44BC-A4FD-E0EADEEEE84D}.Test|Any CPU.ActiveCfg = Release|Any CPU
		{F44AB999-D60E-44BC-A4FD-E0EADEEEE84D}.Test|Any CPU.Build.0 = Release|Any CPU
		{F44AB999-D60E-44BC-A4FD-E0EADEEEE84D}.Test|x64.ActiveCfg = Release|Any CPU
		{F44AB999-D60E-44BC-A4FD-E0EADEEEE84D}.Test|x64.Build.0 = Release|Any CPU
		{F44AB999-D60E-44BC-A4FD-E0EADEEEE84D}.Test|x86.ActiveCfg = Release|Any CPU
		{F44AB999-D60E-44BC-A4FD-E0EADEEEE84D}.Test|x86.Build.0 = Release|Any CPU
		{F44AB999-D60E-44BC-A4FD-E0EADEEEE84D}.VS|Any CPU.ActiveCfg = VS|Any CPU
		{F44AB999-D60E-44BC-A4FD-E0EADEEEE84D}.VS|Any CPU.Build.0 = VS|Any CPU
		{F44AB999-D60E-44BC-A4FD-E0EADEEEE84D}.VS|x64.ActiveCfg = VS|Any CPU
		{F44AB999-D60E-44BC-A4FD-E0EADEEEE84D}.VS|x64.Build.0 = VS|Any CPU
		{F44AB999-D60E-44BC-A4FD-E0EADEEEE84D}.VS|x86.ActiveCfg = VS|Any CPU
		{F44AB999-D60E-44BC-A4FD-E0EADEEEE84D}.VS|x86.Build.0 = VS|Any CPU
		{8E302674-B836-4852-9DF4-CEADE4196C46}.Debug|Any CPU.ActiveCfg = Debug|Any CPU
		{8E302674-B836-4852-9DF4-CEADE4196C46}.Debug|Any CPU.Build.0 = Debug|Any CPU
		{8E302674-B836-4852-9DF4-CEADE4196C46}.Debug|x64.ActiveCfg = Debug|Any CPU
		{8E302674-B836-4852-9DF4-CEADE4196C46}.Debug|x64.Build.0 = Debug|Any CPU
		{8E302674-B836-4852-9DF4-CEADE4196C46}.Debug|x86.ActiveCfg = Debug|Any CPU
		{8E302674-B836-4852-9DF4-CEADE4196C46}.Debug|x86.Build.0 = Debug|Any CPU
		{8E302674-B836-4852-9DF4-CEADE4196C46}.Release|Any CPU.ActiveCfg = Release|Any CPU
		{8E302674-B836-4852-9DF4-CEADE4196C46}.Release|Any CPU.Build.0 = Release|Any CPU
		{8E302674-B836-4852-9DF4-CEADE4196C46}.Release|x64.ActiveCfg = Release|Any CPU
		{8E302674-B836-4852-9DF4-CEADE4196C46}.Release|x64.Build.0 = Release|Any CPU
		{8E302674-B836-4852-9DF4-CEADE4196C46}.Release|x86.ActiveCfg = Release|Any CPU
		{8E302674-B836-4852-9DF4-CEADE4196C46}.Release|x86.Build.0 = Release|Any CPU
		{8E302674-B836-4852-9DF4-CEADE4196C46}.Test|Any CPU.ActiveCfg = Release|Any CPU
		{8E302674-B836-4852-9DF4-CEADE4196C46}.Test|Any CPU.Build.0 = Release|Any CPU
		{8E302674-B836-4852-9DF4-CEADE4196C46}.Test|x64.ActiveCfg = Release|Any CPU
		{8E302674-B836-4852-9DF4-CEADE4196C46}.Test|x64.Build.0 = Release|Any CPU
		{8E302674-B836-4852-9DF4-CEADE4196C46}.Test|x86.ActiveCfg = Release|Any CPU
		{8E302674-B836-4852-9DF4-CEADE4196C46}.Test|x86.Build.0 = Release|Any CPU
		{8E302674-B836-4852-9DF4-CEADE4196C46}.VS|Any CPU.ActiveCfg = VS|Any CPU
		{8E302674-B836-4852-9DF4-CEADE4196C46}.VS|Any CPU.Build.0 = VS|Any CPU
		{8E302674-B836-4852-9DF4-CEADE4196C46}.VS|x64.ActiveCfg = VS|Any CPU
		{8E302674-B836-4852-9DF4-CEADE4196C46}.VS|x64.Build.0 = VS|Any CPU
		{8E302674-B836-4852-9DF4-CEADE4196C46}.VS|x86.ActiveCfg = VS|Any CPU
		{8E302674-B836-4852-9DF4-CEADE4196C46}.VS|x86.Build.0 = VS|Any CPU
		{DE7138A3-6926-4C35-A121-BC75B554ECAB}.Debug|Any CPU.ActiveCfg = Debug|Any CPU
		{DE7138A3-6926-4C35-A121-BC75B554ECAB}.Debug|Any CPU.Build.0 = Debug|Any CPU
		{DE7138A3-6926-4C35-A121-BC75B554ECAB}.Debug|x64.ActiveCfg = Debug|Any CPU
		{DE7138A3-6926-4C35-A121-BC75B554ECAB}.Debug|x64.Build.0 = Debug|Any CPU
		{DE7138A3-6926-4C35-A121-BC75B554ECAB}.Debug|x86.ActiveCfg = Debug|Any CPU
		{DE7138A3-6926-4C35-A121-BC75B554ECAB}.Debug|x86.Build.0 = Debug|Any CPU
		{DE7138A3-6926-4C35-A121-BC75B554ECAB}.Release|Any CPU.ActiveCfg = Release|Any CPU
		{DE7138A3-6926-4C35-A121-BC75B554ECAB}.Release|Any CPU.Build.0 = Release|Any CPU
		{DE7138A3-6926-4C35-A121-BC75B554ECAB}.Release|x64.ActiveCfg = Release|Any CPU
		{DE7138A3-6926-4C35-A121-BC75B554ECAB}.Release|x64.Build.0 = Release|Any CPU
		{DE7138A3-6926-4C35-A121-BC75B554ECAB}.Release|x86.ActiveCfg = Release|Any CPU
		{DE7138A3-6926-4C35-A121-BC75B554ECAB}.Release|x86.Build.0 = Release|Any CPU
		{DE7138A3-6926-4C35-A121-BC75B554ECAB}.Test|Any CPU.ActiveCfg = Release|Any CPU
		{DE7138A3-6926-4C35-A121-BC75B554ECAB}.Test|Any CPU.Build.0 = Release|Any CPU
		{DE7138A3-6926-4C35-A121-BC75B554ECAB}.Test|x64.ActiveCfg = Release|Any CPU
		{DE7138A3-6926-4C35-A121-BC75B554ECAB}.Test|x64.Build.0 = Release|Any CPU
		{DE7138A3-6926-4C35-A121-BC75B554ECAB}.Test|x86.ActiveCfg = Release|Any CPU
		{DE7138A3-6926-4C35-A121-BC75B554ECAB}.Test|x86.Build.0 = Release|Any CPU
		{DE7138A3-6926-4C35-A121-BC75B554ECAB}.VS|Any CPU.ActiveCfg = VS|Any CPU
		{DE7138A3-6926-4C35-A121-BC75B554ECAB}.VS|Any CPU.Build.0 = VS|Any CPU
		{DE7138A3-6926-4C35-A121-BC75B554ECAB}.VS|x64.ActiveCfg = VS|Any CPU
		{DE7138A3-6926-4C35-A121-BC75B554ECAB}.VS|x64.Build.0 = VS|Any CPU
		{DE7138A3-6926-4C35-A121-BC75B554ECAB}.VS|x86.ActiveCfg = VS|Any CPU
		{DE7138A3-6926-4C35-A121-BC75B554ECAB}.VS|x86.Build.0 = VS|Any CPU
		{85E6A6DC-8EB7-4144-B423-888B52992477}.Debug|Any CPU.ActiveCfg = Debug|Any CPU
		{85E6A6DC-8EB7-4144-B423-888B52992477}.Debug|Any CPU.Build.0 = Debug|Any CPU
		{85E6A6DC-8EB7-4144-B423-888B52992477}.Debug|x64.ActiveCfg = Debug|Any CPU
		{85E6A6DC-8EB7-4144-B423-888B52992477}.Debug|x64.Build.0 = Debug|Any CPU
		{85E6A6DC-8EB7-4144-B423-888B52992477}.Debug|x86.ActiveCfg = Debug|Any CPU
		{85E6A6DC-8EB7-4144-B423-888B52992477}.Debug|x86.Build.0 = Debug|Any CPU
		{85E6A6DC-8EB7-4144-B423-888B52992477}.Release|Any CPU.ActiveCfg = Release|Any CPU
		{85E6A6DC-8EB7-4144-B423-888B52992477}.Release|Any CPU.Build.0 = Release|Any CPU
		{85E6A6DC-8EB7-4144-B423-888B52992477}.Release|x64.ActiveCfg = Release|Any CPU
		{85E6A6DC-8EB7-4144-B423-888B52992477}.Release|x64.Build.0 = Release|Any CPU
		{85E6A6DC-8EB7-4144-B423-888B52992477}.Release|x86.ActiveCfg = Release|Any CPU
		{85E6A6DC-8EB7-4144-B423-888B52992477}.Release|x86.Build.0 = Release|Any CPU
		{85E6A6DC-8EB7-4144-B423-888B52992477}.Test|Any CPU.ActiveCfg = Release|Any CPU
		{85E6A6DC-8EB7-4144-B423-888B52992477}.Test|Any CPU.Build.0 = Release|Any CPU
		{85E6A6DC-8EB7-4144-B423-888B52992477}.Test|x64.ActiveCfg = Release|Any CPU
		{85E6A6DC-8EB7-4144-B423-888B52992477}.Test|x64.Build.0 = Release|Any CPU
		{85E6A6DC-8EB7-4144-B423-888B52992477}.Test|x86.ActiveCfg = Release|Any CPU
		{85E6A6DC-8EB7-4144-B423-888B52992477}.Test|x86.Build.0 = Release|Any CPU
		{85E6A6DC-8EB7-4144-B423-888B52992477}.VS|Any CPU.ActiveCfg = VS|Any CPU
		{85E6A6DC-8EB7-4144-B423-888B52992477}.VS|Any CPU.Build.0 = VS|Any CPU
		{85E6A6DC-8EB7-4144-B423-888B52992477}.VS|x64.ActiveCfg = VS|Any CPU
		{85E6A6DC-8EB7-4144-B423-888B52992477}.VS|x64.Build.0 = VS|Any CPU
		{85E6A6DC-8EB7-4144-B423-888B52992477}.VS|x86.ActiveCfg = VS|Any CPU
		{85E6A6DC-8EB7-4144-B423-888B52992477}.VS|x86.Build.0 = VS|Any CPU
		{7D2D4F46-5A88-4904-9B3B-75DCEB4592D8}.Debug|Any CPU.ActiveCfg = Debug|Any CPU
		{7D2D4F46-5A88-4904-9B3B-75DCEB4592D8}.Debug|Any CPU.Build.0 = Debug|Any CPU
		{7D2D4F46-5A88-4904-9B3B-75DCEB4592D8}.Debug|x64.ActiveCfg = Debug|Any CPU
		{7D2D4F46-5A88-4904-9B3B-75DCEB4592D8}.Debug|x64.Build.0 = Debug|Any CPU
		{7D2D4F46-5A88-4904-9B3B-75DCEB4592D8}.Debug|x86.ActiveCfg = Debug|Any CPU
		{7D2D4F46-5A88-4904-9B3B-75DCEB4592D8}.Debug|x86.Build.0 = Debug|Any CPU
		{7D2D4F46-5A88-4904-9B3B-75DCEB4592D8}.Release|Any CPU.ActiveCfg = Release|Any CPU
		{7D2D4F46-5A88-4904-9B3B-75DCEB4592D8}.Release|Any CPU.Build.0 = Release|Any CPU
		{7D2D4F46-5A88-4904-9B3B-75DCEB4592D8}.Release|x64.ActiveCfg = Release|Any CPU
		{7D2D4F46-5A88-4904-9B3B-75DCEB4592D8}.Release|x64.Build.0 = Release|Any CPU
		{7D2D4F46-5A88-4904-9B3B-75DCEB4592D8}.Release|x86.ActiveCfg = Release|Any CPU
		{7D2D4F46-5A88-4904-9B3B-75DCEB4592D8}.Release|x86.Build.0 = Release|Any CPU
		{7D2D4F46-5A88-4904-9B3B-75DCEB4592D8}.Test|Any CPU.ActiveCfg = Release|Any CPU
		{7D2D4F46-5A88-4904-9B3B-75DCEB4592D8}.Test|Any CPU.Build.0 = Release|Any CPU
		{7D2D4F46-5A88-4904-9B3B-75DCEB4592D8}.Test|x64.ActiveCfg = Release|Any CPU
		{7D2D4F46-5A88-4904-9B3B-75DCEB4592D8}.Test|x64.Build.0 = Release|Any CPU
		{7D2D4F46-5A88-4904-9B3B-75DCEB4592D8}.Test|x86.ActiveCfg = Release|Any CPU
		{7D2D4F46-5A88-4904-9B3B-75DCEB4592D8}.Test|x86.Build.0 = Release|Any CPU
		{7D2D4F46-5A88-4904-9B3B-75DCEB4592D8}.VS|Any CPU.ActiveCfg = VS|Any CPU
		{7D2D4F46-5A88-4904-9B3B-75DCEB4592D8}.VS|Any CPU.Build.0 = VS|Any CPU
		{7D2D4F46-5A88-4904-9B3B-75DCEB4592D8}.VS|x64.ActiveCfg = VS|Any CPU
		{7D2D4F46-5A88-4904-9B3B-75DCEB4592D8}.VS|x64.Build.0 = VS|Any CPU
		{7D2D4F46-5A88-4904-9B3B-75DCEB4592D8}.VS|x86.ActiveCfg = VS|Any CPU
		{7D2D4F46-5A88-4904-9B3B-75DCEB4592D8}.VS|x86.Build.0 = VS|Any CPU
		{1A315F08-D503-4074-980C-9AF5BB7AA8C8}.Debug|Any CPU.ActiveCfg = Debug|Any CPU
		{1A315F08-D503-4074-980C-9AF5BB7AA8C8}.Debug|Any CPU.Build.0 = Debug|Any CPU
		{1A315F08-D503-4074-980C-9AF5BB7AA8C8}.Debug|x64.ActiveCfg = Debug|Any CPU
		{1A315F08-D503-4074-980C-9AF5BB7AA8C8}.Debug|x64.Build.0 = Debug|Any CPU
		{1A315F08-D503-4074-980C-9AF5BB7AA8C8}.Debug|x86.ActiveCfg = Debug|Any CPU
		{1A315F08-D503-4074-980C-9AF5BB7AA8C8}.Debug|x86.Build.0 = Debug|Any CPU
		{1A315F08-D503-4074-980C-9AF5BB7AA8C8}.Release|Any CPU.ActiveCfg = Release|Any CPU
		{1A315F08-D503-4074-980C-9AF5BB7AA8C8}.Release|Any CPU.Build.0 = Release|Any CPU
		{1A315F08-D503-4074-980C-9AF5BB7AA8C8}.Release|x64.ActiveCfg = Release|Any CPU
		{1A315F08-D503-4074-980C-9AF5BB7AA8C8}.Release|x64.Build.0 = Release|Any CPU
		{1A315F08-D503-4074-980C-9AF5BB7AA8C8}.Release|x86.ActiveCfg = Release|Any CPU
		{1A315F08-D503-4074-980C-9AF5BB7AA8C8}.Release|x86.Build.0 = Release|Any CPU
		{1A315F08-D503-4074-980C-9AF5BB7AA8C8}.Test|Any CPU.ActiveCfg = Release|Any CPU
		{1A315F08-D503-4074-980C-9AF5BB7AA8C8}.Test|Any CPU.Build.0 = Release|Any CPU
		{1A315F08-D503-4074-980C-9AF5BB7AA8C8}.Test|x64.ActiveCfg = Release|Any CPU
		{1A315F08-D503-4074-980C-9AF5BB7AA8C8}.Test|x64.Build.0 = Release|Any CPU
		{1A315F08-D503-4074-980C-9AF5BB7AA8C8}.Test|x86.ActiveCfg = Release|Any CPU
		{1A315F08-D503-4074-980C-9AF5BB7AA8C8}.Test|x86.Build.0 = Release|Any CPU
		{1A315F08-D503-4074-980C-9AF5BB7AA8C8}.VS|Any CPU.ActiveCfg = VS|Any CPU
		{1A315F08-D503-4074-980C-9AF5BB7AA8C8}.VS|Any CPU.Build.0 = VS|Any CPU
		{1A315F08-D503-4074-980C-9AF5BB7AA8C8}.VS|x64.ActiveCfg = VS|Any CPU
		{1A315F08-D503-4074-980C-9AF5BB7AA8C8}.VS|x64.Build.0 = VS|Any CPU
		{1A315F08-D503-4074-980C-9AF5BB7AA8C8}.VS|x86.ActiveCfg = VS|Any CPU
		{1A315F08-D503-4074-980C-9AF5BB7AA8C8}.VS|x86.Build.0 = VS|Any CPU
		{2BE9B007-3937-478A-8497-3F6E1DA2AD61}.Debug|Any CPU.ActiveCfg = Debug|Any CPU
		{2BE9B007-3937-478A-8497-3F6E1DA2AD61}.Debug|Any CPU.Build.0 = Debug|Any CPU
		{2BE9B007-3937-478A-8497-3F6E1DA2AD61}.Debug|x64.ActiveCfg = Debug|Any CPU
		{2BE9B007-3937-478A-8497-3F6E1DA2AD61}.Debug|x64.Build.0 = Debug|Any CPU
		{2BE9B007-3937-478A-8497-3F6E1DA2AD61}.Debug|x86.ActiveCfg = Debug|Any CPU
		{2BE9B007-3937-478A-8497-3F6E1DA2AD61}.Debug|x86.Build.0 = Debug|Any CPU
		{2BE9B007-3937-478A-8497-3F6E1DA2AD61}.Release|Any CPU.ActiveCfg = Release|Any CPU
		{2BE9B007-3937-478A-8497-3F6E1DA2AD61}.Release|Any CPU.Build.0 = Release|Any CPU
		{2BE9B007-3937-478A-8497-3F6E1DA2AD61}.Release|x64.ActiveCfg = Release|Any CPU
		{2BE9B007-3937-478A-8497-3F6E1DA2AD61}.Release|x64.Build.0 = Release|Any CPU
		{2BE9B007-3937-478A-8497-3F6E1DA2AD61}.Release|x86.ActiveCfg = Release|Any CPU
		{2BE9B007-3937-478A-8497-3F6E1DA2AD61}.Release|x86.Build.0 = Release|Any CPU
		{2BE9B007-3937-478A-8497-3F6E1DA2AD61}.Test|Any CPU.ActiveCfg = Release|Any CPU
		{2BE9B007-3937-478A-8497-3F6E1DA2AD61}.Test|Any CPU.Build.0 = Release|Any CPU
		{2BE9B007-3937-478A-8497-3F6E1DA2AD61}.Test|x64.ActiveCfg = Release|Any CPU
		{2BE9B007-3937-478A-8497-3F6E1DA2AD61}.Test|x64.Build.0 = Release|Any CPU
		{2BE9B007-3937-478A-8497-3F6E1DA2AD61}.Test|x86.ActiveCfg = Release|Any CPU
		{2BE9B007-3937-478A-8497-3F6E1DA2AD61}.Test|x86.Build.0 = Release|Any CPU
		{2BE9B007-3937-478A-8497-3F6E1DA2AD61}.VS|Any CPU.ActiveCfg = VS|Any CPU
		{2BE9B007-3937-478A-8497-3F6E1DA2AD61}.VS|Any CPU.Build.0 = VS|Any CPU
		{2BE9B007-3937-478A-8497-3F6E1DA2AD61}.VS|x64.ActiveCfg = VS|Any CPU
		{2BE9B007-3937-478A-8497-3F6E1DA2AD61}.VS|x64.Build.0 = VS|Any CPU
		{2BE9B007-3937-478A-8497-3F6E1DA2AD61}.VS|x86.ActiveCfg = VS|Any CPU
		{2BE9B007-3937-478A-8497-3F6E1DA2AD61}.VS|x86.Build.0 = VS|Any CPU
		{B3DA6954-38B4-42F1-82D2-A205C25C10C1}.Debug|Any CPU.ActiveCfg = Debug|Any CPU
		{B3DA6954-38B4-42F1-82D2-A205C25C10C1}.Debug|Any CPU.Build.0 = Debug|Any CPU
		{B3DA6954-38B4-42F1-82D2-A205C25C10C1}.Debug|x64.ActiveCfg = Debug|Any CPU
		{B3DA6954-38B4-42F1-82D2-A205C25C10C1}.Debug|x64.Build.0 = Debug|Any CPU
		{B3DA6954-38B4-42F1-82D2-A205C25C10C1}.Debug|x86.ActiveCfg = Debug|Any CPU
		{B3DA6954-38B4-42F1-82D2-A205C25C10C1}.Debug|x86.Build.0 = Debug|Any CPU
		{B3DA6954-38B4-42F1-82D2-A205C25C10C1}.Release|Any CPU.ActiveCfg = Release|Any CPU
		{B3DA6954-38B4-42F1-82D2-A205C25C10C1}.Release|Any CPU.Build.0 = Release|Any CPU
		{B3DA6954-38B4-42F1-82D2-A205C25C10C1}.Release|x64.ActiveCfg = Release|Any CPU
		{B3DA6954-38B4-42F1-82D2-A205C25C10C1}.Release|x64.Build.0 = Release|Any CPU
		{B3DA6954-38B4-42F1-82D2-A205C25C10C1}.Release|x86.ActiveCfg = Release|Any CPU
		{B3DA6954-38B4-42F1-82D2-A205C25C10C1}.Release|x86.Build.0 = Release|Any CPU
		{B3DA6954-38B4-42F1-82D2-A205C25C10C1}.Test|Any CPU.ActiveCfg = Release|Any CPU
		{B3DA6954-38B4-42F1-82D2-A205C25C10C1}.Test|Any CPU.Build.0 = Release|Any CPU
		{B3DA6954-38B4-42F1-82D2-A205C25C10C1}.Test|x64.ActiveCfg = Release|Any CPU
		{B3DA6954-38B4-42F1-82D2-A205C25C10C1}.Test|x64.Build.0 = Release|Any CPU
		{B3DA6954-38B4-42F1-82D2-A205C25C10C1}.Test|x86.ActiveCfg = Release|Any CPU
		{B3DA6954-38B4-42F1-82D2-A205C25C10C1}.Test|x86.Build.0 = Release|Any CPU
		{B3DA6954-38B4-42F1-82D2-A205C25C10C1}.VS|Any CPU.ActiveCfg = VS|Any CPU
		{B3DA6954-38B4-42F1-82D2-A205C25C10C1}.VS|Any CPU.Build.0 = VS|Any CPU
		{B3DA6954-38B4-42F1-82D2-A205C25C10C1}.VS|x64.ActiveCfg = VS|Any CPU
		{B3DA6954-38B4-42F1-82D2-A205C25C10C1}.VS|x64.Build.0 = VS|Any CPU
		{B3DA6954-38B4-42F1-82D2-A205C25C10C1}.VS|x86.ActiveCfg = VS|Any CPU
		{B3DA6954-38B4-42F1-82D2-A205C25C10C1}.VS|x86.Build.0 = VS|Any CPU
		{6041A83A-100F-4BA8-B8FC-03B9AFB5AECD}.Debug|Any CPU.ActiveCfg = Debug|Any CPU
		{6041A83A-100F-4BA8-B8FC-03B9AFB5AECD}.Debug|Any CPU.Build.0 = Debug|Any CPU
		{6041A83A-100F-4BA8-B8FC-03B9AFB5AECD}.Debug|x64.ActiveCfg = Debug|Any CPU
		{6041A83A-100F-4BA8-B8FC-03B9AFB5AECD}.Debug|x64.Build.0 = Debug|Any CPU
		{6041A83A-100F-4BA8-B8FC-03B9AFB5AECD}.Debug|x86.ActiveCfg = Debug|Any CPU
		{6041A83A-100F-4BA8-B8FC-03B9AFB5AECD}.Debug|x86.Build.0 = Debug|Any CPU
		{6041A83A-100F-4BA8-B8FC-03B9AFB5AECD}.Release|Any CPU.ActiveCfg = Release|Any CPU
		{6041A83A-100F-4BA8-B8FC-03B9AFB5AECD}.Release|Any CPU.Build.0 = Release|Any CPU
		{6041A83A-100F-4BA8-B8FC-03B9AFB5AECD}.Release|x64.ActiveCfg = Release|Any CPU
		{6041A83A-100F-4BA8-B8FC-03B9AFB5AECD}.Release|x64.Build.0 = Release|Any CPU
		{6041A83A-100F-4BA8-B8FC-03B9AFB5AECD}.Release|x86.ActiveCfg = Release|Any CPU
		{6041A83A-100F-4BA8-B8FC-03B9AFB5AECD}.Release|x86.Build.0 = Release|Any CPU
		{6041A83A-100F-4BA8-B8FC-03B9AFB5AECD}.Test|Any CPU.ActiveCfg = Release|Any CPU
		{6041A83A-100F-4BA8-B8FC-03B9AFB5AECD}.Test|Any CPU.Build.0 = Release|Any CPU
		{6041A83A-100F-4BA8-B8FC-03B9AFB5AECD}.Test|x64.ActiveCfg = Release|Any CPU
		{6041A83A-100F-4BA8-B8FC-03B9AFB5AECD}.Test|x64.Build.0 = Release|Any CPU
		{6041A83A-100F-4BA8-B8FC-03B9AFB5AECD}.Test|x86.ActiveCfg = Release|Any CPU
		{6041A83A-100F-4BA8-B8FC-03B9AFB5AECD}.Test|x86.Build.0 = Release|Any CPU
		{6041A83A-100F-4BA8-B8FC-03B9AFB5AECD}.VS|Any CPU.ActiveCfg = VS|Any CPU
		{6041A83A-100F-4BA8-B8FC-03B9AFB5AECD}.VS|Any CPU.Build.0 = VS|Any CPU
		{6041A83A-100F-4BA8-B8FC-03B9AFB5AECD}.VS|x64.ActiveCfg = VS|Any CPU
		{6041A83A-100F-4BA8-B8FC-03B9AFB5AECD}.VS|x64.Build.0 = VS|Any CPU
		{6041A83A-100F-4BA8-B8FC-03B9AFB5AECD}.VS|x86.ActiveCfg = VS|Any CPU
		{6041A83A-100F-4BA8-B8FC-03B9AFB5AECD}.VS|x86.Build.0 = VS|Any CPU
		{A79D8583-CFE5-43BB-9A78-270542B5D6E7}.Debug|Any CPU.ActiveCfg = Debug|x86
		{A79D8583-CFE5-43BB-9A78-270542B5D6E7}.Debug|Any CPU.Build.0 = Debug|x86
		{A79D8583-CFE5-43BB-9A78-270542B5D6E7}.Debug|x64.ActiveCfg = Debug|x64
		{A79D8583-CFE5-43BB-9A78-270542B5D6E7}.Debug|x64.Build.0 = Debug|x64
		{A79D8583-CFE5-43BB-9A78-270542B5D6E7}.Debug|x86.ActiveCfg = Debug|x86
		{A79D8583-CFE5-43BB-9A78-270542B5D6E7}.Debug|x86.Build.0 = Debug|x86
		{A79D8583-CFE5-43BB-9A78-270542B5D6E7}.Release|Any CPU.ActiveCfg = Release|x86
		{A79D8583-CFE5-43BB-9A78-270542B5D6E7}.Release|x64.ActiveCfg = Release|x64
		{A79D8583-CFE5-43BB-9A78-270542B5D6E7}.Release|x64.Build.0 = Release|x64
		{A79D8583-CFE5-43BB-9A78-270542B5D6E7}.Release|x86.ActiveCfg = Release|x86
		{A79D8583-CFE5-43BB-9A78-270542B5D6E7}.Release|x86.Build.0 = Release|x86
		{A79D8583-CFE5-43BB-9A78-270542B5D6E7}.Test|Any CPU.ActiveCfg = Release|x86
		{A79D8583-CFE5-43BB-9A78-270542B5D6E7}.Test|Any CPU.Build.0 = Release|x86
		{A79D8583-CFE5-43BB-9A78-270542B5D6E7}.Test|x64.ActiveCfg = Release|x64
		{A79D8583-CFE5-43BB-9A78-270542B5D6E7}.Test|x64.Build.0 = Release|x64
		{A79D8583-CFE5-43BB-9A78-270542B5D6E7}.Test|x86.ActiveCfg = Release|x86
		{A79D8583-CFE5-43BB-9A78-270542B5D6E7}.Test|x86.Build.0 = Release|x86
		{A79D8583-CFE5-43BB-9A78-270542B5D6E7}.VS|Any CPU.ActiveCfg = VS|x86
		{A79D8583-CFE5-43BB-9A78-270542B5D6E7}.VS|Any CPU.Build.0 = VS|x86
		{A79D8583-CFE5-43BB-9A78-270542B5D6E7}.VS|x64.ActiveCfg = VS|x64
		{A79D8583-CFE5-43BB-9A78-270542B5D6E7}.VS|x86.ActiveCfg = VS|x86
		{A79D8583-CFE5-43BB-9A78-270542B5D6E7}.VS|x86.Build.0 = VS|x86
		{3BEC4444-703D-49E6-9A4B-40726E679ECD}.Debug|Any CPU.ActiveCfg = Debug|Any CPU
		{3BEC4444-703D-49E6-9A4B-40726E679ECD}.Debug|Any CPU.Build.0 = Debug|Any CPU
		{3BEC4444-703D-49E6-9A4B-40726E679ECD}.Debug|x64.ActiveCfg = Debug|Any CPU
		{3BEC4444-703D-49E6-9A4B-40726E679ECD}.Debug|x64.Build.0 = Debug|Any CPU
		{3BEC4444-703D-49E6-9A4B-40726E679ECD}.Debug|x86.ActiveCfg = Debug|Any CPU
		{3BEC4444-703D-49E6-9A4B-40726E679ECD}.Debug|x86.Build.0 = Debug|Any CPU
		{3BEC4444-703D-49E6-9A4B-40726E679ECD}.Release|Any CPU.ActiveCfg = Release|Any CPU
		{3BEC4444-703D-49E6-9A4B-40726E679ECD}.Release|Any CPU.Build.0 = Release|Any CPU
		{3BEC4444-703D-49E6-9A4B-40726E679ECD}.Release|x64.ActiveCfg = Release|Any CPU
		{3BEC4444-703D-49E6-9A4B-40726E679ECD}.Release|x64.Build.0 = Release|Any CPU
		{3BEC4444-703D-49E6-9A4B-40726E679ECD}.Release|x86.ActiveCfg = Release|Any CPU
		{3BEC4444-703D-49E6-9A4B-40726E679ECD}.Release|x86.Build.0 = Release|Any CPU
		{3BEC4444-703D-49E6-9A4B-40726E679ECD}.Test|Any CPU.ActiveCfg = Release|Any CPU
		{3BEC4444-703D-49E6-9A4B-40726E679ECD}.Test|Any CPU.Build.0 = Release|Any CPU
		{3BEC4444-703D-49E6-9A4B-40726E679ECD}.Test|x64.ActiveCfg = Release|Any CPU
		{3BEC4444-703D-49E6-9A4B-40726E679ECD}.Test|x64.Build.0 = Release|Any CPU
		{3BEC4444-703D-49E6-9A4B-40726E679ECD}.Test|x86.ActiveCfg = Release|Any CPU
		{3BEC4444-703D-49E6-9A4B-40726E679ECD}.Test|x86.Build.0 = Release|Any CPU
		{3BEC4444-703D-49E6-9A4B-40726E679ECD}.VS|Any CPU.ActiveCfg = VS|Any CPU
		{3BEC4444-703D-49E6-9A4B-40726E679ECD}.VS|Any CPU.Build.0 = VS|Any CPU
		{3BEC4444-703D-49E6-9A4B-40726E679ECD}.VS|x64.ActiveCfg = VS|Any CPU
		{3BEC4444-703D-49E6-9A4B-40726E679ECD}.VS|x64.Build.0 = VS|Any CPU
		{3BEC4444-703D-49E6-9A4B-40726E679ECD}.VS|x86.ActiveCfg = VS|Any CPU
		{3BEC4444-703D-49E6-9A4B-40726E679ECD}.VS|x86.Build.0 = VS|Any CPU
		{F6202A2E-03A5-4067-A8EC-A2592A63DA15}.Debug|Any CPU.ActiveCfg = Debug|Any CPU
		{F6202A2E-03A5-4067-A8EC-A2592A63DA15}.Debug|Any CPU.Build.0 = Debug|Any CPU
		{F6202A2E-03A5-4067-A8EC-A2592A63DA15}.Debug|x64.ActiveCfg = Debug|Any CPU
		{F6202A2E-03A5-4067-A8EC-A2592A63DA15}.Debug|x64.Build.0 = Debug|Any CPU
		{F6202A2E-03A5-4067-A8EC-A2592A63DA15}.Debug|x86.ActiveCfg = Debug|Any CPU
		{F6202A2E-03A5-4067-A8EC-A2592A63DA15}.Debug|x86.Build.0 = Debug|Any CPU
		{F6202A2E-03A5-4067-A8EC-A2592A63DA15}.Release|Any CPU.ActiveCfg = Release|Any CPU
		{F6202A2E-03A5-4067-A8EC-A2592A63DA15}.Release|Any CPU.Build.0 = Release|Any CPU
		{F6202A2E-03A5-4067-A8EC-A2592A63DA15}.Release|x64.ActiveCfg = Release|Any CPU
		{F6202A2E-03A5-4067-A8EC-A2592A63DA15}.Release|x64.Build.0 = Release|Any CPU
		{F6202A2E-03A5-4067-A8EC-A2592A63DA15}.Release|x86.ActiveCfg = Release|Any CPU
		{F6202A2E-03A5-4067-A8EC-A2592A63DA15}.Release|x86.Build.0 = Release|Any CPU
		{F6202A2E-03A5-4067-A8EC-A2592A63DA15}.Test|Any CPU.ActiveCfg = Release|Any CPU
		{F6202A2E-03A5-4067-A8EC-A2592A63DA15}.Test|Any CPU.Build.0 = Release|Any CPU
		{F6202A2E-03A5-4067-A8EC-A2592A63DA15}.Test|x64.ActiveCfg = Release|Any CPU
		{F6202A2E-03A5-4067-A8EC-A2592A63DA15}.Test|x64.Build.0 = Release|Any CPU
		{F6202A2E-03A5-4067-A8EC-A2592A63DA15}.Test|x86.ActiveCfg = Release|Any CPU
		{F6202A2E-03A5-4067-A8EC-A2592A63DA15}.Test|x86.Build.0 = Release|Any CPU
		{F6202A2E-03A5-4067-A8EC-A2592A63DA15}.VS|Any CPU.ActiveCfg = VS|Any CPU
		{F6202A2E-03A5-4067-A8EC-A2592A63DA15}.VS|Any CPU.Build.0 = VS|Any CPU
		{F6202A2E-03A5-4067-A8EC-A2592A63DA15}.VS|x64.ActiveCfg = VS|Any CPU
		{F6202A2E-03A5-4067-A8EC-A2592A63DA15}.VS|x64.Build.0 = VS|Any CPU
		{F6202A2E-03A5-4067-A8EC-A2592A63DA15}.VS|x86.ActiveCfg = VS|Any CPU
		{F6202A2E-03A5-4067-A8EC-A2592A63DA15}.VS|x86.Build.0 = VS|Any CPU
		{9D239913-D5C3-40E5-BBF6-8876DD1C7580}.Debug|Any CPU.ActiveCfg = Debug|Any CPU
		{9D239913-D5C3-40E5-BBF6-8876DD1C7580}.Debug|Any CPU.Build.0 = Debug|Any CPU
		{9D239913-D5C3-40E5-BBF6-8876DD1C7580}.Debug|x64.ActiveCfg = Debug|Any CPU
		{9D239913-D5C3-40E5-BBF6-8876DD1C7580}.Debug|x64.Build.0 = Debug|Any CPU
		{9D239913-D5C3-40E5-BBF6-8876DD1C7580}.Debug|x86.ActiveCfg = Debug|Any CPU
		{9D239913-D5C3-40E5-BBF6-8876DD1C7580}.Debug|x86.Build.0 = Debug|Any CPU
		{9D239913-D5C3-40E5-BBF6-8876DD1C7580}.Release|Any CPU.ActiveCfg = Release|Any CPU
		{9D239913-D5C3-40E5-BBF6-8876DD1C7580}.Release|Any CPU.Build.0 = Release|Any CPU
		{9D239913-D5C3-40E5-BBF6-8876DD1C7580}.Release|x64.ActiveCfg = Release|Any CPU
		{9D239913-D5C3-40E5-BBF6-8876DD1C7580}.Release|x64.Build.0 = Release|Any CPU
		{9D239913-D5C3-40E5-BBF6-8876DD1C7580}.Release|x86.ActiveCfg = Release|Any CPU
		{9D239913-D5C3-40E5-BBF6-8876DD1C7580}.Release|x86.Build.0 = Release|Any CPU
		{9D239913-D5C3-40E5-BBF6-8876DD1C7580}.Test|Any CPU.ActiveCfg = Release|Any CPU
		{9D239913-D5C3-40E5-BBF6-8876DD1C7580}.Test|Any CPU.Build.0 = Release|Any CPU
		{9D239913-D5C3-40E5-BBF6-8876DD1C7580}.Test|x64.ActiveCfg = Release|Any CPU
		{9D239913-D5C3-40E5-BBF6-8876DD1C7580}.Test|x64.Build.0 = Release|Any CPU
		{9D239913-D5C3-40E5-BBF6-8876DD1C7580}.Test|x86.ActiveCfg = Release|Any CPU
		{9D239913-D5C3-40E5-BBF6-8876DD1C7580}.Test|x86.Build.0 = Release|Any CPU
		{9D239913-D5C3-40E5-BBF6-8876DD1C7580}.VS|Any CPU.ActiveCfg = VS|Any CPU
		{9D239913-D5C3-40E5-BBF6-8876DD1C7580}.VS|Any CPU.Build.0 = VS|Any CPU
		{9D239913-D5C3-40E5-BBF6-8876DD1C7580}.VS|x64.ActiveCfg = VS|Any CPU
		{9D239913-D5C3-40E5-BBF6-8876DD1C7580}.VS|x64.Build.0 = VS|Any CPU
		{9D239913-D5C3-40E5-BBF6-8876DD1C7580}.VS|x86.ActiveCfg = VS|Any CPU
		{9D239913-D5C3-40E5-BBF6-8876DD1C7580}.VS|x86.Build.0 = VS|Any CPU
		{2A06696E-3ABA-47CB-83C2-E745D5C4257F}.Debug|Any CPU.ActiveCfg = Debug|Any CPU
		{2A06696E-3ABA-47CB-83C2-E745D5C4257F}.Debug|Any CPU.Build.0 = Debug|Any CPU
		{2A06696E-3ABA-47CB-83C2-E745D5C4257F}.Debug|x64.ActiveCfg = Debug|Any CPU
		{2A06696E-3ABA-47CB-83C2-E745D5C4257F}.Debug|x64.Build.0 = Debug|Any CPU
		{2A06696E-3ABA-47CB-83C2-E745D5C4257F}.Debug|x86.ActiveCfg = Debug|Any CPU
		{2A06696E-3ABA-47CB-83C2-E745D5C4257F}.Debug|x86.Build.0 = Debug|Any CPU
		{2A06696E-3ABA-47CB-83C2-E745D5C4257F}.Release|Any CPU.ActiveCfg = Release|Any CPU
		{2A06696E-3ABA-47CB-83C2-E745D5C4257F}.Release|Any CPU.Build.0 = Release|Any CPU
		{2A06696E-3ABA-47CB-83C2-E745D5C4257F}.Release|x64.ActiveCfg = Release|Any CPU
		{2A06696E-3ABA-47CB-83C2-E745D5C4257F}.Release|x64.Build.0 = Release|Any CPU
		{2A06696E-3ABA-47CB-83C2-E745D5C4257F}.Release|x86.ActiveCfg = Release|Any CPU
		{2A06696E-3ABA-47CB-83C2-E745D5C4257F}.Release|x86.Build.0 = Release|Any CPU
		{2A06696E-3ABA-47CB-83C2-E745D5C4257F}.Test|Any CPU.ActiveCfg = Release|Any CPU
		{2A06696E-3ABA-47CB-83C2-E745D5C4257F}.Test|Any CPU.Build.0 = Release|Any CPU
		{2A06696E-3ABA-47CB-83C2-E745D5C4257F}.Test|x64.ActiveCfg = Release|Any CPU
		{2A06696E-3ABA-47CB-83C2-E745D5C4257F}.Test|x64.Build.0 = Release|Any CPU
		{2A06696E-3ABA-47CB-83C2-E745D5C4257F}.Test|x86.ActiveCfg = Release|Any CPU
		{2A06696E-3ABA-47CB-83C2-E745D5C4257F}.Test|x86.Build.0 = Release|Any CPU
		{2A06696E-3ABA-47CB-83C2-E745D5C4257F}.VS|Any CPU.ActiveCfg = VS|Any CPU
		{2A06696E-3ABA-47CB-83C2-E745D5C4257F}.VS|Any CPU.Build.0 = VS|Any CPU
		{2A06696E-3ABA-47CB-83C2-E745D5C4257F}.VS|x64.ActiveCfg = VS|Any CPU
		{2A06696E-3ABA-47CB-83C2-E745D5C4257F}.VS|x64.Build.0 = VS|Any CPU
		{2A06696E-3ABA-47CB-83C2-E745D5C4257F}.VS|x86.ActiveCfg = VS|Any CPU
		{2A06696E-3ABA-47CB-83C2-E745D5C4257F}.VS|x86.Build.0 = VS|Any CPU
		{065EDF96-7EB2-487D-B560-CD1E4794A0D8}.Debug|Any CPU.ActiveCfg = Debug|Any CPU
		{065EDF96-7EB2-487D-B560-CD1E4794A0D8}.Debug|Any CPU.Build.0 = Debug|Any CPU
		{065EDF96-7EB2-487D-B560-CD1E4794A0D8}.Debug|x64.ActiveCfg = Debug|Any CPU
		{065EDF96-7EB2-487D-B560-CD1E4794A0D8}.Debug|x64.Build.0 = Debug|Any CPU
		{065EDF96-7EB2-487D-B560-CD1E4794A0D8}.Debug|x86.ActiveCfg = Debug|Any CPU
		{065EDF96-7EB2-487D-B560-CD1E4794A0D8}.Debug|x86.Build.0 = Debug|Any CPU
		{065EDF96-7EB2-487D-B560-CD1E4794A0D8}.Release|Any CPU.ActiveCfg = Release|Any CPU
		{065EDF96-7EB2-487D-B560-CD1E4794A0D8}.Release|Any CPU.Build.0 = Release|Any CPU
		{065EDF96-7EB2-487D-B560-CD1E4794A0D8}.Release|x64.ActiveCfg = Release|Any CPU
		{065EDF96-7EB2-487D-B560-CD1E4794A0D8}.Release|x64.Build.0 = Release|Any CPU
		{065EDF96-7EB2-487D-B560-CD1E4794A0D8}.Release|x86.ActiveCfg = Release|Any CPU
		{065EDF96-7EB2-487D-B560-CD1E4794A0D8}.Release|x86.Build.0 = Release|Any CPU
		{065EDF96-7EB2-487D-B560-CD1E4794A0D8}.Test|Any CPU.ActiveCfg = Debug|Any CPU
		{065EDF96-7EB2-487D-B560-CD1E4794A0D8}.Test|Any CPU.Build.0 = Debug|Any CPU
		{065EDF96-7EB2-487D-B560-CD1E4794A0D8}.Test|x64.ActiveCfg = Debug|Any CPU
		{065EDF96-7EB2-487D-B560-CD1E4794A0D8}.Test|x64.Build.0 = Debug|Any CPU
		{065EDF96-7EB2-487D-B560-CD1E4794A0D8}.Test|x86.ActiveCfg = Debug|Any CPU
		{065EDF96-7EB2-487D-B560-CD1E4794A0D8}.Test|x86.Build.0 = Debug|Any CPU
		{065EDF96-7EB2-487D-B560-CD1E4794A0D8}.VS|Any CPU.ActiveCfg = VS|Any CPU
		{065EDF96-7EB2-487D-B560-CD1E4794A0D8}.VS|Any CPU.Build.0 = VS|Any CPU
		{065EDF96-7EB2-487D-B560-CD1E4794A0D8}.VS|x64.ActiveCfg = VS|Any CPU
		{065EDF96-7EB2-487D-B560-CD1E4794A0D8}.VS|x64.Build.0 = VS|Any CPU
		{065EDF96-7EB2-487D-B560-CD1E4794A0D8}.VS|x86.ActiveCfg = VS|Any CPU
		{065EDF96-7EB2-487D-B560-CD1E4794A0D8}.VS|x86.Build.0 = VS|Any CPU
		{651390B4-5389-4C39-9079-3EA019234003}.Debug|Any CPU.ActiveCfg = Debug|Any CPU
		{651390B4-5389-4C39-9079-3EA019234003}.Debug|Any CPU.Build.0 = Debug|Any CPU
		{651390B4-5389-4C39-9079-3EA019234003}.Debug|x64.ActiveCfg = Debug|Any CPU
		{651390B4-5389-4C39-9079-3EA019234003}.Debug|x64.Build.0 = Debug|Any CPU
		{651390B4-5389-4C39-9079-3EA019234003}.Debug|x86.ActiveCfg = Debug|Any CPU
		{651390B4-5389-4C39-9079-3EA019234003}.Debug|x86.Build.0 = Debug|Any CPU
		{651390B4-5389-4C39-9079-3EA019234003}.Release|Any CPU.ActiveCfg = Release|Any CPU
		{651390B4-5389-4C39-9079-3EA019234003}.Release|Any CPU.Build.0 = Release|Any CPU
		{651390B4-5389-4C39-9079-3EA019234003}.Release|x64.ActiveCfg = Release|Any CPU
		{651390B4-5389-4C39-9079-3EA019234003}.Release|x64.Build.0 = Release|Any CPU
		{651390B4-5389-4C39-9079-3EA019234003}.Release|x86.ActiveCfg = Release|Any CPU
		{651390B4-5389-4C39-9079-3EA019234003}.Release|x86.Build.0 = Release|Any CPU
		{651390B4-5389-4C39-9079-3EA019234003}.Test|Any CPU.ActiveCfg = Debug|Any CPU
		{651390B4-5389-4C39-9079-3EA019234003}.Test|Any CPU.Build.0 = Debug|Any CPU
		{651390B4-5389-4C39-9079-3EA019234003}.Test|x64.ActiveCfg = Debug|Any CPU
		{651390B4-5389-4C39-9079-3EA019234003}.Test|x64.Build.0 = Debug|Any CPU
		{651390B4-5389-4C39-9079-3EA019234003}.Test|x86.ActiveCfg = Debug|Any CPU
		{651390B4-5389-4C39-9079-3EA019234003}.Test|x86.Build.0 = Debug|Any CPU
		{651390B4-5389-4C39-9079-3EA019234003}.VS|Any CPU.ActiveCfg = VS|Any CPU
		{651390B4-5389-4C39-9079-3EA019234003}.VS|Any CPU.Build.0 = VS|Any CPU
		{651390B4-5389-4C39-9079-3EA019234003}.VS|x64.ActiveCfg = VS|Any CPU
		{651390B4-5389-4C39-9079-3EA019234003}.VS|x64.Build.0 = VS|Any CPU
		{651390B4-5389-4C39-9079-3EA019234003}.VS|x86.ActiveCfg = VS|Any CPU
		{651390B4-5389-4C39-9079-3EA019234003}.VS|x86.Build.0 = VS|Any CPU
		{3FB0443B-41AB-4C47-9E76-7FEF9102F19C}.Debug|Any CPU.ActiveCfg = Debug|Any CPU
		{3FB0443B-41AB-4C47-9E76-7FEF9102F19C}.Debug|Any CPU.Build.0 = Debug|Any CPU
		{3FB0443B-41AB-4C47-9E76-7FEF9102F19C}.Debug|x64.ActiveCfg = Debug|Any CPU
		{3FB0443B-41AB-4C47-9E76-7FEF9102F19C}.Debug|x64.Build.0 = Debug|Any CPU
		{3FB0443B-41AB-4C47-9E76-7FEF9102F19C}.Debug|x86.ActiveCfg = Debug|Any CPU
		{3FB0443B-41AB-4C47-9E76-7FEF9102F19C}.Debug|x86.Build.0 = Debug|Any CPU
		{3FB0443B-41AB-4C47-9E76-7FEF9102F19C}.Release|Any CPU.ActiveCfg = Release|Any CPU
		{3FB0443B-41AB-4C47-9E76-7FEF9102F19C}.Release|Any CPU.Build.0 = Release|Any CPU
		{3FB0443B-41AB-4C47-9E76-7FEF9102F19C}.Release|x64.ActiveCfg = Release|Any CPU
		{3FB0443B-41AB-4C47-9E76-7FEF9102F19C}.Release|x64.Build.0 = Release|Any CPU
		{3FB0443B-41AB-4C47-9E76-7FEF9102F19C}.Release|x86.ActiveCfg = Release|Any CPU
		{3FB0443B-41AB-4C47-9E76-7FEF9102F19C}.Release|x86.Build.0 = Release|Any CPU
		{3FB0443B-41AB-4C47-9E76-7FEF9102F19C}.Test|Any CPU.ActiveCfg = Debug|Any CPU
		{3FB0443B-41AB-4C47-9E76-7FEF9102F19C}.Test|Any CPU.Build.0 = Debug|Any CPU
		{3FB0443B-41AB-4C47-9E76-7FEF9102F19C}.Test|x64.ActiveCfg = Debug|Any CPU
		{3FB0443B-41AB-4C47-9E76-7FEF9102F19C}.Test|x64.Build.0 = Debug|Any CPU
		{3FB0443B-41AB-4C47-9E76-7FEF9102F19C}.Test|x86.ActiveCfg = Debug|Any CPU
		{3FB0443B-41AB-4C47-9E76-7FEF9102F19C}.Test|x86.Build.0 = Debug|Any CPU
		{3FB0443B-41AB-4C47-9E76-7FEF9102F19C}.VS|Any CPU.ActiveCfg = VS|Any CPU
		{3FB0443B-41AB-4C47-9E76-7FEF9102F19C}.VS|Any CPU.Build.0 = VS|Any CPU
		{3FB0443B-41AB-4C47-9E76-7FEF9102F19C}.VS|x64.ActiveCfg = VS|Any CPU
		{3FB0443B-41AB-4C47-9E76-7FEF9102F19C}.VS|x64.Build.0 = VS|Any CPU
		{3FB0443B-41AB-4C47-9E76-7FEF9102F19C}.VS|x86.ActiveCfg = VS|Any CPU
		{3FB0443B-41AB-4C47-9E76-7FEF9102F19C}.VS|x86.Build.0 = VS|Any CPU
		{4C68240F-AA6E-4C87-9C9D-3DA6392E9731}.Debug|Any CPU.ActiveCfg = Debug|Any CPU
		{4C68240F-AA6E-4C87-9C9D-3DA6392E9731}.Debug|Any CPU.Build.0 = Debug|Any CPU
		{4C68240F-AA6E-4C87-9C9D-3DA6392E9731}.Debug|x64.ActiveCfg = Debug|Any CPU
		{4C68240F-AA6E-4C87-9C9D-3DA6392E9731}.Debug|x64.Build.0 = Debug|Any CPU
		{4C68240F-AA6E-4C87-9C9D-3DA6392E9731}.Debug|x86.ActiveCfg = Debug|Any CPU
		{4C68240F-AA6E-4C87-9C9D-3DA6392E9731}.Debug|x86.Build.0 = Debug|Any CPU
		{4C68240F-AA6E-4C87-9C9D-3DA6392E9731}.Release|Any CPU.ActiveCfg = Release|Any CPU
		{4C68240F-AA6E-4C87-9C9D-3DA6392E9731}.Release|Any CPU.Build.0 = Release|Any CPU
		{4C68240F-AA6E-4C87-9C9D-3DA6392E9731}.Release|x64.ActiveCfg = Release|Any CPU
		{4C68240F-AA6E-4C87-9C9D-3DA6392E9731}.Release|x64.Build.0 = Release|Any CPU
		{4C68240F-AA6E-4C87-9C9D-3DA6392E9731}.Release|x86.ActiveCfg = Release|Any CPU
		{4C68240F-AA6E-4C87-9C9D-3DA6392E9731}.Release|x86.Build.0 = Release|Any CPU
		{4C68240F-AA6E-4C87-9C9D-3DA6392E9731}.Test|Any CPU.ActiveCfg = Release|Any CPU
		{4C68240F-AA6E-4C87-9C9D-3DA6392E9731}.Test|Any CPU.Build.0 = Release|Any CPU
		{4C68240F-AA6E-4C87-9C9D-3DA6392E9731}.Test|x64.ActiveCfg = Release|Any CPU
		{4C68240F-AA6E-4C87-9C9D-3DA6392E9731}.Test|x64.Build.0 = Release|Any CPU
		{4C68240F-AA6E-4C87-9C9D-3DA6392E9731}.Test|x86.ActiveCfg = Release|Any CPU
		{4C68240F-AA6E-4C87-9C9D-3DA6392E9731}.Test|x86.Build.0 = Release|Any CPU
		{4C68240F-AA6E-4C87-9C9D-3DA6392E9731}.VS|Any CPU.ActiveCfg = VS|Any CPU
		{4C68240F-AA6E-4C87-9C9D-3DA6392E9731}.VS|Any CPU.Build.0 = VS|Any CPU
		{4C68240F-AA6E-4C87-9C9D-3DA6392E9731}.VS|x64.ActiveCfg = VS|Any CPU
		{4C68240F-AA6E-4C87-9C9D-3DA6392E9731}.VS|x64.Build.0 = VS|Any CPU
		{4C68240F-AA6E-4C87-9C9D-3DA6392E9731}.VS|x86.ActiveCfg = VS|Any CPU
		{4C68240F-AA6E-4C87-9C9D-3DA6392E9731}.VS|x86.Build.0 = VS|Any CPU
		{54CDB0EE-0586-4EC1-8168-C9453F88251B}.Debug|Any CPU.ActiveCfg = Debug|Any CPU
		{54CDB0EE-0586-4EC1-8168-C9453F88251B}.Debug|Any CPU.Build.0 = Debug|Any CPU
		{54CDB0EE-0586-4EC1-8168-C9453F88251B}.Debug|x64.ActiveCfg = Debug|Any CPU
		{54CDB0EE-0586-4EC1-8168-C9453F88251B}.Debug|x64.Build.0 = Debug|Any CPU
		{54CDB0EE-0586-4EC1-8168-C9453F88251B}.Debug|x86.ActiveCfg = Debug|Any CPU
		{54CDB0EE-0586-4EC1-8168-C9453F88251B}.Debug|x86.Build.0 = Debug|Any CPU
		{54CDB0EE-0586-4EC1-8168-C9453F88251B}.Release|Any CPU.ActiveCfg = Release|Any CPU
		{54CDB0EE-0586-4EC1-8168-C9453F88251B}.Release|Any CPU.Build.0 = Release|Any CPU
		{54CDB0EE-0586-4EC1-8168-C9453F88251B}.Release|x64.ActiveCfg = Release|Any CPU
		{54CDB0EE-0586-4EC1-8168-C9453F88251B}.Release|x64.Build.0 = Release|Any CPU
		{54CDB0EE-0586-4EC1-8168-C9453F88251B}.Release|x86.ActiveCfg = Release|Any CPU
		{54CDB0EE-0586-4EC1-8168-C9453F88251B}.Release|x86.Build.0 = Release|Any CPU
		{54CDB0EE-0586-4EC1-8168-C9453F88251B}.Test|Any CPU.ActiveCfg = Release|Any CPU
		{54CDB0EE-0586-4EC1-8168-C9453F88251B}.Test|Any CPU.Build.0 = Release|Any CPU
		{54CDB0EE-0586-4EC1-8168-C9453F88251B}.Test|x64.ActiveCfg = Release|Any CPU
		{54CDB0EE-0586-4EC1-8168-C9453F88251B}.Test|x64.Build.0 = Release|Any CPU
		{54CDB0EE-0586-4EC1-8168-C9453F88251B}.Test|x86.ActiveCfg = Release|Any CPU
		{54CDB0EE-0586-4EC1-8168-C9453F88251B}.Test|x86.Build.0 = Release|Any CPU
		{54CDB0EE-0586-4EC1-8168-C9453F88251B}.VS|Any CPU.ActiveCfg = VS|Any CPU
		{54CDB0EE-0586-4EC1-8168-C9453F88251B}.VS|Any CPU.Build.0 = VS|Any CPU
		{54CDB0EE-0586-4EC1-8168-C9453F88251B}.VS|x64.ActiveCfg = VS|Any CPU
		{54CDB0EE-0586-4EC1-8168-C9453F88251B}.VS|x64.Build.0 = VS|Any CPU
		{54CDB0EE-0586-4EC1-8168-C9453F88251B}.VS|x86.ActiveCfg = VS|Any CPU
		{54CDB0EE-0586-4EC1-8168-C9453F88251B}.VS|x86.Build.0 = VS|Any CPU
		{59604EBE-37C1-4926-A9DA-91F1BC98539E}.Debug|Any CPU.ActiveCfg = Debug|Any CPU
		{59604EBE-37C1-4926-A9DA-91F1BC98539E}.Debug|Any CPU.Build.0 = Debug|Any CPU
		{59604EBE-37C1-4926-A9DA-91F1BC98539E}.Debug|x64.ActiveCfg = Debug|Any CPU
		{59604EBE-37C1-4926-A9DA-91F1BC98539E}.Debug|x64.Build.0 = Debug|Any CPU
		{59604EBE-37C1-4926-A9DA-91F1BC98539E}.Debug|x86.ActiveCfg = Debug|Any CPU
		{59604EBE-37C1-4926-A9DA-91F1BC98539E}.Debug|x86.Build.0 = Debug|Any CPU
		{59604EBE-37C1-4926-A9DA-91F1BC98539E}.Release|Any CPU.ActiveCfg = Release|Any CPU
		{59604EBE-37C1-4926-A9DA-91F1BC98539E}.Release|Any CPU.Build.0 = Release|Any CPU
		{59604EBE-37C1-4926-A9DA-91F1BC98539E}.Release|x64.ActiveCfg = Release|Any CPU
		{59604EBE-37C1-4926-A9DA-91F1BC98539E}.Release|x64.Build.0 = Release|Any CPU
		{59604EBE-37C1-4926-A9DA-91F1BC98539E}.Release|x86.ActiveCfg = Release|Any CPU
		{59604EBE-37C1-4926-A9DA-91F1BC98539E}.Release|x86.Build.0 = Release|Any CPU
		{59604EBE-37C1-4926-A9DA-91F1BC98539E}.Test|Any CPU.ActiveCfg = Release|Any CPU
		{59604EBE-37C1-4926-A9DA-91F1BC98539E}.Test|Any CPU.Build.0 = Release|Any CPU
		{59604EBE-37C1-4926-A9DA-91F1BC98539E}.Test|x64.ActiveCfg = Release|Any CPU
		{59604EBE-37C1-4926-A9DA-91F1BC98539E}.Test|x64.Build.0 = Release|Any CPU
		{59604EBE-37C1-4926-A9DA-91F1BC98539E}.Test|x86.ActiveCfg = Release|Any CPU
		{59604EBE-37C1-4926-A9DA-91F1BC98539E}.Test|x86.Build.0 = Release|Any CPU
		{59604EBE-37C1-4926-A9DA-91F1BC98539E}.VS|Any CPU.ActiveCfg = VS|Any CPU
		{59604EBE-37C1-4926-A9DA-91F1BC98539E}.VS|Any CPU.Build.0 = VS|Any CPU
		{59604EBE-37C1-4926-A9DA-91F1BC98539E}.VS|x64.ActiveCfg = VS|Any CPU
		{59604EBE-37C1-4926-A9DA-91F1BC98539E}.VS|x64.Build.0 = VS|Any CPU
		{59604EBE-37C1-4926-A9DA-91F1BC98539E}.VS|x86.ActiveCfg = VS|Any CPU
		{59604EBE-37C1-4926-A9DA-91F1BC98539E}.VS|x86.Build.0 = VS|Any CPU
		{CE9410BE-546F-48D7-8C3F-3CB31FBC55A9}.Debug|Any CPU.ActiveCfg = Debug|Any CPU
		{CE9410BE-546F-48D7-8C3F-3CB31FBC55A9}.Debug|Any CPU.Build.0 = Debug|Any CPU
		{CE9410BE-546F-48D7-8C3F-3CB31FBC55A9}.Debug|x64.ActiveCfg = Debug|Any CPU
		{CE9410BE-546F-48D7-8C3F-3CB31FBC55A9}.Debug|x64.Build.0 = Debug|Any CPU
		{CE9410BE-546F-48D7-8C3F-3CB31FBC55A9}.Debug|x86.ActiveCfg = Debug|Any CPU
		{CE9410BE-546F-48D7-8C3F-3CB31FBC55A9}.Debug|x86.Build.0 = Debug|Any CPU
		{CE9410BE-546F-48D7-8C3F-3CB31FBC55A9}.Release|Any CPU.ActiveCfg = Release|Any CPU
		{CE9410BE-546F-48D7-8C3F-3CB31FBC55A9}.Release|Any CPU.Build.0 = Release|Any CPU
		{CE9410BE-546F-48D7-8C3F-3CB31FBC55A9}.Release|x64.ActiveCfg = Release|Any CPU
		{CE9410BE-546F-48D7-8C3F-3CB31FBC55A9}.Release|x64.Build.0 = Release|Any CPU
		{CE9410BE-546F-48D7-8C3F-3CB31FBC55A9}.Release|x86.ActiveCfg = Release|Any CPU
		{CE9410BE-546F-48D7-8C3F-3CB31FBC55A9}.Release|x86.Build.0 = Release|Any CPU
		{CE9410BE-546F-48D7-8C3F-3CB31FBC55A9}.Test|Any CPU.ActiveCfg = Debug|Any CPU
		{CE9410BE-546F-48D7-8C3F-3CB31FBC55A9}.Test|Any CPU.Build.0 = Debug|Any CPU
		{CE9410BE-546F-48D7-8C3F-3CB31FBC55A9}.Test|x64.ActiveCfg = Debug|Any CPU
		{CE9410BE-546F-48D7-8C3F-3CB31FBC55A9}.Test|x64.Build.0 = Debug|Any CPU
		{CE9410BE-546F-48D7-8C3F-3CB31FBC55A9}.Test|x86.ActiveCfg = Debug|Any CPU
		{CE9410BE-546F-48D7-8C3F-3CB31FBC55A9}.Test|x86.Build.0 = Debug|Any CPU
		{CE9410BE-546F-48D7-8C3F-3CB31FBC55A9}.VS|Any CPU.ActiveCfg = VS|Any CPU
		{CE9410BE-546F-48D7-8C3F-3CB31FBC55A9}.VS|Any CPU.Build.0 = VS|Any CPU
		{CE9410BE-546F-48D7-8C3F-3CB31FBC55A9}.VS|x64.ActiveCfg = VS|Any CPU
		{CE9410BE-546F-48D7-8C3F-3CB31FBC55A9}.VS|x64.Build.0 = VS|Any CPU
		{CE9410BE-546F-48D7-8C3F-3CB31FBC55A9}.VS|x86.ActiveCfg = VS|Any CPU
		{CE9410BE-546F-48D7-8C3F-3CB31FBC55A9}.VS|x86.Build.0 = VS|Any CPU
		{B76B7AB2-F685-44F5-A0B1-CC1396E62FB6}.Debug|Any CPU.ActiveCfg = Debug|Any CPU
		{B76B7AB2-F685-44F5-A0B1-CC1396E62FB6}.Debug|Any CPU.Build.0 = Debug|Any CPU
		{B76B7AB2-F685-44F5-A0B1-CC1396E62FB6}.Debug|x64.ActiveCfg = Debug|Any CPU
		{B76B7AB2-F685-44F5-A0B1-CC1396E62FB6}.Debug|x64.Build.0 = Debug|Any CPU
		{B76B7AB2-F685-44F5-A0B1-CC1396E62FB6}.Debug|x86.ActiveCfg = Debug|Any CPU
		{B76B7AB2-F685-44F5-A0B1-CC1396E62FB6}.Debug|x86.Build.0 = Debug|Any CPU
		{B76B7AB2-F685-44F5-A0B1-CC1396E62FB6}.Release|Any CPU.ActiveCfg = Release|Any CPU
		{B76B7AB2-F685-44F5-A0B1-CC1396E62FB6}.Release|Any CPU.Build.0 = Release|Any CPU
		{B76B7AB2-F685-44F5-A0B1-CC1396E62FB6}.Release|x64.ActiveCfg = Release|Any CPU
		{B76B7AB2-F685-44F5-A0B1-CC1396E62FB6}.Release|x64.Build.0 = Release|Any CPU
		{B76B7AB2-F685-44F5-A0B1-CC1396E62FB6}.Release|x86.ActiveCfg = Release|Any CPU
		{B76B7AB2-F685-44F5-A0B1-CC1396E62FB6}.Release|x86.Build.0 = Release|Any CPU
		{B76B7AB2-F685-44F5-A0B1-CC1396E62FB6}.Test|Any CPU.ActiveCfg = Debug|Any CPU
		{B76B7AB2-F685-44F5-A0B1-CC1396E62FB6}.Test|Any CPU.Build.0 = Debug|Any CPU
		{B76B7AB2-F685-44F5-A0B1-CC1396E62FB6}.Test|x64.ActiveCfg = Debug|Any CPU
		{B76B7AB2-F685-44F5-A0B1-CC1396E62FB6}.Test|x64.Build.0 = Debug|Any CPU
		{B76B7AB2-F685-44F5-A0B1-CC1396E62FB6}.Test|x86.ActiveCfg = Debug|Any CPU
		{B76B7AB2-F685-44F5-A0B1-CC1396E62FB6}.Test|x86.Build.0 = Debug|Any CPU
		{B76B7AB2-F685-44F5-A0B1-CC1396E62FB6}.VS|Any CPU.ActiveCfg = VS|Any CPU
		{B76B7AB2-F685-44F5-A0B1-CC1396E62FB6}.VS|Any CPU.Build.0 = VS|Any CPU
		{B76B7AB2-F685-44F5-A0B1-CC1396E62FB6}.VS|x64.ActiveCfg = VS|Any CPU
		{B76B7AB2-F685-44F5-A0B1-CC1396E62FB6}.VS|x64.Build.0 = VS|Any CPU
		{B76B7AB2-F685-44F5-A0B1-CC1396E62FB6}.VS|x86.ActiveCfg = VS|Any CPU
		{B76B7AB2-F685-44F5-A0B1-CC1396E62FB6}.VS|x86.Build.0 = VS|Any CPU
		{0D0B519B-47A3-4F02-A2B2-419C7337881F}.Debug|Any CPU.ActiveCfg = Debug|Any CPU
		{0D0B519B-47A3-4F02-A2B2-419C7337881F}.Debug|Any CPU.Build.0 = Debug|Any CPU
		{0D0B519B-47A3-4F02-A2B2-419C7337881F}.Debug|x64.ActiveCfg = Debug|Any CPU
		{0D0B519B-47A3-4F02-A2B2-419C7337881F}.Debug|x64.Build.0 = Debug|Any CPU
		{0D0B519B-47A3-4F02-A2B2-419C7337881F}.Debug|x86.ActiveCfg = Debug|Any CPU
		{0D0B519B-47A3-4F02-A2B2-419C7337881F}.Debug|x86.Build.0 = Debug|Any CPU
		{0D0B519B-47A3-4F02-A2B2-419C7337881F}.Release|Any CPU.ActiveCfg = Release|Any CPU
		{0D0B519B-47A3-4F02-A2B2-419C7337881F}.Release|Any CPU.Build.0 = Release|Any CPU
		{0D0B519B-47A3-4F02-A2B2-419C7337881F}.Release|x64.ActiveCfg = Release|Any CPU
		{0D0B519B-47A3-4F02-A2B2-419C7337881F}.Release|x64.Build.0 = Release|Any CPU
		{0D0B519B-47A3-4F02-A2B2-419C7337881F}.Release|x86.ActiveCfg = Release|Any CPU
		{0D0B519B-47A3-4F02-A2B2-419C7337881F}.Release|x86.Build.0 = Release|Any CPU
		{0D0B519B-47A3-4F02-A2B2-419C7337881F}.Test|Any CPU.ActiveCfg = Release|Any CPU
		{0D0B519B-47A3-4F02-A2B2-419C7337881F}.Test|Any CPU.Build.0 = Release|Any CPU
		{0D0B519B-47A3-4F02-A2B2-419C7337881F}.Test|x64.ActiveCfg = Release|Any CPU
		{0D0B519B-47A3-4F02-A2B2-419C7337881F}.Test|x64.Build.0 = Release|Any CPU
		{0D0B519B-47A3-4F02-A2B2-419C7337881F}.Test|x86.ActiveCfg = Release|Any CPU
		{0D0B519B-47A3-4F02-A2B2-419C7337881F}.Test|x86.Build.0 = Release|Any CPU
		{0D0B519B-47A3-4F02-A2B2-419C7337881F}.VS|Any CPU.ActiveCfg = VS|Any CPU
		{0D0B519B-47A3-4F02-A2B2-419C7337881F}.VS|Any CPU.Build.0 = VS|Any CPU
		{0D0B519B-47A3-4F02-A2B2-419C7337881F}.VS|x64.ActiveCfg = VS|Any CPU
		{0D0B519B-47A3-4F02-A2B2-419C7337881F}.VS|x64.Build.0 = VS|Any CPU
		{0D0B519B-47A3-4F02-A2B2-419C7337881F}.VS|x86.ActiveCfg = VS|Any CPU
		{0D0B519B-47A3-4F02-A2B2-419C7337881F}.VS|x86.Build.0 = VS|Any CPU
		{835CA822-FCF2-4824-9068-BFA2755EDF8A}.Debug|Any CPU.ActiveCfg = Debug|Any CPU
		{835CA822-FCF2-4824-9068-BFA2755EDF8A}.Debug|Any CPU.Build.0 = Debug|Any CPU
		{835CA822-FCF2-4824-9068-BFA2755EDF8A}.Debug|x64.ActiveCfg = Debug|Any CPU
		{835CA822-FCF2-4824-9068-BFA2755EDF8A}.Debug|x64.Build.0 = Debug|Any CPU
		{835CA822-FCF2-4824-9068-BFA2755EDF8A}.Debug|x86.ActiveCfg = Debug|Any CPU
		{835CA822-FCF2-4824-9068-BFA2755EDF8A}.Debug|x86.Build.0 = Debug|Any CPU
		{835CA822-FCF2-4824-9068-BFA2755EDF8A}.Release|Any CPU.ActiveCfg = Release|Any CPU
		{835CA822-FCF2-4824-9068-BFA2755EDF8A}.Release|Any CPU.Build.0 = Release|Any CPU
		{835CA822-FCF2-4824-9068-BFA2755EDF8A}.Release|x64.ActiveCfg = Release|Any CPU
		{835CA822-FCF2-4824-9068-BFA2755EDF8A}.Release|x64.Build.0 = Release|Any CPU
		{835CA822-FCF2-4824-9068-BFA2755EDF8A}.Release|x86.ActiveCfg = Release|Any CPU
		{835CA822-FCF2-4824-9068-BFA2755EDF8A}.Release|x86.Build.0 = Release|Any CPU
		{835CA822-FCF2-4824-9068-BFA2755EDF8A}.Test|Any CPU.ActiveCfg = Debug|Any CPU
		{835CA822-FCF2-4824-9068-BFA2755EDF8A}.Test|Any CPU.Build.0 = Debug|Any CPU
		{835CA822-FCF2-4824-9068-BFA2755EDF8A}.Test|x64.ActiveCfg = Debug|Any CPU
		{835CA822-FCF2-4824-9068-BFA2755EDF8A}.Test|x64.Build.0 = Debug|Any CPU
		{835CA822-FCF2-4824-9068-BFA2755EDF8A}.Test|x86.ActiveCfg = Debug|Any CPU
		{835CA822-FCF2-4824-9068-BFA2755EDF8A}.Test|x86.Build.0 = Debug|Any CPU
		{835CA822-FCF2-4824-9068-BFA2755EDF8A}.VS|Any CPU.ActiveCfg = VS|Any CPU
		{835CA822-FCF2-4824-9068-BFA2755EDF8A}.VS|Any CPU.Build.0 = VS|Any CPU
		{835CA822-FCF2-4824-9068-BFA2755EDF8A}.VS|x64.ActiveCfg = VS|Any CPU
		{835CA822-FCF2-4824-9068-BFA2755EDF8A}.VS|x64.Build.0 = VS|Any CPU
		{835CA822-FCF2-4824-9068-BFA2755EDF8A}.VS|x86.ActiveCfg = VS|Any CPU
		{835CA822-FCF2-4824-9068-BFA2755EDF8A}.VS|x86.Build.0 = VS|Any CPU
		{8B81D5DE-D95C-4955-B9D4-86700A894FD8}.Debug|Any CPU.ActiveCfg = Debug|Any CPU
		{8B81D5DE-D95C-4955-B9D4-86700A894FD8}.Debug|Any CPU.Build.0 = Debug|Any CPU
		{8B81D5DE-D95C-4955-B9D4-86700A894FD8}.Debug|x64.ActiveCfg = Debug|Any CPU
		{8B81D5DE-D95C-4955-B9D4-86700A894FD8}.Debug|x64.Build.0 = Debug|Any CPU
		{8B81D5DE-D95C-4955-B9D4-86700A894FD8}.Debug|x86.ActiveCfg = Debug|Any CPU
		{8B81D5DE-D95C-4955-B9D4-86700A894FD8}.Debug|x86.Build.0 = Debug|Any CPU
		{8B81D5DE-D95C-4955-B9D4-86700A894FD8}.Release|Any CPU.ActiveCfg = Release|Any CPU
		{8B81D5DE-D95C-4955-B9D4-86700A894FD8}.Release|Any CPU.Build.0 = Release|Any CPU
		{8B81D5DE-D95C-4955-B9D4-86700A894FD8}.Release|x64.ActiveCfg = Release|Any CPU
		{8B81D5DE-D95C-4955-B9D4-86700A894FD8}.Release|x64.Build.0 = Release|Any CPU
		{8B81D5DE-D95C-4955-B9D4-86700A894FD8}.Release|x86.ActiveCfg = Release|Any CPU
		{8B81D5DE-D95C-4955-B9D4-86700A894FD8}.Release|x86.Build.0 = Release|Any CPU
		{8B81D5DE-D95C-4955-B9D4-86700A894FD8}.Test|Any CPU.ActiveCfg = Debug|Any CPU
		{8B81D5DE-D95C-4955-B9D4-86700A894FD8}.Test|Any CPU.Build.0 = Debug|Any CPU
		{8B81D5DE-D95C-4955-B9D4-86700A894FD8}.Test|x64.ActiveCfg = Debug|Any CPU
		{8B81D5DE-D95C-4955-B9D4-86700A894FD8}.Test|x64.Build.0 = Debug|Any CPU
		{8B81D5DE-D95C-4955-B9D4-86700A894FD8}.Test|x86.ActiveCfg = Debug|Any CPU
		{8B81D5DE-D95C-4955-B9D4-86700A894FD8}.Test|x86.Build.0 = Debug|Any CPU
		{8B81D5DE-D95C-4955-B9D4-86700A894FD8}.VS|Any CPU.ActiveCfg = VS|Any CPU
		{8B81D5DE-D95C-4955-B9D4-86700A894FD8}.VS|Any CPU.Build.0 = VS|Any CPU
		{8B81D5DE-D95C-4955-B9D4-86700A894FD8}.VS|x64.ActiveCfg = VS|Any CPU
		{8B81D5DE-D95C-4955-B9D4-86700A894FD8}.VS|x64.Build.0 = VS|Any CPU
		{8B81D5DE-D95C-4955-B9D4-86700A894FD8}.VS|x86.ActiveCfg = VS|Any CPU
		{8B81D5DE-D95C-4955-B9D4-86700A894FD8}.VS|x86.Build.0 = VS|Any CPU
		{1B471D82-DA91-43C9-8A18-EB749A3B1C34}.Debug|Any CPU.ActiveCfg = Debug|Any CPU
		{1B471D82-DA91-43C9-8A18-EB749A3B1C34}.Debug|Any CPU.Build.0 = Debug|Any CPU
		{1B471D82-DA91-43C9-8A18-EB749A3B1C34}.Debug|x64.ActiveCfg = Debug|Any CPU
		{1B471D82-DA91-43C9-8A18-EB749A3B1C34}.Debug|x64.Build.0 = Debug|Any CPU
		{1B471D82-DA91-43C9-8A18-EB749A3B1C34}.Debug|x86.ActiveCfg = Debug|Any CPU
		{1B471D82-DA91-43C9-8A18-EB749A3B1C34}.Debug|x86.Build.0 = Debug|Any CPU
		{1B471D82-DA91-43C9-8A18-EB749A3B1C34}.Release|Any CPU.ActiveCfg = Release|Any CPU
		{1B471D82-DA91-43C9-8A18-EB749A3B1C34}.Release|Any CPU.Build.0 = Release|Any CPU
		{1B471D82-DA91-43C9-8A18-EB749A3B1C34}.Release|x64.ActiveCfg = Release|Any CPU
		{1B471D82-DA91-43C9-8A18-EB749A3B1C34}.Release|x64.Build.0 = Release|Any CPU
		{1B471D82-DA91-43C9-8A18-EB749A3B1C34}.Release|x86.ActiveCfg = Release|Any CPU
		{1B471D82-DA91-43C9-8A18-EB749A3B1C34}.Release|x86.Build.0 = Release|Any CPU
		{1B471D82-DA91-43C9-8A18-EB749A3B1C34}.Test|Any CPU.ActiveCfg = Debug|Any CPU
		{1B471D82-DA91-43C9-8A18-EB749A3B1C34}.Test|Any CPU.Build.0 = Debug|Any CPU
		{1B471D82-DA91-43C9-8A18-EB749A3B1C34}.Test|x64.ActiveCfg = Debug|Any CPU
		{1B471D82-DA91-43C9-8A18-EB749A3B1C34}.Test|x64.Build.0 = Debug|Any CPU
		{1B471D82-DA91-43C9-8A18-EB749A3B1C34}.Test|x86.ActiveCfg = Debug|Any CPU
		{1B471D82-DA91-43C9-8A18-EB749A3B1C34}.Test|x86.Build.0 = Debug|Any CPU
		{1B471D82-DA91-43C9-8A18-EB749A3B1C34}.VS|Any CPU.ActiveCfg = VS|Any CPU
		{1B471D82-DA91-43C9-8A18-EB749A3B1C34}.VS|Any CPU.Build.0 = VS|Any CPU
		{1B471D82-DA91-43C9-8A18-EB749A3B1C34}.VS|x64.ActiveCfg = VS|Any CPU
		{1B471D82-DA91-43C9-8A18-EB749A3B1C34}.VS|x64.Build.0 = VS|Any CPU
		{1B471D82-DA91-43C9-8A18-EB749A3B1C34}.VS|x86.ActiveCfg = VS|Any CPU
		{1B471D82-DA91-43C9-8A18-EB749A3B1C34}.VS|x86.Build.0 = VS|Any CPU
		{7A5E9246-27A1-4942-90F0-B0070379D8EA}.Debug|Any CPU.ActiveCfg = Debug|Any CPU
		{7A5E9246-27A1-4942-90F0-B0070379D8EA}.Debug|Any CPU.Build.0 = Debug|Any CPU
		{7A5E9246-27A1-4942-90F0-B0070379D8EA}.Debug|x64.ActiveCfg = Debug|Any CPU
		{7A5E9246-27A1-4942-90F0-B0070379D8EA}.Debug|x64.Build.0 = Debug|Any CPU
		{7A5E9246-27A1-4942-90F0-B0070379D8EA}.Debug|x86.ActiveCfg = Debug|Any CPU
		{7A5E9246-27A1-4942-90F0-B0070379D8EA}.Debug|x86.Build.0 = Debug|Any CPU
		{7A5E9246-27A1-4942-90F0-B0070379D8EA}.Release|Any CPU.ActiveCfg = Release|Any CPU
		{7A5E9246-27A1-4942-90F0-B0070379D8EA}.Release|Any CPU.Build.0 = Release|Any CPU
		{7A5E9246-27A1-4942-90F0-B0070379D8EA}.Release|x64.ActiveCfg = Release|Any CPU
		{7A5E9246-27A1-4942-90F0-B0070379D8EA}.Release|x64.Build.0 = Release|Any CPU
		{7A5E9246-27A1-4942-90F0-B0070379D8EA}.Release|x86.ActiveCfg = Release|Any CPU
		{7A5E9246-27A1-4942-90F0-B0070379D8EA}.Release|x86.Build.0 = Release|Any CPU
		{7A5E9246-27A1-4942-90F0-B0070379D8EA}.Test|Any CPU.ActiveCfg = Debug|Any CPU
		{7A5E9246-27A1-4942-90F0-B0070379D8EA}.Test|Any CPU.Build.0 = Debug|Any CPU
		{7A5E9246-27A1-4942-90F0-B0070379D8EA}.Test|x64.ActiveCfg = Debug|Any CPU
		{7A5E9246-27A1-4942-90F0-B0070379D8EA}.Test|x64.Build.0 = Debug|Any CPU
		{7A5E9246-27A1-4942-90F0-B0070379D8EA}.Test|x86.ActiveCfg = Debug|Any CPU
		{7A5E9246-27A1-4942-90F0-B0070379D8EA}.Test|x86.Build.0 = Debug|Any CPU
		{7A5E9246-27A1-4942-90F0-B0070379D8EA}.VS|Any CPU.ActiveCfg = VS|Any CPU
		{7A5E9246-27A1-4942-90F0-B0070379D8EA}.VS|Any CPU.Build.0 = VS|Any CPU
		{7A5E9246-27A1-4942-90F0-B0070379D8EA}.VS|x64.ActiveCfg = VS|Any CPU
		{7A5E9246-27A1-4942-90F0-B0070379D8EA}.VS|x64.Build.0 = VS|Any CPU
		{7A5E9246-27A1-4942-90F0-B0070379D8EA}.VS|x86.ActiveCfg = VS|Any CPU
		{7A5E9246-27A1-4942-90F0-B0070379D8EA}.VS|x86.Build.0 = VS|Any CPU
		{B67758E4-2161-487E-B5DC-A91413ABB151}.Debug|Any CPU.ActiveCfg = Debug|Any CPU
		{B67758E4-2161-487E-B5DC-A91413ABB151}.Debug|Any CPU.Build.0 = Debug|Any CPU
		{B67758E4-2161-487E-B5DC-A91413ABB151}.Debug|x64.ActiveCfg = Debug|Any CPU
		{B67758E4-2161-487E-B5DC-A91413ABB151}.Debug|x64.Build.0 = Debug|Any CPU
		{B67758E4-2161-487E-B5DC-A91413ABB151}.Debug|x86.ActiveCfg = Debug|Any CPU
		{B67758E4-2161-487E-B5DC-A91413ABB151}.Debug|x86.Build.0 = Debug|Any CPU
		{B67758E4-2161-487E-B5DC-A91413ABB151}.Release|Any CPU.ActiveCfg = Release|Any CPU
		{B67758E4-2161-487E-B5DC-A91413ABB151}.Release|Any CPU.Build.0 = Release|Any CPU
		{B67758E4-2161-487E-B5DC-A91413ABB151}.Release|x64.ActiveCfg = Release|Any CPU
		{B67758E4-2161-487E-B5DC-A91413ABB151}.Release|x64.Build.0 = Release|Any CPU
		{B67758E4-2161-487E-B5DC-A91413ABB151}.Release|x86.ActiveCfg = Release|Any CPU
		{B67758E4-2161-487E-B5DC-A91413ABB151}.Release|x86.Build.0 = Release|Any CPU
		{B67758E4-2161-487E-B5DC-A91413ABB151}.Test|Any CPU.ActiveCfg = Debug|Any CPU
		{B67758E4-2161-487E-B5DC-A91413ABB151}.Test|Any CPU.Build.0 = Debug|Any CPU
		{B67758E4-2161-487E-B5DC-A91413ABB151}.Test|x64.ActiveCfg = Debug|Any CPU
		{B67758E4-2161-487E-B5DC-A91413ABB151}.Test|x64.Build.0 = Debug|Any CPU
		{B67758E4-2161-487E-B5DC-A91413ABB151}.Test|x86.ActiveCfg = Debug|Any CPU
		{B67758E4-2161-487E-B5DC-A91413ABB151}.Test|x86.Build.0 = Debug|Any CPU
		{B67758E4-2161-487E-B5DC-A91413ABB151}.VS|Any CPU.ActiveCfg = VS|Any CPU
		{B67758E4-2161-487E-B5DC-A91413ABB151}.VS|Any CPU.Build.0 = VS|Any CPU
		{B67758E4-2161-487E-B5DC-A91413ABB151}.VS|x64.ActiveCfg = VS|Any CPU
		{B67758E4-2161-487E-B5DC-A91413ABB151}.VS|x64.Build.0 = VS|Any CPU
		{B67758E4-2161-487E-B5DC-A91413ABB151}.VS|x86.ActiveCfg = VS|Any CPU
		{B67758E4-2161-487E-B5DC-A91413ABB151}.VS|x86.Build.0 = VS|Any CPU
		{56E752C2-865A-45B4-823E-C16C80476112}.Debug|Any CPU.ActiveCfg = Debug|Any CPU
		{56E752C2-865A-45B4-823E-C16C80476112}.Debug|Any CPU.Build.0 = Debug|Any CPU
		{56E752C2-865A-45B4-823E-C16C80476112}.Debug|x64.ActiveCfg = Debug|Any CPU
		{56E752C2-865A-45B4-823E-C16C80476112}.Debug|x64.Build.0 = Debug|Any CPU
		{56E752C2-865A-45B4-823E-C16C80476112}.Debug|x86.ActiveCfg = Debug|Any CPU
		{56E752C2-865A-45B4-823E-C16C80476112}.Debug|x86.Build.0 = Debug|Any CPU
		{56E752C2-865A-45B4-823E-C16C80476112}.Release|Any CPU.ActiveCfg = Release|Any CPU
		{56E752C2-865A-45B4-823E-C16C80476112}.Release|Any CPU.Build.0 = Release|Any CPU
		{56E752C2-865A-45B4-823E-C16C80476112}.Release|x64.ActiveCfg = Release|Any CPU
		{56E752C2-865A-45B4-823E-C16C80476112}.Release|x64.Build.0 = Release|Any CPU
		{56E752C2-865A-45B4-823E-C16C80476112}.Release|x86.ActiveCfg = Release|Any CPU
		{56E752C2-865A-45B4-823E-C16C80476112}.Release|x86.Build.0 = Release|Any CPU
		{56E752C2-865A-45B4-823E-C16C80476112}.Test|Any CPU.ActiveCfg = Debug|Any CPU
		{56E752C2-865A-45B4-823E-C16C80476112}.Test|Any CPU.Build.0 = Debug|Any CPU
		{56E752C2-865A-45B4-823E-C16C80476112}.Test|x64.ActiveCfg = Debug|Any CPU
		{56E752C2-865A-45B4-823E-C16C80476112}.Test|x64.Build.0 = Debug|Any CPU
		{56E752C2-865A-45B4-823E-C16C80476112}.Test|x86.ActiveCfg = Debug|Any CPU
		{56E752C2-865A-45B4-823E-C16C80476112}.Test|x86.Build.0 = Debug|Any CPU
		{56E752C2-865A-45B4-823E-C16C80476112}.VS|Any CPU.ActiveCfg = VS|Any CPU
		{56E752C2-865A-45B4-823E-C16C80476112}.VS|Any CPU.Build.0 = VS|Any CPU
		{56E752C2-865A-45B4-823E-C16C80476112}.VS|x64.ActiveCfg = VS|Any CPU
		{56E752C2-865A-45B4-823E-C16C80476112}.VS|x64.Build.0 = VS|Any CPU
		{56E752C2-865A-45B4-823E-C16C80476112}.VS|x86.ActiveCfg = VS|Any CPU
		{56E752C2-865A-45B4-823E-C16C80476112}.VS|x86.Build.0 = VS|Any CPU
		{A9D29F74-C6F0-43A4-BDC5-0F7FF4DB6F5E}.Debug|Any CPU.ActiveCfg = Debug|Any CPU
		{A9D29F74-C6F0-43A4-BDC5-0F7FF4DB6F5E}.Debug|Any CPU.Build.0 = Debug|Any CPU
		{A9D29F74-C6F0-43A4-BDC5-0F7FF4DB6F5E}.Debug|x64.ActiveCfg = Debug|Any CPU
		{A9D29F74-C6F0-43A4-BDC5-0F7FF4DB6F5E}.Debug|x64.Build.0 = Debug|Any CPU
		{A9D29F74-C6F0-43A4-BDC5-0F7FF4DB6F5E}.Debug|x86.ActiveCfg = Debug|Any CPU
		{A9D29F74-C6F0-43A4-BDC5-0F7FF4DB6F5E}.Debug|x86.Build.0 = Debug|Any CPU
		{A9D29F74-C6F0-43A4-BDC5-0F7FF4DB6F5E}.Release|Any CPU.ActiveCfg = Release|Any CPU
		{A9D29F74-C6F0-43A4-BDC5-0F7FF4DB6F5E}.Release|Any CPU.Build.0 = Release|Any CPU
		{A9D29F74-C6F0-43A4-BDC5-0F7FF4DB6F5E}.Release|x64.ActiveCfg = Release|Any CPU
		{A9D29F74-C6F0-43A4-BDC5-0F7FF4DB6F5E}.Release|x64.Build.0 = Release|Any CPU
		{A9D29F74-C6F0-43A4-BDC5-0F7FF4DB6F5E}.Release|x86.ActiveCfg = Release|Any CPU
		{A9D29F74-C6F0-43A4-BDC5-0F7FF4DB6F5E}.Release|x86.Build.0 = Release|Any CPU
		{A9D29F74-C6F0-43A4-BDC5-0F7FF4DB6F5E}.Test|Any CPU.ActiveCfg = Debug|Any CPU
		{A9D29F74-C6F0-43A4-BDC5-0F7FF4DB6F5E}.Test|Any CPU.Build.0 = Debug|Any CPU
		{A9D29F74-C6F0-43A4-BDC5-0F7FF4DB6F5E}.Test|x64.ActiveCfg = Debug|Any CPU
		{A9D29F74-C6F0-43A4-BDC5-0F7FF4DB6F5E}.Test|x64.Build.0 = Debug|Any CPU
		{A9D29F74-C6F0-43A4-BDC5-0F7FF4DB6F5E}.Test|x86.ActiveCfg = Debug|Any CPU
		{A9D29F74-C6F0-43A4-BDC5-0F7FF4DB6F5E}.Test|x86.Build.0 = Debug|Any CPU
		{A9D29F74-C6F0-43A4-BDC5-0F7FF4DB6F5E}.VS|Any CPU.ActiveCfg = VS|Any CPU
		{A9D29F74-C6F0-43A4-BDC5-0F7FF4DB6F5E}.VS|Any CPU.Build.0 = VS|Any CPU
		{A9D29F74-C6F0-43A4-BDC5-0F7FF4DB6F5E}.VS|x64.ActiveCfg = VS|Any CPU
		{A9D29F74-C6F0-43A4-BDC5-0F7FF4DB6F5E}.VS|x64.Build.0 = VS|Any CPU
		{A9D29F74-C6F0-43A4-BDC5-0F7FF4DB6F5E}.VS|x86.ActiveCfg = VS|Any CPU
		{A9D29F74-C6F0-43A4-BDC5-0F7FF4DB6F5E}.VS|x86.Build.0 = VS|Any CPU
		{702C3C26-2103-4C36-8878-9D92CFBE67E0}.Debug|Any CPU.ActiveCfg = Debug|Any CPU
		{702C3C26-2103-4C36-8878-9D92CFBE67E0}.Debug|Any CPU.Build.0 = Debug|Any CPU
		{702C3C26-2103-4C36-8878-9D92CFBE67E0}.Debug|x64.ActiveCfg = Debug|Any CPU
		{702C3C26-2103-4C36-8878-9D92CFBE67E0}.Debug|x64.Build.0 = Debug|Any CPU
		{702C3C26-2103-4C36-8878-9D92CFBE67E0}.Debug|x86.ActiveCfg = Debug|Any CPU
		{702C3C26-2103-4C36-8878-9D92CFBE67E0}.Debug|x86.Build.0 = Debug|Any CPU
		{702C3C26-2103-4C36-8878-9D92CFBE67E0}.Release|Any CPU.ActiveCfg = Release|Any CPU
		{702C3C26-2103-4C36-8878-9D92CFBE67E0}.Release|Any CPU.Build.0 = Release|Any CPU
		{702C3C26-2103-4C36-8878-9D92CFBE67E0}.Release|x64.ActiveCfg = Release|Any CPU
		{702C3C26-2103-4C36-8878-9D92CFBE67E0}.Release|x64.Build.0 = Release|Any CPU
		{702C3C26-2103-4C36-8878-9D92CFBE67E0}.Release|x86.ActiveCfg = Release|Any CPU
		{702C3C26-2103-4C36-8878-9D92CFBE67E0}.Release|x86.Build.0 = Release|Any CPU
		{702C3C26-2103-4C36-8878-9D92CFBE67E0}.Test|Any CPU.ActiveCfg = Debug|Any CPU
		{702C3C26-2103-4C36-8878-9D92CFBE67E0}.Test|Any CPU.Build.0 = Debug|Any CPU
		{702C3C26-2103-4C36-8878-9D92CFBE67E0}.Test|x64.ActiveCfg = Debug|Any CPU
		{702C3C26-2103-4C36-8878-9D92CFBE67E0}.Test|x64.Build.0 = Debug|Any CPU
		{702C3C26-2103-4C36-8878-9D92CFBE67E0}.Test|x86.ActiveCfg = Debug|Any CPU
		{702C3C26-2103-4C36-8878-9D92CFBE67E0}.Test|x86.Build.0 = Debug|Any CPU
		{702C3C26-2103-4C36-8878-9D92CFBE67E0}.VS|Any CPU.ActiveCfg = VS|Any CPU
		{702C3C26-2103-4C36-8878-9D92CFBE67E0}.VS|Any CPU.Build.0 = VS|Any CPU
		{702C3C26-2103-4C36-8878-9D92CFBE67E0}.VS|x64.ActiveCfg = VS|Any CPU
		{702C3C26-2103-4C36-8878-9D92CFBE67E0}.VS|x64.Build.0 = VS|Any CPU
		{702C3C26-2103-4C36-8878-9D92CFBE67E0}.VS|x86.ActiveCfg = VS|Any CPU
		{702C3C26-2103-4C36-8878-9D92CFBE67E0}.VS|x86.Build.0 = VS|Any CPU
		{452F3BD2-2561-46F5-9086-28E92CD18C2F}.Debug|Any CPU.ActiveCfg = Debug|Any CPU
		{452F3BD2-2561-46F5-9086-28E92CD18C2F}.Debug|Any CPU.Build.0 = Debug|Any CPU
		{452F3BD2-2561-46F5-9086-28E92CD18C2F}.Debug|x64.ActiveCfg = Debug|Any CPU
		{452F3BD2-2561-46F5-9086-28E92CD18C2F}.Debug|x64.Build.0 = Debug|Any CPU
		{452F3BD2-2561-46F5-9086-28E92CD18C2F}.Debug|x86.ActiveCfg = Debug|Any CPU
		{452F3BD2-2561-46F5-9086-28E92CD18C2F}.Debug|x86.Build.0 = Debug|Any CPU
		{452F3BD2-2561-46F5-9086-28E92CD18C2F}.Release|Any CPU.ActiveCfg = Release|Any CPU
		{452F3BD2-2561-46F5-9086-28E92CD18C2F}.Release|Any CPU.Build.0 = Release|Any CPU
		{452F3BD2-2561-46F5-9086-28E92CD18C2F}.Release|x64.ActiveCfg = Release|Any CPU
		{452F3BD2-2561-46F5-9086-28E92CD18C2F}.Release|x64.Build.0 = Release|Any CPU
		{452F3BD2-2561-46F5-9086-28E92CD18C2F}.Release|x86.ActiveCfg = Release|Any CPU
		{452F3BD2-2561-46F5-9086-28E92CD18C2F}.Release|x86.Build.0 = Release|Any CPU
		{452F3BD2-2561-46F5-9086-28E92CD18C2F}.Test|Any CPU.ActiveCfg = Debug|Any CPU
		{452F3BD2-2561-46F5-9086-28E92CD18C2F}.Test|Any CPU.Build.0 = Debug|Any CPU
		{452F3BD2-2561-46F5-9086-28E92CD18C2F}.Test|x64.ActiveCfg = Debug|Any CPU
		{452F3BD2-2561-46F5-9086-28E92CD18C2F}.Test|x64.Build.0 = Debug|Any CPU
		{452F3BD2-2561-46F5-9086-28E92CD18C2F}.Test|x86.ActiveCfg = Debug|Any CPU
		{452F3BD2-2561-46F5-9086-28E92CD18C2F}.Test|x86.Build.0 = Debug|Any CPU
		{452F3BD2-2561-46F5-9086-28E92CD18C2F}.VS|Any CPU.ActiveCfg = VS|Any CPU
		{452F3BD2-2561-46F5-9086-28E92CD18C2F}.VS|Any CPU.Build.0 = VS|Any CPU
		{452F3BD2-2561-46F5-9086-28E92CD18C2F}.VS|x64.ActiveCfg = VS|Any CPU
		{452F3BD2-2561-46F5-9086-28E92CD18C2F}.VS|x64.Build.0 = VS|Any CPU
		{452F3BD2-2561-46F5-9086-28E92CD18C2F}.VS|x86.ActiveCfg = VS|Any CPU
		{452F3BD2-2561-46F5-9086-28E92CD18C2F}.VS|x86.Build.0 = VS|Any CPU
	EndGlobalSection
	GlobalSection(SolutionProperties) = preSolution
		HideSolutionNode = FALSE
	EndGlobalSection
	GlobalSection(NestedProjects) = preSolution
		{B09F2576-9FD0-4B32-B609-46310715F780} = {BF081B6F-A0E7-471D-9DB6-DAC3CA1F9F70}
		{4376FC21-4B9E-418B-9E8F-6BEE753DEB32} = {BF081B6F-A0E7-471D-9DB6-DAC3CA1F9F70}
		{FD422794-9212-4CE2-856F-8E7E2EADD838} = {BF081B6F-A0E7-471D-9DB6-DAC3CA1F9F70}
		{1D7790E9-8A1D-4B43-B4E7-9DF293EA984A} = {BF081B6F-A0E7-471D-9DB6-DAC3CA1F9F70}
		{6BA2D784-3ABC-4874-AB1C-3CE876B7E4E1} = {BF081B6F-A0E7-471D-9DB6-DAC3CA1F9F70}
		{25E11219-7BA1-45DD-B4AB-956074341683} = {BF081B6F-A0E7-471D-9DB6-DAC3CA1F9F70}
		{04DF8132-538B-44A9-A901-38D33DAB1887} = {BF081B6F-A0E7-471D-9DB6-DAC3CA1F9F70}
		{F44AB999-D60E-44BC-A4FD-E0EADEEEE84D} = {7C247F25-6ECC-4BDB-998A-2647AFAA4D70}
		{8E302674-B836-4852-9DF4-CEADE4196C46} = {7C247F25-6ECC-4BDB-998A-2647AFAA4D70}
		{DE7138A3-6926-4C35-A121-BC75B554ECAB} = {7C247F25-6ECC-4BDB-998A-2647AFAA4D70}
		{85E6A6DC-8EB7-4144-B423-888B52992477} = {7C247F25-6ECC-4BDB-998A-2647AFAA4D70}
		{7D2D4F46-5A88-4904-9B3B-75DCEB4592D8} = {7C247F25-6ECC-4BDB-998A-2647AFAA4D70}
		{1A315F08-D503-4074-980C-9AF5BB7AA8C8} = {7C247F25-6ECC-4BDB-998A-2647AFAA4D70}
		{2BE9B007-3937-478A-8497-3F6E1DA2AD61} = {7C247F25-6ECC-4BDB-998A-2647AFAA4D70}
		{B3DA6954-38B4-42F1-82D2-A205C25C10C1} = {CCE01854-CB6E-4A26-B8AC-009EAA914C16}
		{6041A83A-100F-4BA8-B8FC-03B9AFB5AECD} = {CCE01854-CB6E-4A26-B8AC-009EAA914C16}
		{3BEC4444-703D-49E6-9A4B-40726E679ECD} = {7C247F25-6ECC-4BDB-998A-2647AFAA4D70}
		{F6202A2E-03A5-4067-A8EC-A2592A63DA15} = {BF081B6F-A0E7-471D-9DB6-DAC3CA1F9F70}
		{9D239913-D5C3-40E5-BBF6-8876DD1C7580} = {BF081B6F-A0E7-471D-9DB6-DAC3CA1F9F70}
		{2A06696E-3ABA-47CB-83C2-E745D5C4257F} = {BF081B6F-A0E7-471D-9DB6-DAC3CA1F9F70}
		{065EDF96-7EB2-487D-B560-CD1E4794A0D8} = {FBC61816-8F3D-4749-9D2D-F72F83C149C9}
		{651390B4-5389-4C39-9079-3EA019234003} = {FBC61816-8F3D-4749-9D2D-F72F83C149C9}
		{3FB0443B-41AB-4C47-9E76-7FEF9102F19C} = {FBC61816-8F3D-4749-9D2D-F72F83C149C9}
		{4C68240F-AA6E-4C87-9C9D-3DA6392E9731} = {FBC61816-8F3D-4749-9D2D-F72F83C149C9}
		{54CDB0EE-0586-4EC1-8168-C9453F88251B} = {FBC61816-8F3D-4749-9D2D-F72F83C149C9}
		{59604EBE-37C1-4926-A9DA-91F1BC98539E} = {FBC61816-8F3D-4749-9D2D-F72F83C149C9}
		{CE9410BE-546F-48D7-8C3F-3CB31FBC55A9} = {FBC61816-8F3D-4749-9D2D-F72F83C149C9}
		{B76B7AB2-F685-44F5-A0B1-CC1396E62FB6} = {BF081B6F-A0E7-471D-9DB6-DAC3CA1F9F70}
		{0D0B519B-47A3-4F02-A2B2-419C7337881F} = {BF081B6F-A0E7-471D-9DB6-DAC3CA1F9F70}
		{835CA822-FCF2-4824-9068-BFA2755EDF8A} = {BF081B6F-A0E7-471D-9DB6-DAC3CA1F9F70}
		{8B81D5DE-D95C-4955-B9D4-86700A894FD8} = {BF081B6F-A0E7-471D-9DB6-DAC3CA1F9F70}
		{1B471D82-DA91-43C9-8A18-EB749A3B1C34} = {BF081B6F-A0E7-471D-9DB6-DAC3CA1F9F70}
		{7A5E9246-27A1-4942-90F0-B0070379D8EA} = {FBC61816-8F3D-4749-9D2D-F72F83C149C9}
		{B67758E4-2161-487E-B5DC-A91413ABB151} = {FBC61816-8F3D-4749-9D2D-F72F83C149C9}
		{56E752C2-865A-45B4-823E-C16C80476112} = {BF081B6F-A0E7-471D-9DB6-DAC3CA1F9F70}
		{A9D29F74-C6F0-43A4-BDC5-0F7FF4DB6F5E} = {BF081B6F-A0E7-471D-9DB6-DAC3CA1F9F70}
		{702C3C26-2103-4C36-8878-9D92CFBE67E0} = {BF081B6F-A0E7-471D-9DB6-DAC3CA1F9F70}
		{452F3BD2-2561-46F5-9086-28E92CD18C2F} = {BF081B6F-A0E7-471D-9DB6-DAC3CA1F9F70}
	EndGlobalSection
	GlobalSection(ExtensibilityGlobals) = postSolution
		SolutionGuid = {0C032AA3-E5A5-4540-A686-4DB6E2AAB4AE}
	EndGlobalSection
EndGlobal
